{
  "version": 4,
  "terraform_version": "1.14.3",
  "serial": 976,
  "lineage": "3847de77-2454-19e8-fadf-80602cd0fd39",
  "outputs": {
    "current_growl_secret": {
      "value": "yx4fIvGVIWHvxSx9oaJESS9QB3EvkazV",
      "type": "string",
      "sensitive": true
    },
    "edo_acm_cert_arn": {
      "value": "arn:aws:acm:us-east-1:891377135193:certificate/2152826c-2efd-4bc2-8388-ce80f4e7b156",
      "type": "string"
    },
    "edo_alb_dns_name": {
      "value": "edo-alb01-64526109.ap-northeast-1.elb.amazonaws.com",
      "type": "string"
    },
    "edo_alb_logs_bucket_name": {
      "value": "edo-alb-logs-lh-891377135193",
      "type": "string"
    },
    "edo_apex_url_https": {
      "value": "https://larrryharrisaws.com",
      "type": "string"
    },
    "edo_app_fqdn": {
      "value": "app.larrryharrisaws.com",
      "type": "string"
    },
    "edo_app_url_https": {
      "value": "https://app.larrryharrisaws.com",
      "type": "string"
    },
    "edo_dashboard_name": {
      "value": "edo-dashboard01",
      "type": "string"
    },
    "edo_log_group_name": {
      "value": "/aws/ec2/edo-rds-app",
      "type": "string"
    },
    "edo_private_subnet_ids": {
      "value": [
        "subnet-0cfdc7c71090c244d",
        "subnet-08168d025c22213f5",
        "subnet-08141a3c624b3dbea"
      ],
      "type": [
        "tuple",
        [
          "string",
          "string",
          "string"
        ]
      ]
    },
    "edo_public_subnet_ids": {
      "value": [
        "subnet-0048df094497b054e",
        "subnet-02205f870c70f9288",
        "subnet-071bb09f495bb2bd6"
      ],
      "type": [
        "tuple",
        [
          "string",
          "string",
          "string"
        ]
      ]
    },
    "edo_rds_endpoint": {
      "value": "edo-rds01.c9akgwocs3g5.ap-northeast-1.rds.amazonaws.com",
      "type": "string"
    },
    "edo_route53_zone_id": {
      "value": "Z0825167K1N04S2RCG6V",
      "type": "string"
    },
    "edo_sns_topic_arn": {
      "value": "arn:aws:sns:ap-northeast-1:891377135193:edo-db-incidents",
      "type": "string"
    },
    "edo_target_group_arn": {
      "value": "arn:aws:elasticloadbalancing:ap-northeast-1:891377135193:targetgroup/edo-tg01/05f60201a2cc9fc2",
      "type": "string"
    },
    "edo_vpc_id": {
      "value": "vpc-001f81913f53f1175",
      "type": "string"
    },
    "edo_vpce_logs_id": {
      "value": "vpce-043b55bcf1b0d8a0d",
      "type": "string"
    },
    "edo_vpce_s3_id": {
      "value": "vpce-072ea78f74c4f1054",
      "type": "string"
    },
    "edo_vpce_secrets_id": {
      "value": "vpce-0767db4a1196792e2",
      "type": "string"
    },
    "edo_vpce_ssm_id": {
      "value": "vpce-09b36b8dc7303fd96",
      "type": "string"
    },
    "edo_waf_arn": {
      "value": "arn:aws:wafv2:us-east-1:891377135193:global/webacl/edo-cf-waf01/b647d228-d007-455c-ad56-03ecfe8fbfdd",
      "type": "string"
    },
    "edo_waf_cw_log_group_name": {
      "value": "aws-waf-logs-edo-webacl01",
      "type": "string"
    },
    "edo_waf_log_destination": {
      "value": "cloudwatch",
      "type": "string"
    }
  },
  "resources": [
    {
      "mode": "data",
      "type": "aws_caller_identity",
      "name": "edo_self01",
      "provider": "provider[\"registry.terraform.io/hashicorp/aws\"]",
      "instances": [
        {
          "schema_version": 0,
          "attributes": {
            "account_id": "891377135193",
            "arn": "arn:aws:iam::891377135193:user/AWSCLI",
            "id": "891377135193",
            "user_id": "AIDA47CRXVZMTO7B3O726"
          },
          "sensitive_attributes": [],
          "identity_schema_version": 0
        }
      ]
    },
    {
      "mode": "data",
      "type": "aws_cloudfront_cache_policy",
      "name": "caching_disabled",
      "provider": "provider[\"registry.terraform.io/hashicorp/aws\"]",
      "instances": [
        {
          "schema_version": 0,
          "attributes": {
            "arn": "arn:aws:cloudfront::891377135193:cache-policy/4135ea2d-6df8-44a3-9df3-4b5a84be39ad",
            "comment": "Policy with caching disabled",
            "default_ttl": 0,
            "etag": "E23ZP02F085DFQ",
            "id": "4135ea2d-6df8-44a3-9df3-4b5a84be39ad",
            "max_ttl": 0,
            "min_ttl": 0,
            "name": "Managed-CachingDisabled",
            "parameters_in_cache_key_and_forwarded_to_origin": [
              {
                "cookies_config": [
                  {
                    "cookie_behavior": "none",
                    "cookies": []
                  }
                ],
                "enable_accept_encoding_brotli": false,
                "enable_accept_encoding_gzip": false,
                "headers_config": [
                  {
                    "header_behavior": "none",
                    "headers": []
                  }
                ],
                "query_strings_config": [
                  {
                    "query_string_behavior": "none",
                    "query_strings": []
                  }
                ]
              }
            ]
          },
          "sensitive_attributes": [],
          "identity_schema_version": 0
        }
      ]
    },
    {
      "mode": "data",
      "type": "aws_cloudfront_cache_policy",
      "name": "edo_use_origin_cache_headers01",
      "provider": "provider[\"registry.terraform.io/hashicorp/aws\"]",
      "instances": [
        {
          "schema_version": 0,
          "attributes": {
            "arn": "arn:aws:cloudfront::891377135193:cache-policy/83da9c7e-98b4-4e11-a168-04f0df8e2c65",
            "comment": "Policy for origins that return Cache-Control headers. Query strings are not included in the cache key.",
            "default_ttl": 0,
            "etag": "E23ZP02F085DFQ",
            "id": "83da9c7e-98b4-4e11-a168-04f0df8e2c65",
            "max_ttl": 31536000,
            "min_ttl": 0,
            "name": "UseOriginCacheControlHeaders",
            "parameters_in_cache_key_and_forwarded_to_origin": [
              {
                "cookies_config": [
                  {
                    "cookie_behavior": "all",
                    "cookies": []
                  }
                ],
                "enable_accept_encoding_brotli": true,
                "enable_accept_encoding_gzip": true,
                "headers_config": [
                  {
                    "header_behavior": "whitelist",
                    "headers": [
                      {
                        "items": [
                          "host",
                          "origin",
                          "x-http-method",
                          "x-http-method-override",
                          "x-method-override"
                        ]
                      }
                    ]
                  }
                ],
                "query_strings_config": [
                  {
                    "query_string_behavior": "none",
                    "query_strings": []
                  }
                ]
              }
            ]
          },
          "sensitive_attributes": [],
          "identity_schema_version": 0
        }
      ]
    },
    {
      "mode": "data",
      "type": "aws_cloudfront_cache_policy",
      "name": "edo_use_origin_cache_headers_qs01",
      "provider": "provider[\"registry.terraform.io/hashicorp/aws\"]",
      "instances": [
        {
          "schema_version": 0,
          "attributes": {
            "arn": "arn:aws:cloudfront::891377135193:cache-policy/4cc15a8a-d715-48a4-82b8-cc0b614638fe",
            "comment": "Policy for origins that return Cache-Control headers and serve different content based on values present in the query string.",
            "default_ttl": 0,
            "etag": "E23ZP02F085DFQ",
            "id": "4cc15a8a-d715-48a4-82b8-cc0b614638fe",
            "max_ttl": 31536000,
            "min_ttl": 0,
            "name": "UseOriginCacheControlHeaders-QueryStrings",
            "parameters_in_cache_key_and_forwarded_to_origin": [
              {
                "cookies_config": [
                  {
                    "cookie_behavior": "all",
                    "cookies": []
                  }
                ],
                "enable_accept_encoding_brotli": true,
                "enable_accept_encoding_gzip": true,
                "headers_config": [
                  {
                    "header_behavior": "whitelist",
                    "headers": [
                      {
                        "items": [
                          "host",
                          "origin",
                          "x-http-method",
                          "x-http-method-override",
                          "x-method-override"
                        ]
                      }
                    ]
                  }
                ],
                "query_strings_config": [
                  {
                    "query_string_behavior": "all",
                    "query_strings": []
                  }
                ]
              }
            ]
          },
          "sensitive_attributes": [],
          "identity_schema_version": 0
        }
      ]
    },
    {
      "mode": "data",
      "type": "aws_cloudfront_origin_request_policy",
      "name": "edo_orp_all_viewer01",
      "provider": "provider[\"registry.terraform.io/hashicorp/aws\"]",
      "instances": [
        {
          "schema_version": 0,
          "attributes": {
            "arn": "arn:aws:cloudfront::891377135193:origin-request-policy/216adef6-5c7f-47e4-b989-5492eafa07d3",
            "comment": "Policy to forward all parameters in viewer requests",
            "cookies_config": [
              {
                "cookie_behavior": "all",
                "cookies": []
              }
            ],
            "etag": "E23ZP02F085DFQ",
            "headers_config": [
              {
                "header_behavior": "allViewer",
                "headers": []
              }
            ],
            "id": "216adef6-5c7f-47e4-b989-5492eafa07d3",
            "name": "Managed-AllViewer",
            "query_strings_config": [
              {
                "query_string_behavior": "all",
                "query_strings": []
              }
            ]
          },
          "sensitive_attributes": [],
          "identity_schema_version": 0
        }
      ]
    },
    {
      "mode": "data",
      "type": "aws_cloudfront_origin_request_policy",
      "name": "edo_orp_all_viewer_except_host01",
      "provider": "provider[\"registry.terraform.io/hashicorp/aws\"]",
      "instances": [
        {
          "schema_version": 0,
          "attributes": {
            "arn": "arn:aws:cloudfront::891377135193:origin-request-policy/b689b0a8-53d0-40ab-baf2-68738e2966ac",
            "comment": "Policy to forward all parameters in viewer requests except for the Host header",
            "cookies_config": [
              {
                "cookie_behavior": "all",
                "cookies": []
              }
            ],
            "etag": "E23ZP02F085DFQ",
            "headers_config": [
              {
                "header_behavior": "allExcept",
                "headers": [
                  {
                    "items": [
                      "host"
                    ]
                  }
                ]
              }
            ],
            "id": "b689b0a8-53d0-40ab-baf2-68738e2966ac",
            "name": "Managed-AllViewerExceptHostHeader",
            "query_strings_config": [
              {
                "query_string_behavior": "all",
                "query_strings": []
              }
            ]
          },
          "sensitive_attributes": [],
          "identity_schema_version": 0
        }
      ]
    },
    {
      "mode": "data",
      "type": "aws_cloudfront_origin_request_policy",
      "name": "managed_all_viewer_except_host",
      "provider": "provider[\"registry.terraform.io/hashicorp/aws\"]",
      "instances": [
        {
          "schema_version": 0,
          "attributes": {
            "arn": "arn:aws:cloudfront::891377135193:origin-request-policy/b689b0a8-53d0-40ab-baf2-68738e2966ac",
            "comment": "Policy to forward all parameters in viewer requests except for the Host header",
            "cookies_config": [
              {
                "cookie_behavior": "all",
                "cookies": []
              }
            ],
            "etag": "E23ZP02F085DFQ",
            "headers_config": [
              {
                "header_behavior": "allExcept",
                "headers": [
                  {
                    "items": [
                      "host"
                    ]
                  }
                ]
              }
            ],
            "id": "b689b0a8-53d0-40ab-baf2-68738e2966ac",
            "name": "Managed-AllViewerExceptHostHeader",
            "query_strings_config": [
              {
                "query_string_behavior": "all",
                "query_strings": []
              }
            ]
          },
          "sensitive_attributes": [],
          "identity_schema_version": 0
        }
      ]
    },
    {
      "mode": "data",
      "type": "aws_ec2_managed_prefix_list",
      "name": "edo_cf_origin_facing01",
      "provider": "provider[\"registry.terraform.io/hashicorp/aws\"]",
      "instances": [
        {
          "schema_version": 0,
          "attributes": {
            "address_family": "IPv4",
            "arn": "arn:aws:ec2:ap-northeast-1:aws:prefix-list/pl-58a04531",
            "entries": [
              {
                "cidr": "13.124.199.0/24",
                "description": ""
              },
              {
                "cidr": "130.176.0.0/18",
                "description": ""
              },
              {
                "cidr": "130.176.128.0/21",
                "description": ""
              },
              {
                "cidr": "130.176.136.0/23",
                "description": ""
              },
              {
                "cidr": "130.176.140.0/22",
                "description": ""
              },
              {
                "cidr": "130.176.144.0/20",
                "description": ""
              },
              {
                "cidr": "130.176.160.0/19",
                "description": ""
              },
              {
                "cidr": "130.176.192.0/19",
                "description": ""
              },
              {
                "cidr": "130.176.64.0/21",
                "description": ""
              },
              {
                "cidr": "130.176.72.0/22",
                "description": ""
              },
              {
                "cidr": "130.176.76.0/24",
                "description": ""
              },
              {
                "cidr": "130.176.78.0/23",
                "description": ""
              },
              {
                "cidr": "130.176.80.0/22",
                "description": ""
              },
              {
                "cidr": "130.176.86.0/23",
                "description": ""
              },
              {
                "cidr": "130.176.88.0/21",
                "description": ""
              },
              {
                "cidr": "130.176.96.0/19",
                "description": ""
              },
              {
                "cidr": "15.158.0.0/16",
                "description": ""
              },
              {
                "cidr": "18.68.0.0/16",
                "description": ""
              },
              {
                "cidr": "204.246.166.0/24",
                "description": ""
              },
              {
                "cidr": "205.251.218.0/24",
                "description": ""
              },
              {
                "cidr": "3.172.0.0/18",
                "description": ""
              },
              {
                "cidr": "3.172.64.0/18",
                "description": ""
              },
              {
                "cidr": "3.29.57.0/26",
                "description": ""
              },
              {
                "cidr": "52.46.0.0/18",
                "description": ""
              },
              {
                "cidr": "52.82.128.0/23",
                "description": ""
              },
              {
                "cidr": "52.82.134.0/23",
                "description": ""
              },
              {
                "cidr": "54.182.128.0/20",
                "description": ""
              },
              {
                "cidr": "54.182.144.0/21",
                "description": ""
              },
              {
                "cidr": "54.182.154.0/23",
                "description": ""
              },
              {
                "cidr": "54.182.156.0/22",
                "description": ""
              },
              {
                "cidr": "54.182.160.0/21",
                "description": ""
              },
              {
                "cidr": "54.182.172.0/22",
                "description": ""
              },
              {
                "cidr": "54.182.176.0/21",
                "description": ""
              },
              {
                "cidr": "54.182.184.0/22",
                "description": ""
              },
              {
                "cidr": "54.182.188.0/23",
                "description": ""
              },
              {
                "cidr": "54.182.224.0/21",
                "description": ""
              },
              {
                "cidr": "54.182.240.0/21",
                "description": ""
              },
              {
                "cidr": "54.182.248.0/22",
                "description": ""
              },
              {
                "cidr": "54.239.134.0/23",
                "description": ""
              },
              {
                "cidr": "54.239.170.0/23",
                "description": ""
              },
              {
                "cidr": "54.239.204.0/22",
                "description": ""
              },
              {
                "cidr": "54.239.208.0/21",
                "description": ""
              },
              {
                "cidr": "64.252.128.0/18",
                "description": ""
              },
              {
                "cidr": "64.252.64.0/18",
                "description": ""
              },
              {
                "cidr": "70.132.0.0/18",
                "description": ""
              }
            ],
            "filter": null,
            "id": "pl-58a04531",
            "max_entries": 0,
            "name": "com.amazonaws.global.cloudfront.origin-facing",
            "owner_id": "AWS",
            "region": "ap-northeast-1",
            "tags": {},
            "timeouts": null,
            "version": 0
          },
          "sensitive_attributes": [],
          "identity_schema_version": 0
        }
      ]
    },
    {
      "mode": "data",
      "type": "aws_region",
      "name": "edo_region01",
      "provider": "provider[\"registry.terraform.io/hashicorp/aws\"]",
      "instances": [
        {
          "schema_version": 0,
          "attributes": {
            "description": "Asia Pacific (Tokyo)",
            "endpoint": "ec2.ap-northeast-1.amazonaws.com",
            "id": "ap-northeast-1",
            "name": "ap-northeast-1",
            "region": "ap-northeast-1"
          },
          "sensitive_attributes": [],
          "identity_schema_version": 0
        }
      ]
    },
    {
      "mode": "managed",
      "type": "aws_acm_certificate",
      "name": "edo_acm_cert01",
      "provider": "provider[\"registry.terraform.io/hashicorp/aws\"].use1",
      "instances": [
        {
          "schema_version": 0,
          "attributes": {
            "arn": "arn:aws:acm:us-east-1:891377135193:certificate/2152826c-2efd-4bc2-8388-ce80f4e7b156",
            "certificate_authority_arn": "",
            "certificate_body": null,
            "certificate_chain": null,
            "domain_name": "larrryharrisaws.com",
            "domain_validation_options": [
              {
                "domain_name": "*.larrryharrisaws.com",
                "resource_record_name": "_e68c7bf92882b94911df33d8f80cfe32.larrryharrisaws.com.",
                "resource_record_type": "CNAME",
                "resource_record_value": "_e2aedbfa9bceb029721ca9db378b34a5.jkddzztszm.acm-validations.aws."
              },
              {
                "domain_name": "larrryharrisaws.com",
                "resource_record_name": "_e68c7bf92882b94911df33d8f80cfe32.larrryharrisaws.com.",
                "resource_record_type": "CNAME",
                "resource_record_value": "_e2aedbfa9bceb029721ca9db378b34a5.jkddzztszm.acm-validations.aws."
              }
            ],
            "early_renewal_duration": "",
            "id": "arn:aws:acm:us-east-1:891377135193:certificate/2152826c-2efd-4bc2-8388-ce80f4e7b156",
            "key_algorithm": "RSA_2048",
            "not_after": "2027-02-25T23:59:59Z",
            "not_before": "2026-01-27T00:00:00Z",
            "options": [
              {
                "certificate_transparency_logging_preference": "ENABLED",
                "export": "DISABLED"
              }
            ],
            "pending_renewal": false,
            "private_key": null,
            "region": "us-east-1",
            "renewal_eligibility": "ELIGIBLE",
            "renewal_summary": [],
            "status": "ISSUED",
            "subject_alternative_names": [
              "*.larrryharrisaws.com",
              "larrryharrisaws.com"
            ],
            "tags": {
              "Name": "edo-acm-cert01"
            },
            "tags_all": {
              "Name": "edo-acm-cert01"
            },
            "type": "AMAZON_ISSUED",
            "validation_emails": [],
            "validation_method": "DNS",
            "validation_option": []
          },
          "sensitive_attributes": [
            [
              {
                "type": "get_attr",
                "value": "private_key"
              }
            ]
          ],
          "identity_schema_version": 0,
          "identity": {
            "arn": "arn:aws:acm:us-east-1:891377135193:certificate/2152826c-2efd-4bc2-8388-ce80f4e7b156"
          },
          "private": "bnVsbA=="
        }
      ]
    },
    {
      "mode": "managed",
      "type": "aws_acm_certificate_validation",
      "name": "edo_acm_validation01",
      "provider": "provider[\"registry.terraform.io/hashicorp/aws\"].us-east-1",
      "instances": [
        {
          "schema_version": 0,
          "attributes": {
            "certificate_arn": "arn:aws:acm:us-east-1:891377135193:certificate/2152826c-2efd-4bc2-8388-ce80f4e7b156",
            "id": "2026-01-27 13:48:17.746 +0000 UTC",
            "region": "us-east-1",
            "timeouts": {
              "create": "30m"
            },
            "validation_record_fqdns": [
              "_e68c7bf92882b94911df33d8f80cfe32.larrryharrisaws.com"
            ]
          },
          "sensitive_attributes": [],
          "identity_schema_version": 0,
          "private": "eyJlMmJmYjczMC1lY2FhLTExZTYtOGY4OC0zNDM2M2JjN2M0YzAiOnsiY3JlYXRlIjoxODAwMDAwMDAwMDAwfX0=",
          "dependencies": [
            "aws_acm_certificate.edo_acm_cert01",
            "aws_route53_record.edo_acm_validation_records01"
          ]
        }
      ]
    },
    {
      "mode": "managed",
      "type": "aws_autoscaling_group",
      "name": "edo_asg",
      "provider": "provider[\"registry.terraform.io/hashicorp/aws\"]",
      "instances": [
        {
          "schema_version": 1,
          "attributes": {
            "arn": "arn:aws:autoscaling:ap-northeast-1:891377135193:autoScalingGroup:40db75de-8974-47a7-9df7-73bddad9c762:autoScalingGroupName/edo-asg-20260127205955073400000003",
            "availability_zone_distribution": [
              {
                "capacity_distribution_strategy": "balanced-best-effort"
              }
            ],
            "availability_zones": [
              "ap-northeast-1a",
              "ap-northeast-1c",
              "ap-northeast-1d"
            ],
            "capacity_rebalance": false,
            "capacity_reservation_specification": [
              {
                "capacity_reservation_preference": "default",
                "capacity_reservation_target": []
              }
            ],
            "context": "",
            "default_cooldown": 300,
            "default_instance_warmup": 0,
            "desired_capacity": 6,
            "desired_capacity_type": "",
            "enabled_metrics": [
              "GroupDesiredCapacity",
              "GroupInServiceInstances",
              "GroupMaxSize",
              "GroupMinSize",
              "GroupTotalInstances"
            ],
            "force_delete": true,
            "force_delete_warm_pool": false,
            "health_check_grace_period": 300,
            "health_check_type": "ELB",
            "id": "edo-asg-20260127205955073400000003",
            "ignore_failed_scaling_activities": false,
            "initial_lifecycle_hook": [
              {
                "default_result": "CONTINUE",
                "heartbeat_timeout": 300,
                "lifecycle_transition": "autoscaling:EC2_INSTANCE_LAUNCHING",
                "name": "instance-protection-launch",
                "notification_metadata": "",
                "notification_target_arn": "",
                "role_arn": ""
              },
              {
                "default_result": "CONTINUE",
                "heartbeat_timeout": 300,
                "lifecycle_transition": "autoscaling:EC2_INSTANCE_TERMINATING",
                "name": "scale-in-protection",
                "notification_metadata": "",
                "notification_target_arn": "",
                "role_arn": ""
              }
            ],
            "instance_maintenance_policy": [],
            "instance_refresh": [],
            "launch_configuration": "",
            "launch_template": [
              {
                "id": "lt-06e17a2e5e4c86294",
                "name": "edo-LT-20260127205947273000000001",
                "version": "$Latest"
              }
            ],
            "load_balancers": [],
            "max_instance_lifetime": 0,
            "max_size": 9,
            "metrics_granularity": "1Minute",
            "min_elb_capacity": null,
            "min_size": 3,
            "mixed_instances_policy": [],
            "name": "edo-asg-20260127205955073400000003",
            "name_prefix": "edo-asg-",
            "placement_group": "",
            "predicted_capacity": 0,
            "protect_from_scale_in": false,
            "region": "ap-northeast-1",
            "service_linked_role_arn": "arn:aws:iam::891377135193:role/aws-service-role/autoscaling.amazonaws.com/AWSServiceRoleForAutoScaling",
            "suspended_processes": null,
            "tag": [
              {
                "key": "Environment",
                "propagate_at_launch": true,
                "value": "Production"
              },
              {
                "key": "Name",
                "propagate_at_launch": true,
                "value": "edo-app-instance"
              },
              {
                "key": "Project",
                "propagate_at_launch": true,
                "value": "edo"
              }
            ],
            "target_group_arns": [
              "arn:aws:elasticloadbalancing:ap-northeast-1:891377135193:targetgroup/edo-tg01/05f60201a2cc9fc2"
            ],
            "termination_policies": null,
            "timeouts": null,
            "traffic_source": [
              {
                "identifier": "arn:aws:elasticloadbalancing:ap-northeast-1:891377135193:targetgroup/edo-tg01/05f60201a2cc9fc2",
                "type": "elbv2"
              }
            ],
            "vpc_zone_identifier": [
              "subnet-08141a3c624b3dbea",
              "subnet-08168d025c22213f5",
              "subnet-0cfdc7c71090c244d"
            ],
            "wait_for_capacity_timeout": "10m",
            "wait_for_elb_capacity": null,
            "warm_pool": [],
            "warm_pool_size": 0
          },
          "sensitive_attributes": [],
          "identity_schema_version": 0,
          "private": "eyJlMmJmYjczMC1lY2FhLTExZTYtOGY4OC0zNDM2M2JjN2M0YzAiOnsiZGVsZXRlIjo2MDAwMDAwMDAwMDAsInVwZGF0ZSI6NjAwMDAwMDAwMDAwfSwic2NoZW1hX3ZlcnNpb24iOiIxIn0=",
          "dependencies": [
            "aws_launch_template.edo_LT",
            "aws_lb_target_group.edo_tg01",
            "aws_security_group.edo_ec2_sg01",
            "aws_subnet.edo_private_subnets",
            "aws_vpc.edo_vpc01"
          ]
        }
      ]
    },
    {
      "mode": "managed",
      "type": "aws_autoscaling_policy",
      "name": "edo_cpu_target_policy",
      "provider": "provider[\"registry.terraform.io/hashicorp/aws\"]",
      "instances": [
        {
          "schema_version": 0,
          "attributes": {
            "adjustment_type": "",
            "arn": "arn:aws:autoscaling:ap-northeast-1:891377135193:scalingPolicy:51cafeee-3469-4daf-ace1-9829e19e4d68:autoScalingGroupName/edo-asg-20260127205955073400000003:policyName/edo-cpu-target",
            "autoscaling_group_name": "edo-asg-20260127205955073400000003",
            "cooldown": 0,
            "enabled": true,
            "estimated_instance_warmup": 120,
            "id": "edo-cpu-target",
            "metric_aggregation_type": "",
            "min_adjustment_magnitude": 0,
            "name": "edo-cpu-target",
            "policy_type": "TargetTrackingScaling",
            "predictive_scaling_configuration": [],
            "region": "ap-northeast-1",
            "scaling_adjustment": 0,
            "step_adjustment": [],
            "target_tracking_configuration": [
              {
                "customized_metric_specification": [],
                "disable_scale_in": false,
                "predefined_metric_specification": [
                  {
                    "predefined_metric_type": "ASGAverageCPUUtilization",
                    "resource_label": ""
                  }
                ],
                "target_value": 70
              }
            ]
          },
          "sensitive_attributes": [],
          "identity_schema_version": 0,
          "private": "bnVsbA==",
          "dependencies": [
            "aws_autoscaling_group.edo_asg",
            "aws_launch_template.edo_LT",
            "aws_lb_target_group.edo_tg01",
            "aws_security_group.edo_ec2_sg01",
            "aws_subnet.edo_private_subnets",
            "aws_vpc.edo_vpc01"
          ]
        }
      ]
    },
    {
      "mode": "managed",
      "type": "aws_cloudfront_cache_policy",
      "name": "edo_cache_api_disabled01",
      "provider": "provider[\"registry.terraform.io/hashicorp/aws\"]",
      "instances": [
        {
          "schema_version": 0,
          "attributes": {
            "arn": "arn:aws:cloudfront::891377135193:cache-policy/76922906-88d1-4abd-a1ec-da0cbd279b56",
            "comment": "Disable caching for /api/* by default",
            "default_ttl": 0,
            "etag": "E23ZP02F085DFQ",
            "id": "76922906-88d1-4abd-a1ec-da0cbd279b56",
            "max_ttl": 0,
            "min_ttl": 0,
            "name": "edo-cache-api-disabled01",
            "parameters_in_cache_key_and_forwarded_to_origin": [
              {
                "cookies_config": [
                  {
                    "cookie_behavior": "none",
                    "cookies": []
                  }
                ],
                "enable_accept_encoding_brotli": false,
                "enable_accept_encoding_gzip": false,
                "headers_config": [
                  {
                    "header_behavior": "none",
                    "headers": []
                  }
                ],
                "query_strings_config": [
                  {
                    "query_string_behavior": "none",
                    "query_strings": []
                  }
                ]
              }
            ]
          },
          "sensitive_attributes": [],
          "identity_schema_version": 0,
          "private": "bnVsbA=="
        }
      ]
    },
    {
      "mode": "managed",
      "type": "aws_cloudfront_cache_policy",
      "name": "edo_cache_static01",
      "provider": "provider[\"registry.terraform.io/hashicorp/aws\"]",
      "instances": [
        {
          "schema_version": 0,
          "attributes": {
            "arn": "arn:aws:cloudfront::891377135193:cache-policy/14e896a7-2589-4751-ace5-ae7ed4caf7e7",
            "comment": "Aggressive caching for /static/*",
            "default_ttl": 86400,
            "etag": "E23ZP02F085DFQ",
            "id": "14e896a7-2589-4751-ace5-ae7ed4caf7e7",
            "max_ttl": 31536000,
            "min_ttl": 60,
            "name": "edo-cache-static01",
            "parameters_in_cache_key_and_forwarded_to_origin": [
              {
                "cookies_config": [
                  {
                    "cookie_behavior": "none",
                    "cookies": []
                  }
                ],
                "enable_accept_encoding_brotli": true,
                "enable_accept_encoding_gzip": true,
                "headers_config": [
                  {
                    "header_behavior": "none",
                    "headers": []
                  }
                ],
                "query_strings_config": [
                  {
                    "query_string_behavior": "none",
                    "query_strings": []
                  }
                ]
              }
            ]
          },
          "sensitive_attributes": [],
          "identity_schema_version": 0,
          "private": "bnVsbA=="
        }
      ]
    },
    {
      "mode": "managed",
      "type": "aws_cloudfront_distribution",
      "name": "edo_cf01",
      "provider": "provider[\"registry.terraform.io/hashicorp/aws\"]",
      "instances": [
        {
          "schema_version": 1,
          "attributes": {
            "aliases": [
              "app.larrryharrisaws.com",
              "larrryharrisaws.com",
              "www.larrryharrisaws.com"
            ],
            "anycast_ip_list_id": "",
            "arn": "arn:aws:cloudfront::891377135193:distribution/E1CID1JZDEK04P",
            "caller_reference": "terraform-20260127134806941500000001",
            "comment": "edo-cf01",
            "connection_function_association": [],
            "continuous_deployment_policy_id": "",
            "custom_error_response": [],
            "default_cache_behavior": [
              {
                "allowed_methods": [
                  "DELETE",
                  "GET",
                  "HEAD",
                  "OPTIONS",
                  "PATCH",
                  "POST",
                  "PUT"
                ],
                "cache_policy_id": "76922906-88d1-4abd-a1ec-da0cbd279b56",
                "cached_methods": [
                  "GET",
                  "HEAD"
                ],
                "compress": false,
                "default_ttl": 0,
                "field_level_encryption_id": "",
                "forwarded_values": [],
                "function_association": [],
                "grpc_config": [
                  {
                    "enabled": false
                  }
                ],
                "lambda_function_association": [],
                "max_ttl": 0,
                "min_ttl": 0,
                "origin_request_policy_id": "d667d0ac-390e-40d6-b255-a6b98e555f3b",
                "realtime_log_config_arn": "",
                "response_headers_policy_id": "",
                "smooth_streaming": false,
                "target_origin_id": "edo-alb-origin01",
                "trusted_key_groups": [],
                "trusted_signers": [],
                "viewer_protocol_policy": "redirect-to-https"
              }
            ],
            "default_root_object": "",
            "domain_name": "dsyrgqgzizz8o.cloudfront.net",
            "enabled": true,
            "etag": "E23ZP02F085DFQ",
            "hosted_zone_id": "Z2FDTNDATAQYW2",
            "http_version": "http2",
            "id": "E1CID1JZDEK04P",
            "in_progress_validation_batches": 0,
            "is_ipv6_enabled": true,
            "last_modified_time": "2026-01-27 13:48:18.471 +0000 UTC",
            "logging_config": [],
            "logging_v1_enabled": false,
            "ordered_cache_behavior": [
              {
                "allowed_methods": [
                  "GET",
                  "HEAD",
                  "OPTIONS"
                ],
                "cache_policy_id": "83da9c7e-98b4-4e11-a168-04f0df8e2c65",
                "cached_methods": [
                  "GET",
                  "HEAD"
                ],
                "compress": false,
                "default_ttl": 0,
                "field_level_encryption_id": "",
                "forwarded_values": [],
                "function_association": [],
                "grpc_config": [
                  {
                    "enabled": false
                  }
                ],
                "lambda_function_association": [],
                "max_ttl": 0,
                "min_ttl": 0,
                "origin_request_policy_id": "b689b0a8-53d0-40ab-baf2-68738e2966ac",
                "path_pattern": "/api/public-feed",
                "realtime_log_config_arn": "",
                "response_headers_policy_id": "",
                "smooth_streaming": false,
                "target_origin_id": "edo-alb-origin01",
                "trusted_key_groups": [],
                "trusted_signers": [],
                "viewer_protocol_policy": "redirect-to-https"
              },
              {
                "allowed_methods": [
                  "DELETE",
                  "GET",
                  "HEAD",
                  "OPTIONS",
                  "PATCH",
                  "POST",
                  "PUT"
                ],
                "cache_policy_id": "76922906-88d1-4abd-a1ec-da0cbd279b56",
                "cached_methods": [
                  "GET",
                  "HEAD"
                ],
                "compress": false,
                "default_ttl": 0,
                "field_level_encryption_id": "",
                "forwarded_values": [],
                "function_association": [],
                "grpc_config": [
                  {
                    "enabled": false
                  }
                ],
                "lambda_function_association": [],
                "max_ttl": 0,
                "min_ttl": 0,
                "origin_request_policy_id": "d667d0ac-390e-40d6-b255-a6b98e555f3b",
                "path_pattern": "/api/*",
                "realtime_log_config_arn": "",
                "response_headers_policy_id": "",
                "smooth_streaming": false,
                "target_origin_id": "edo-alb-origin01",
                "trusted_key_groups": [],
                "trusted_signers": [],
                "viewer_protocol_policy": "redirect-to-https"
              },
              {
                "allowed_methods": [
                  "GET",
                  "HEAD",
                  "OPTIONS"
                ],
                "cache_policy_id": "14e896a7-2589-4751-ace5-ae7ed4caf7e7",
                "cached_methods": [
                  "GET",
                  "HEAD"
                ],
                "compress": false,
                "default_ttl": 0,
                "field_level_encryption_id": "",
                "forwarded_values": [],
                "function_association": [],
                "grpc_config": [
                  {
                    "enabled": false
                  }
                ],
                "lambda_function_association": [],
                "max_ttl": 0,
                "min_ttl": 0,
                "origin_request_policy_id": "216adef6-5c7f-47e4-b989-5492eafa07d3",
                "path_pattern": "/static/*",
                "realtime_log_config_arn": "",
                "response_headers_policy_id": "e4317216-e357-435d-a679-8b64d1a48d50",
                "smooth_streaming": false,
                "target_origin_id": "edo-alb-origin01",
                "trusted_key_groups": [],
                "trusted_signers": [],
                "viewer_protocol_policy": "redirect-to-https"
              }
            ],
            "origin": [
              {
                "connection_attempts": 3,
                "connection_timeout": 10,
                "custom_header": [
                  {
                    "name": "X-edo-Growl",
                    "value": "yx4fIvGVIWHvxSx9oaJESS9QB3EvkazV"
                  }
                ],
                "custom_origin_config": [
                  {
                    "http_port": 80,
                    "https_port": 443,
                    "ip_address_type": "",
                    "origin_keepalive_timeout": 5,
                    "origin_protocol_policy": "https-only",
                    "origin_read_timeout": 30,
                    "origin_ssl_protocols": [
                      "TLSv1.2"
                    ]
                  }
                ],
                "domain_name": "edo-alb01-64526109.ap-northeast-1.elb.amazonaws.com",
                "origin_access_control_id": "",
                "origin_id": "edo-alb-origin01",
                "origin_path": "",
                "origin_shield": [],
                "response_completion_timeout": 0,
                "s3_origin_config": [],
                "vpc_origin_config": []
              }
            ],
            "origin_group": [],
            "price_class": "PriceClass_All",
            "restrictions": [
              {
                "geo_restriction": [
                  {
                    "locations": [],
                    "restriction_type": "none"
                  }
                ]
              }
            ],
            "retain_on_delete": false,
            "staging": false,
            "status": "Deployed",
            "tags": {},
            "tags_all": {},
            "trusted_key_groups": [
              {
                "enabled": false,
                "items": []
              }
            ],
            "trusted_signers": [
              {
                "enabled": false,
                "items": []
              }
            ],
            "viewer_certificate": [
              {
                "acm_certificate_arn": "arn:aws:acm:us-east-1:891377135193:certificate/2152826c-2efd-4bc2-8388-ce80f4e7b156",
                "cloudfront_default_certificate": false,
                "iam_certificate_id": "",
                "minimum_protocol_version": "TLSv1.2_2021",
                "ssl_support_method": "sni-only"
              }
            ],
            "viewer_mtls_config": [],
            "wait_for_deployment": true,
            "web_acl_id": "arn:aws:wafv2:us-east-1:891377135193:global/webacl/edo-cf-waf01/b647d228-d007-455c-ad56-03ecfe8fbfdd"
          },
          "sensitive_attributes": [
            [
              {
                "type": "get_attr",
                "value": "origin"
              }
            ]
          ],
          "identity_schema_version": 0,
          "private": "eyJzY2hlbWFfdmVyc2lvbiI6IjEifQ==",
          "dependencies": [
            "aws_acm_certificate.edo_acm_cert01",
            "aws_cloudfront_cache_policy.edo_cache_api_disabled01",
            "aws_cloudfront_cache_policy.edo_cache_static01",
            "aws_cloudfront_origin_request_policy.edo_orp_api01",
            "aws_cloudfront_response_headers_policy.edo_rsp_static01",
            "aws_lb.edo_alb01",
            "aws_s3_bucket.edo_alb_logs_bucket01",
            "aws_security_group.edo_alb_sg01",
            "aws_subnet.edo_public_subnets",
            "aws_vpc.edo_vpc01",
            "aws_wafv2_web_acl.edo_cf_waf01",
            "data.aws_cloudfront_cache_policy.edo_use_origin_cache_headers01",
            "data.aws_cloudfront_origin_request_policy.edo_orp_all_viewer01",
            "data.aws_cloudfront_origin_request_policy.edo_orp_all_viewer_except_host01",
            "random_password.edo_origin_header_value01"
          ]
        }
      ]
    },
    {
      "mode": "managed",
      "type": "aws_cloudfront_origin_request_policy",
      "name": "edo_orp_api01",
      "provider": "provider[\"registry.terraform.io/hashicorp/aws\"]",
      "instances": [
        {
          "schema_version": 0,
          "attributes": {
            "arn": "arn:aws:cloudfront::891377135193:origin-request-policy/d667d0ac-390e-40d6-b255-a6b98e555f3b",
            "comment": "Forward necessary values for API calls",
            "cookies_config": [
              {
                "cookie_behavior": "all",
                "cookies": []
              }
            ],
            "etag": "E23ZP02F085DFQ",
            "headers_config": [
              {
                "header_behavior": "whitelist",
                "headers": [
                  {
                    "items": [
                      "Content-Type",
                      "Host",
                      "Origin"
                    ]
                  }
                ]
              }
            ],
            "id": "d667d0ac-390e-40d6-b255-a6b98e555f3b",
            "name": "edo-orp-api01",
            "query_strings_config": [
              {
                "query_string_behavior": "all",
                "query_strings": []
              }
            ]
          },
          "sensitive_attributes": [],
          "identity_schema_version": 0,
          "private": "bnVsbA=="
        }
      ]
    },
    {
      "mode": "managed",
      "type": "aws_cloudfront_origin_request_policy",
      "name": "edo_orp_static01",
      "provider": "provider[\"registry.terraform.io/hashicorp/aws\"]",
      "instances": [
        {
          "schema_version": 0,
          "attributes": {
            "arn": "arn:aws:cloudfront::891377135193:origin-request-policy/b3817088-b8f2-4a3f-8e08-0e081ecb756a",
            "comment": "Minimal forwarding for static assets",
            "cookies_config": [
              {
                "cookie_behavior": "none",
                "cookies": []
              }
            ],
            "etag": "E23ZP02F085DFQ",
            "headers_config": [
              {
                "header_behavior": "none",
                "headers": []
              }
            ],
            "id": "b3817088-b8f2-4a3f-8e08-0e081ecb756a",
            "name": "edo-orp-static01",
            "query_strings_config": [
              {
                "query_string_behavior": "none",
                "query_strings": []
              }
            ]
          },
          "sensitive_attributes": [],
          "identity_schema_version": 0,
          "private": "bnVsbA=="
        }
      ]
    },
    {
      "mode": "managed",
      "type": "aws_cloudfront_response_headers_policy",
      "name": "edo_rsp_static01",
      "provider": "provider[\"registry.terraform.io/hashicorp/aws\"]",
      "instances": [
        {
          "schema_version": 0,
          "attributes": {
            "arn": "arn:aws:cloudfront::891377135193:response-headers-policy/e4317216-e357-435d-a679-8b64d1a48d50",
            "comment": "Add explicit Cache-Control for static content",
            "cors_config": [],
            "custom_headers_config": [
              {
                "items": [
                  {
                    "header": "Cache-Control",
                    "override": true,
                    "value": "public, max-age=86400, immutable"
                  }
                ]
              }
            ],
            "etag": "E23ZP02F085DFQ",
            "id": "e4317216-e357-435d-a679-8b64d1a48d50",
            "name": "edo-rsp-static01",
            "remove_headers_config": [],
            "security_headers_config": [],
            "server_timing_headers_config": []
          },
          "sensitive_attributes": [],
          "identity_schema_version": 0,
          "private": "bnVsbA=="
        }
      ]
    },
    {
      "mode": "managed",
      "type": "aws_cloudwatch_dashboard",
      "name": "edo_dashboard01",
      "provider": "provider[\"registry.terraform.io/hashicorp/aws\"]",
      "instances": [
        {
          "schema_version": 0,
          "attributes": {
            "dashboard_arn": "arn:aws:cloudwatch::891377135193:dashboard/edo-dashboard01",
            "dashboard_body": "{\"widgets\":[{\"height\":6,\"properties\":{\"metrics\":[[\"AWS/ApplicationELB\",\"RequestCount\",\"LoadBalancer\",\"app/edo-alb01/1db1477209dd7911\"],[\".\",\"HTTPCode_ELB_5XX_Count\",\".\",\"app/edo-alb01/1db1477209dd7911\"]],\"period\":300,\"region\":\"ap-northeast-1\",\"stat\":\"Sum\",\"title\":\"edo ALB: Requests + 5XX\"},\"type\":\"metric\",\"width\":12,\"x\":0,\"y\":0},{\"height\":6,\"properties\":{\"metrics\":[[\"AWS/ApplicationELB\",\"TargetResponseTime\",\"LoadBalancer\",\"app/edo-alb01/1db1477209dd7911\"]],\"period\":300,\"region\":\"ap-northeast-1\",\"stat\":\"Average\",\"title\":\"edo ALB: Target Response Time\"},\"type\":\"metric\",\"width\":12,\"x\":12,\"y\":0}]}",
            "dashboard_name": "edo-dashboard01",
            "id": "edo-dashboard01",
            "region": "ap-northeast-1"
          },
          "sensitive_attributes": [],
          "identity_schema_version": 0,
          "private": "bnVsbA==",
          "dependencies": [
            "aws_lb.edo_alb01",
            "aws_s3_bucket.edo_alb_logs_bucket01",
            "aws_security_group.edo_alb_sg01",
            "aws_subnet.edo_public_subnets",
            "aws_vpc.edo_vpc01"
          ]
        }
      ]
    },
    {
      "mode": "managed",
      "type": "aws_cloudwatch_log_group",
      "name": "edo_log_group01",
      "provider": "provider[\"registry.terraform.io/hashicorp/aws\"]",
      "instances": [
        {
          "schema_version": 0,
          "attributes": {
            "arn": "arn:aws:logs:ap-northeast-1:891377135193:log-group:/aws/ec2/edo-rds-app",
            "deletion_protection_enabled": false,
            "id": "/aws/ec2/edo-rds-app",
            "kms_key_id": "",
            "log_group_class": "STANDARD",
            "name": "/aws/ec2/edo-rds-app",
            "name_prefix": "",
            "region": "ap-northeast-1",
            "retention_in_days": 7,
            "skip_destroy": false,
            "tags": {
              "Name": "edo-log-group01"
            },
            "tags_all": {
              "Name": "edo-log-group01"
            }
          },
          "sensitive_attributes": [],
          "identity_schema_version": 0,
          "identity": {
            "account_id": "891377135193",
            "name": "/aws/ec2/edo-rds-app",
            "region": "ap-northeast-1"
          },
          "private": "bnVsbA=="
        }
      ]
    },
    {
      "mode": "managed",
      "type": "aws_cloudwatch_log_group",
      "name": "edo_waf_log_group01",
      "provider": "provider[\"registry.terraform.io/hashicorp/aws\"]",
      "instances": [
        {
          "index_key": 0,
          "schema_version": 0,
          "attributes": {
            "arn": "arn:aws:logs:ap-northeast-1:891377135193:log-group:aws-waf-logs-edo-webacl01",
            "deletion_protection_enabled": false,
            "id": "aws-waf-logs-edo-webacl01",
            "kms_key_id": "",
            "log_group_class": "STANDARD",
            "name": "aws-waf-logs-edo-webacl01",
            "name_prefix": "",
            "region": "ap-northeast-1",
            "retention_in_days": 14,
            "skip_destroy": false,
            "tags": {
              "Name": "edo-waf-log-group01"
            },
            "tags_all": {
              "Name": "edo-waf-log-group01"
            }
          },
          "sensitive_attributes": [],
          "identity_schema_version": 0,
          "identity": {
            "account_id": "891377135193",
            "name": "aws-waf-logs-edo-webacl01",
            "region": "ap-northeast-1"
          },
          "private": "bnVsbA=="
        }
      ]
    },
    {
      "mode": "managed",
      "type": "aws_cloudwatch_metric_alarm",
      "name": "edo_alb_5xx_alarm01",
      "provider": "provider[\"registry.terraform.io/hashicorp/aws\"]",
      "instances": [
        {
          "schema_version": 1,
          "attributes": {
            "actions_enabled": true,
            "alarm_actions": [
              "arn:aws:sns:ap-northeast-1:891377135193:edo-db-incidents"
            ],
            "alarm_description": "",
            "alarm_name": "edo-alb-5xx-alarm01",
            "arn": "arn:aws:cloudwatch:ap-northeast-1:891377135193:alarm:edo-alb-5xx-alarm01",
            "comparison_operator": "GreaterThanOrEqualToThreshold",
            "datapoints_to_alarm": 0,
            "dimensions": {
              "LoadBalancer": "app/edo-alb01/1db1477209dd7911"
            },
            "evaluate_low_sample_count_percentiles": "",
            "evaluation_periods": 1,
            "extended_statistic": "",
            "id": "edo-alb-5xx-alarm01",
            "insufficient_data_actions": [],
            "metric_name": "HTTPCode_ELB_5XX_Count",
            "metric_query": [],
            "namespace": "AWS/ApplicationELB",
            "ok_actions": [],
            "period": 300,
            "region": "ap-northeast-1",
            "statistic": "Sum",
            "tags": {
              "Name": "edo-alb-5xx-alarm01"
            },
            "tags_all": {
              "Name": "edo-alb-5xx-alarm01"
            },
            "threshold": 10,
            "threshold_metric_id": "",
            "treat_missing_data": "missing",
            "unit": ""
          },
          "sensitive_attributes": [],
          "identity_schema_version": 0,
          "identity": {
            "account_id": "891377135193",
            "alarm_name": "edo-alb-5xx-alarm01",
            "region": "ap-northeast-1"
          },
          "private": "eyJzY2hlbWFfdmVyc2lvbiI6IjEifQ==",
          "dependencies": [
            "aws_lb.edo_alb01",
            "aws_s3_bucket.edo_alb_logs_bucket01",
            "aws_security_group.edo_alb_sg01",
            "aws_sns_topic.edo_sns_topic01",
            "aws_subnet.edo_public_subnets",
            "aws_vpc.edo_vpc01"
          ]
        }
      ]
    },
    {
      "mode": "managed",
      "type": "aws_cloudwatch_metric_alarm",
      "name": "edo_db_alarm01",
      "provider": "provider[\"registry.terraform.io/hashicorp/aws\"]",
      "instances": [
        {
          "schema_version": 1,
          "attributes": {
            "actions_enabled": true,
            "alarm_actions": [
              "arn:aws:sns:ap-northeast-1:891377135193:edo-db-incidents"
            ],
            "alarm_description": "",
            "alarm_name": "edo-db-connection-failure",
            "arn": "arn:aws:cloudwatch:ap-northeast-1:891377135193:alarm:edo-db-connection-failure",
            "comparison_operator": "GreaterThanOrEqualToThreshold",
            "datapoints_to_alarm": 0,
            "dimensions": {},
            "evaluate_low_sample_count_percentiles": "",
            "evaluation_periods": 1,
            "extended_statistic": "",
            "id": "edo-db-connection-failure",
            "insufficient_data_actions": [],
            "metric_name": "DBConnectionErrors",
            "metric_query": [],
            "namespace": "edo/RDSApp",
            "ok_actions": [],
            "period": 300,
            "region": "ap-northeast-1",
            "statistic": "Sum",
            "tags": {
              "Name": "edo-alarm-db-fail"
            },
            "tags_all": {
              "Name": "edo-alarm-db-fail"
            },
            "threshold": 3,
            "threshold_metric_id": "",
            "treat_missing_data": "missing",
            "unit": ""
          },
          "sensitive_attributes": [],
          "identity_schema_version": 0,
          "identity": {
            "account_id": "891377135193",
            "alarm_name": "edo-db-connection-failure",
            "region": "ap-northeast-1"
          },
          "private": "eyJzY2hlbWFfdmVyc2lvbiI6IjEifQ==",
          "dependencies": [
            "aws_sns_topic.edo_sns_topic01"
          ]
        }
      ]
    },
    {
      "mode": "managed",
      "type": "aws_db_instance",
      "name": "edo_rds01",
      "provider": "provider[\"registry.terraform.io/hashicorp/aws\"]",
      "instances": [
        {
          "schema_version": 2,
          "attributes": {
            "address": "edo-rds01.c9akgwocs3g5.ap-northeast-1.rds.amazonaws.com",
            "allocated_storage": 20,
            "allow_major_version_upgrade": null,
            "apply_immediately": false,
            "arn": "arn:aws:rds:ap-northeast-1:891377135193:db:edo-rds01",
            "auto_minor_version_upgrade": true,
            "availability_zone": "ap-northeast-1d",
            "backup_retention_period": 0,
            "backup_target": "region",
            "backup_window": "14:29-14:59",
            "blue_green_update": [],
            "ca_cert_identifier": "rds-ca-rsa2048-g1",
            "character_set_name": "",
            "copy_tags_to_snapshot": false,
            "custom_iam_instance_profile": "",
            "customer_owned_ip_enabled": false,
            "database_insights_mode": "standard",
            "db_name": "labdb",
            "db_subnet_group_name": "edo-rds-subnet-group01",
            "dedicated_log_volume": false,
            "delete_automated_backups": true,
            "deletion_protection": false,
            "domain": "",
            "domain_auth_secret_arn": "",
            "domain_dns_ips": [],
            "domain_fqdn": "",
            "domain_iam_role_name": "",
            "domain_ou": "",
            "enabled_cloudwatch_logs_exports": [],
            "endpoint": "edo-rds01.c9akgwocs3g5.ap-northeast-1.rds.amazonaws.com:3306",
            "engine": "mysql",
            "engine_lifecycle_support": "open-source-rds-extended-support",
            "engine_version": "8.0.43",
            "engine_version_actual": "8.0.43",
            "final_snapshot_identifier": null,
            "hosted_zone_id": "Z24O6O9L7SGTNB",
            "iam_database_authentication_enabled": false,
            "id": "db-BD6C5KKFMWHYHGOX7RRSSKGNQA",
            "identifier": "edo-rds01",
            "identifier_prefix": "",
            "instance_class": "db.t3.micro",
            "iops": 0,
            "kms_key_id": "",
            "latest_restorable_time": "",
            "license_model": "general-public-license",
            "listener_endpoint": [],
            "maintenance_window": "sat:17:50-sat:18:20",
            "manage_master_user_password": null,
            "master_user_secret": [],
            "master_user_secret_kms_key_id": null,
            "max_allocated_storage": 0,
            "monitoring_interval": 0,
            "monitoring_role_arn": "",
            "multi_az": false,
            "nchar_character_set_name": "",
            "network_type": "IPV4",
            "option_group_name": "default:mysql-8-0",
            "parameter_group_name": "default.mysql8.0",
            "password": "Broth3rH00d",
            "password_wo": null,
            "password_wo_version": null,
            "performance_insights_enabled": false,
            "performance_insights_kms_key_id": "",
            "performance_insights_retention_period": 0,
            "port": 3306,
            "publicly_accessible": false,
            "region": "ap-northeast-1",
            "replica_mode": "",
            "replicas": [],
            "replicate_source_db": "",
            "resource_id": "db-BD6C5KKFMWHYHGOX7RRSSKGNQA",
            "restore_to_point_in_time": [],
            "s3_import": [],
            "skip_final_snapshot": true,
            "snapshot_identifier": null,
            "status": "available",
            "storage_encrypted": false,
            "storage_throughput": 0,
            "storage_type": "gp2",
            "tags": {
              "Name": "edo-rds01"
            },
            "tags_all": {
              "Name": "edo-rds01"
            },
            "timeouts": null,
            "timezone": "",
            "upgrade_rollout_order": "second",
            "upgrade_storage_config": null,
            "username": "admiral",
            "vpc_security_group_ids": [
              "sg-0a25e40dada084eeb"
            ]
          },
          "sensitive_attributes": [
            [
              {
                "type": "get_attr",
                "value": "password"
              }
            ],
            [
              {
                "type": "get_attr",
                "value": "password_wo"
              }
            ]
          ],
          "identity_schema_version": 0,
          "private": "eyJlMmJmYjczMC1lY2FhLTExZTYtOGY4OC0zNDM2M2JjN2M0YzAiOnsiY3JlYXRlIjozMDAwMDAwMDAwMDAwLCJkZWxldGUiOjM2MDAwMDAwMDAwMDAsInVwZGF0ZSI6NDgwMDAwMDAwMDAwMH0sInNjaGVtYV92ZXJzaW9uIjoiMiJ9",
          "dependencies": [
            "aws_db_subnet_group.edo_rds_subnet_group01",
            "aws_security_group.edo_rds_sg01",
            "aws_subnet.edo_private_subnets",
            "aws_vpc.edo_vpc01"
          ]
        }
      ]
    },
    {
      "mode": "managed",
      "type": "aws_db_subnet_group",
      "name": "edo_rds_subnet_group01",
      "provider": "provider[\"registry.terraform.io/hashicorp/aws\"]",
      "instances": [
        {
          "schema_version": 0,
          "attributes": {
            "arn": "arn:aws:rds:ap-northeast-1:891377135193:subgrp:edo-rds-subnet-group01",
            "description": "Managed by Terraform",
            "id": "edo-rds-subnet-group01",
            "name": "edo-rds-subnet-group01",
            "name_prefix": "",
            "region": "ap-northeast-1",
            "subnet_ids": [
              "subnet-08141a3c624b3dbea",
              "subnet-08168d025c22213f5",
              "subnet-0cfdc7c71090c244d"
            ],
            "supported_network_types": [
              "IPV4"
            ],
            "tags": {
              "Name": "edo-rds-subnet-group01"
            },
            "tags_all": {
              "Name": "edo-rds-subnet-group01"
            },
            "vpc_id": "vpc-001f81913f53f1175"
          },
          "sensitive_attributes": [],
          "identity_schema_version": 0,
          "private": "bnVsbA==",
          "dependencies": [
            "aws_subnet.edo_private_subnets",
            "aws_vpc.edo_vpc01"
          ]
        }
      ]
    },
    {
      "mode": "managed",
      "type": "aws_eip",
      "name": "edo_nat_eip01",
      "provider": "provider[\"registry.terraform.io/hashicorp/aws\"]",
      "instances": [
        {
          "schema_version": 0,
          "attributes": {
            "address": null,
            "allocation_id": "eipalloc-0be1e11f792bd556c",
            "arn": "arn:aws:ec2:ap-northeast-1:891377135193:elastic-ip/eipalloc-0be1e11f792bd556c",
            "associate_with_private_ip": null,
            "association_id": "eipassoc-0d9bdb07ff6e7438c",
            "carrier_ip": "",
            "customer_owned_ip": "",
            "customer_owned_ipv4_pool": "",
            "domain": "vpc",
            "id": "eipalloc-0be1e11f792bd556c",
            "instance": "",
            "ipam_pool_id": null,
            "network_border_group": "ap-northeast-1",
            "network_interface": "eni-0371dc8b2563ec1e6",
            "private_dns": "ip-10-81-1-124.ap-northeast-1.compute.internal",
            "private_ip": "10.81.1.124",
            "ptr_record": "",
            "public_dns": "ec2-3-115-197-115.ap-northeast-1.compute.amazonaws.com",
            "public_ip": "3.115.197.115",
            "public_ipv4_pool": "amazon",
            "region": "ap-northeast-1",
            "tags": {
              "Name": "edo-nat-eip01"
            },
            "tags_all": {
              "Name": "edo-nat-eip01"
            },
            "timeouts": null
          },
          "sensitive_attributes": [],
          "identity_schema_version": 0,
          "private": "eyJlMmJmYjczMC1lY2FhLTExZTYtOGY4OC0zNDM2M2JjN2M0YzAiOnsiZGVsZXRlIjoxODAwMDAwMDAwMDAsInJlYWQiOjkwMDAwMDAwMDAwMCwidXBkYXRlIjozMDAwMDAwMDAwMDB9fQ=="
        }
      ]
    },
    {
      "mode": "managed",
      "type": "aws_iam_instance_profile",
      "name": "edo_instance_profile01",
      "provider": "provider[\"registry.terraform.io/hashicorp/aws\"]",
      "instances": [
        {
          "schema_version": 0,
          "attributes": {
            "arn": "arn:aws:iam::891377135193:instance-profile/edo-instance-profile01",
            "create_date": "2026-01-27T13:14:37Z",
            "id": "edo-instance-profile01",
            "name": "edo-instance-profile01",
            "name_prefix": "",
            "path": "/",
            "role": "edo-ec2-role01",
            "tags": {},
            "tags_all": {},
            "unique_id": "AIPA47CRXVZM47PSBZS7N"
          },
          "sensitive_attributes": [],
          "identity_schema_version": 0,
          "private": "bnVsbA==",
          "dependencies": [
            "aws_iam_role.edo_ec2_role01"
          ]
        }
      ]
    },
    {
      "mode": "managed",
      "type": "aws_iam_policy",
      "name": "edo_leastpriv_cwlogs01",
      "provider": "provider[\"registry.terraform.io/hashicorp/aws\"]",
      "instances": [
        {
          "schema_version": 0,
          "attributes": {
            "arn": "arn:aws:iam::891377135193:policy/edo-lp-cwlogs01",
            "attachment_count": 1,
            "delay_after_policy_creation_in_ms": null,
            "description": "Least-privilege CloudWatch Logs write for the app log group",
            "id": "arn:aws:iam::891377135193:policy/edo-lp-cwlogs01",
            "name": "edo-lp-cwlogs01",
            "name_prefix": "",
            "path": "/",
            "policy": "{\"Statement\":[{\"Action\":[\"logs:CreateLogStream\",\"logs:PutLogEvents\",\"logs:DescribeLogStreams\"],\"Effect\":\"Allow\",\"Resource\":[\"arn:aws:logs:ap-northeast-1:891377135193:log-group:/aws/ec2/edo-rds-app:*\"],\"Sid\":\"WriteLogs\"}],\"Version\":\"2012-10-17\"}",
            "policy_id": "ANPA47CRXVZMZHQZWYBHQ",
            "tags": {},
            "tags_all": {}
          },
          "sensitive_attributes": [],
          "identity_schema_version": 0,
          "identity": {
            "arn": "arn:aws:iam::891377135193:policy/edo-lp-cwlogs01"
          },
          "private": "bnVsbA==",
          "dependencies": [
            "aws_cloudwatch_log_group.edo_log_group01"
          ]
        }
      ]
    },
    {
      "mode": "managed",
      "type": "aws_iam_policy",
      "name": "edo_leastpriv_read_params01",
      "provider": "provider[\"registry.terraform.io/hashicorp/aws\"]",
      "instances": [
        {
          "schema_version": 0,
          "attributes": {
            "arn": "arn:aws:iam::891377135193:policy/edo-lp-ssm-read01",
            "attachment_count": 1,
            "delay_after_policy_creation_in_ms": null,
            "description": "Least-privilege read for SSM Parameter Store under /edo/db/*",
            "id": "arn:aws:iam::891377135193:policy/edo-lp-ssm-read01",
            "name": "edo-lp-ssm-read01",
            "name_prefix": "",
            "path": "/",
            "policy": "{\"Statement\":[{\"Action\":[\"ssm:GetParameter\",\"ssm:GetParameters\",\"ssm:GetParametersByPath\"],\"Effect\":\"Allow\",\"Resource\":[\"arn:aws:ssm:ap-northeast-1:891377135193:parameter/edo/db/*\"],\"Sid\":\"ReadLabDbParams\"}],\"Version\":\"2012-10-17\"}",
            "policy_id": "ANPA47CRXVZMYLFWNWMHG",
            "tags": {},
            "tags_all": {}
          },
          "sensitive_attributes": [],
          "identity_schema_version": 0,
          "identity": {
            "arn": "arn:aws:iam::891377135193:policy/edo-lp-ssm-read01"
          },
          "private": "bnVsbA==",
          "dependencies": [
            "data.aws_caller_identity.edo_self01",
            "data.aws_region.edo_region01"
          ]
        }
      ]
    },
    {
      "mode": "managed",
      "type": "aws_iam_policy",
      "name": "edo_leastpriv_read_secret01",
      "provider": "provider[\"registry.terraform.io/hashicorp/aws\"]",
      "instances": [
        {
          "schema_version": 0,
          "attributes": {
            "arn": "arn:aws:iam::891377135193:policy/edo-lp-secrets-read01",
            "attachment_count": 1,
            "delay_after_policy_creation_in_ms": null,
            "description": "Least-privilege read for the lab DB secret",
            "id": "arn:aws:iam::891377135193:policy/edo-lp-secrets-read01",
            "name": "edo-lp-secrets-read01",
            "name_prefix": "",
            "path": "/",
            "policy": "{\"Statement\":[{\"Action\":[\"secretsmanager:GetSecretValue\",\"secretsmanager:DescribeSecret\"],\"Effect\":\"Allow\",\"Resource\":\"arn:aws:secretsmanager:ap-northeast-1:891377135193:secret:edo/rds/mysql*\",\"Sid\":\"ReadOnlyLabSecret\"}],\"Version\":\"2012-10-17\"}",
            "policy_id": "ANPA47CRXVZMSQBK7TGS6",
            "tags": {},
            "tags_all": {}
          },
          "sensitive_attributes": [],
          "identity_schema_version": 0,
          "identity": {
            "arn": "arn:aws:iam::891377135193:policy/edo-lp-secrets-read01"
          },
          "private": "bnVsbA==",
          "dependencies": [
            "data.aws_caller_identity.edo_self01",
            "data.aws_region.edo_region01"
          ]
        }
      ]
    },
    {
      "mode": "managed",
      "type": "aws_iam_role",
      "name": "edo_ec2_role01",
      "provider": "provider[\"registry.terraform.io/hashicorp/aws\"]",
      "instances": [
        {
          "schema_version": 0,
          "attributes": {
            "arn": "arn:aws:iam::891377135193:role/edo-ec2-role01",
            "assume_role_policy": "{\"Statement\":[{\"Action\":\"sts:AssumeRole\",\"Effect\":\"Allow\",\"Principal\":{\"Service\":\"ec2.amazonaws.com\"}}],\"Version\":\"2012-10-17\"}",
            "create_date": "2026-01-27T13:14:36Z",
            "description": "",
            "force_detach_policies": false,
            "id": "edo-ec2-role01",
            "inline_policy": [
              {
                "name": "secrets-manager-edo-rds",
                "policy": "{\"Version\":\"2012-10-17\",\"Statement\":[{\"Action\":[\"secretsmanager:GetSecretValue\"],\"Effect\":\"Allow\",\"Resource\":\"arn:aws:secretsmanager:us-east-1:891377135193:secret:bos/rds/mysql*\",\"Sid\":\"ReadSpecificSecret\"}]}"
              }
            ],
            "managed_policy_arns": [
              "arn:aws:iam::891377135193:policy/edo-lp-cwlogs01",
              "arn:aws:iam::891377135193:policy/edo-lp-secrets-read01",
              "arn:aws:iam::891377135193:policy/edo-lp-ssm-read01",
              "arn:aws:iam::aws:policy/AmazonSSMManagedInstanceCore",
              "arn:aws:iam::aws:policy/CloudWatchAgentServerPolicy"
            ],
            "max_session_duration": 3600,
            "name": "edo-ec2-role01",
            "name_prefix": "",
            "path": "/",
            "permissions_boundary": "",
            "tags": {},
            "tags_all": {},
            "unique_id": "AROA47CRXVZMWZV2RG4QM"
          },
          "sensitive_attributes": [],
          "identity_schema_version": 0,
          "identity": {
            "account_id": "891377135193",
            "name": "edo-ec2-role01"
          },
          "private": "bnVsbA=="
        }
      ]
    },
    {
      "mode": "managed",
      "type": "aws_iam_role_policy",
      "name": "edo_ec2_secrets_access",
      "provider": "provider[\"registry.terraform.io/hashicorp/aws\"]",
      "instances": [
        {
          "schema_version": 0,
          "attributes": {
            "id": "edo-ec2-role01:secrets-manager-edo-rds",
            "name": "secrets-manager-edo-rds",
            "name_prefix": "",
            "policy": "{\"Version\":\"2012-10-17\",\"Statement\":[{\"Action\":[\"secretsmanager:GetSecretValue\"],\"Effect\":\"Allow\",\"Resource\":\"arn:aws:secretsmanager:us-east-1:891377135193:secret:bos/rds/mysql*\",\"Sid\":\"ReadSpecificSecret\"}]}",
            "role": "edo-ec2-role01"
          },
          "sensitive_attributes": [],
          "identity_schema_version": 0,
          "identity": {
            "account_id": "891377135193",
            "name": "secrets-manager-edo-rds",
            "role": "edo-ec2-role01"
          },
          "private": "bnVsbA==",
          "dependencies": [
            "aws_iam_role.edo_ec2_role01"
          ]
        }
      ]
    },
    {
      "mode": "managed",
      "type": "aws_iam_role_policy_attachment",
      "name": "edo_attach_lp_cwlogs01",
      "provider": "provider[\"registry.terraform.io/hashicorp/aws\"]",
      "instances": [
        {
          "schema_version": 0,
          "attributes": {
            "id": "edo-ec2-role01/arn:aws:iam::891377135193:policy/edo-lp-cwlogs01",
            "policy_arn": "arn:aws:iam::891377135193:policy/edo-lp-cwlogs01",
            "role": "edo-ec2-role01"
          },
          "sensitive_attributes": [],
          "identity_schema_version": 0,
          "identity": {
            "account_id": "891377135193",
            "policy_arn": "arn:aws:iam::891377135193:policy/edo-lp-cwlogs01",
            "role": "edo-ec2-role01"
          },
          "private": "bnVsbA==",
          "dependencies": [
            "aws_cloudwatch_log_group.edo_log_group01",
            "aws_iam_policy.edo_leastpriv_cwlogs01",
            "aws_iam_role.edo_ec2_role01"
          ]
        }
      ]
    },
    {
      "mode": "managed",
      "type": "aws_iam_role_policy_attachment",
      "name": "edo_attach_lp_params01",
      "provider": "provider[\"registry.terraform.io/hashicorp/aws\"]",
      "instances": [
        {
          "schema_version": 0,
          "attributes": {
            "id": "edo-ec2-role01/arn:aws:iam::891377135193:policy/edo-lp-ssm-read01",
            "policy_arn": "arn:aws:iam::891377135193:policy/edo-lp-ssm-read01",
            "role": "edo-ec2-role01"
          },
          "sensitive_attributes": [],
          "identity_schema_version": 0,
          "identity": {
            "account_id": "891377135193",
            "policy_arn": "arn:aws:iam::891377135193:policy/edo-lp-ssm-read01",
            "role": "edo-ec2-role01"
          },
          "private": "bnVsbA==",
          "dependencies": [
            "aws_iam_policy.edo_leastpriv_read_params01",
            "aws_iam_role.edo_ec2_role01",
            "data.aws_caller_identity.edo_self01",
            "data.aws_region.edo_region01"
          ]
        }
      ]
    },
    {
      "mode": "managed",
      "type": "aws_iam_role_policy_attachment",
      "name": "edo_attach_lp_secret01",
      "provider": "provider[\"registry.terraform.io/hashicorp/aws\"]",
      "instances": [
        {
          "schema_version": 0,
          "attributes": {
            "id": "edo-ec2-role01/arn:aws:iam::891377135193:policy/edo-lp-secrets-read01",
            "policy_arn": "arn:aws:iam::891377135193:policy/edo-lp-secrets-read01",
            "role": "edo-ec2-role01"
          },
          "sensitive_attributes": [],
          "identity_schema_version": 0,
          "identity": {
            "account_id": "891377135193",
            "policy_arn": "arn:aws:iam::891377135193:policy/edo-lp-secrets-read01",
            "role": "edo-ec2-role01"
          },
          "private": "bnVsbA==",
          "dependencies": [
            "aws_iam_policy.edo_leastpriv_read_secret01",
            "aws_iam_role.edo_ec2_role01",
            "data.aws_caller_identity.edo_self01",
            "data.aws_region.edo_region01"
          ]
        }
      ]
    },
    {
      "mode": "managed",
      "type": "aws_iam_role_policy_attachment",
      "name": "edo_ec2_cw_attach",
      "provider": "provider[\"registry.terraform.io/hashicorp/aws\"]",
      "instances": [
        {
          "schema_version": 0,
          "attributes": {
            "id": "edo-ec2-role01/arn:aws:iam::aws:policy/CloudWatchAgentServerPolicy",
            "policy_arn": "arn:aws:iam::aws:policy/CloudWatchAgentServerPolicy",
            "role": "edo-ec2-role01"
          },
          "sensitive_attributes": [],
          "identity_schema_version": 0,
          "identity": {
            "account_id": "891377135193",
            "policy_arn": "arn:aws:iam::aws:policy/CloudWatchAgentServerPolicy",
            "role": "edo-ec2-role01"
          },
          "private": "bnVsbA==",
          "dependencies": [
            "aws_iam_role.edo_ec2_role01"
          ]
        }
      ]
    },
    {
      "mode": "managed",
      "type": "aws_iam_role_policy_attachment",
      "name": "edo_ec2_ssm_attach",
      "provider": "provider[\"registry.terraform.io/hashicorp/aws\"]",
      "instances": [
        {
          "schema_version": 0,
          "attributes": {
            "id": "edo-ec2-role01/arn:aws:iam::aws:policy/AmazonSSMManagedInstanceCore",
            "policy_arn": "arn:aws:iam::aws:policy/AmazonSSMManagedInstanceCore",
            "role": "edo-ec2-role01"
          },
          "sensitive_attributes": [],
          "identity_schema_version": 0,
          "identity": {
            "account_id": "891377135193",
            "policy_arn": "arn:aws:iam::aws:policy/AmazonSSMManagedInstanceCore",
            "role": "edo-ec2-role01"
          },
          "private": "bnVsbA==",
          "dependencies": [
            "aws_iam_role.edo_ec2_role01"
          ]
        }
      ]
    },
    {
      "mode": "managed",
      "type": "aws_internet_gateway",
      "name": "edo_igw01",
      "provider": "provider[\"registry.terraform.io/hashicorp/aws\"]",
      "instances": [
        {
          "schema_version": 0,
          "attributes": {
            "arn": "arn:aws:ec2:ap-northeast-1:891377135193:internet-gateway/igw-023ecfbde25481eec",
            "id": "igw-023ecfbde25481eec",
            "owner_id": "891377135193",
            "region": "ap-northeast-1",
            "tags": {
              "Name": "edo-igw01"
            },
            "tags_all": {
              "Name": "edo-igw01"
            },
            "timeouts": null,
            "vpc_id": "vpc-001f81913f53f1175"
          },
          "sensitive_attributes": [],
          "identity_schema_version": 0,
          "private": "eyJlMmJmYjczMC1lY2FhLTExZTYtOGY4OC0zNDM2M2JjN2M0YzAiOnsiY3JlYXRlIjoxMjAwMDAwMDAwMDAwLCJkZWxldGUiOjEyMDAwMDAwMDAwMDAsInVwZGF0ZSI6MTIwMDAwMDAwMDAwMH19",
          "dependencies": [
            "aws_vpc.edo_vpc01"
          ]
        }
      ]
    },
    {
      "mode": "managed",
      "type": "aws_launch_template",
      "name": "edo_LT",
      "provider": "provider[\"registry.terraform.io/hashicorp/aws\"]",
      "instances": [
        {
          "schema_version": 1,
          "attributes": {
            "arn": "arn:aws:ec2:ap-northeast-1:891377135193:launch-template/lt-06e17a2e5e4c86294",
            "block_device_mappings": [],
            "capacity_reservation_specification": [],
            "cpu_options": [],
            "credit_specification": [],
            "default_version": 1,
            "description": "",
            "disable_api_stop": false,
            "disable_api_termination": false,
            "ebs_optimized": "",
            "enclave_options": [],
            "hibernation_options": [],
            "iam_instance_profile": [],
            "id": "lt-06e17a2e5e4c86294",
            "image_id": "ami-06cce67a5893f85f9",
            "instance_initiated_shutdown_behavior": "",
            "instance_market_options": [],
            "instance_requirements": [],
            "instance_type": "t3.micro",
            "kernel_id": "",
            "key_name": "",
            "latest_version": 1,
            "license_specification": [],
            "maintenance_options": [],
            "metadata_options": [],
            "monitoring": [],
            "name": "edo-LT-20260127205947273000000001",
            "name_prefix": "edo-LT-",
            "network_interfaces": [],
            "placement": [],
            "private_dns_name_options": [],
            "ram_disk_id": "",
            "region": "ap-northeast-1",
            "security_group_names": null,
            "tag_specifications": [
              {
                "resource_type": "instance",
                "tags": {
                  "Name": "edo-instance",
                  "Owner": "Terraform",
                  "Project": "edo",
                  "Service": "web-app"
                }
              }
            ],
            "tags": null,
            "tags_all": {},
            "update_default_version": null,
            "user_data": "IyEvYmluL2Jhc2gKY2xvdWQtaW5pdCBjbGVhbgpkbmYgdXBkYXRlIC15CmRuZiBpbnN0YWxsIC15IHB5dGhvbjMtcGlwCmRuZiBpbnN0YWxsIC15IG1hcmlhZGIxMDUKcGlwMyBpbnN0YWxsIGZsYXNrIHB5bXlzcWwgYm90bzMKIyBDcmVhdGUgcHJvamVjdCBkaXJlY3RvcmllcyBhbmQgc3RhdGljIHRlc3QgZmlsZSBlYXJseQpta2RpciAtcCAvb3B0L3Jkc2FwcC9zdGF0aWMKZWNobyAiVGhpcyBpcyBhIHRlc3Qgc3RhdGljIGZpbGUgZm9yIGNhY2hpbmcgcHJvb2YuIiA+IC9vcHQvcmRzYXBwL3N0YXRpYy9leGFtcGxlLnR4dApjaG1vZCA2NDQgL29wdC9yZHNhcHAvc3RhdGljL2V4YW1wbGUudHh0CmNob3duIC1SIGVjMi11c2VyOmVjMi11c2VyIC9vcHQvcmRzYXBwICMgTWFrZSBzdXJlIEZsYXNrIGNhbiByZWFkL3dyaXRlIGxvZ3Mvc3RhdGljCm1rZGlyIC1wIC9vcHQvcmRzYXBwCmNhdCA+L29wdC9yZHNhcHAvYXBwLnB5IDw8J1BZJwppbXBvcnQganNvbgppbXBvcnQgb3MKaW1wb3J0IGJvdG8zCmltcG9ydCBweW15c3FsCmltcG9ydCBsb2dnaW5nCmltcG9ydCBkYXRldGltZQpmcm9tIGZsYXNrIGltcG9ydCBGbGFzaywgcmVxdWVzdCwganNvbmlmeQojIFNldHVwIGxvZ2dpbmcKbG9nZ2luZy5iYXNpY0NvbmZpZygKICAgIGZpbGVuYW1lPScvb3B0L3Jkc2FwcC9hcHAubG9nJywKICAgIGxldmVsPWxvZ2dpbmcuSU5GTywKICAgIGZvcm1hdD0nJShhc2N0aW1lKXMgJShsZXZlbG5hbWUpcyAlKG5hbWUpcyAlKHRocmVhZE5hbWUpcyA6ICUobWVzc2FnZSlzJwopCmxvZ2dlciA9IGxvZ2dpbmcuZ2V0TG9nZ2VyKF9fbmFtZV9fKQpSRUdJT04gPSBvcy5lbnZpcm9uLmdldCgiQVdTX1JFR0lPTiIsICJ1cy1lYXN0LTEiKQpTRUNSRVRfSUQgPSBvcy5lbnZpcm9uLmdldCgiU0VDUkVUX0lEIiwgImphcGFuL3Jkcy9teXNxbCIpCnNlY3JldHMgPSBib3RvMy5jbGllbnQoInNlY3JldHNtYW5hZ2VyIiwgcmVnaW9uX25hbWU9UkVHSU9OKQpkZWYgZ2V0X2RiX2NyZWRzKCk6CiAgICB0cnk6CiAgICAgICAgcmVzcCA9IHNlY3JldHMuZ2V0X3NlY3JldF92YWx1ZShTZWNyZXRJZD1TRUNSRVRfSUQpCiAgICAgICAgcyA9IGpzb24ubG9hZHMocmVzcFsiU2VjcmV0U3RyaW5nIl0pCiAgICAgICAgcmV0dXJuIHMKICAgIGV4Y2VwdCBFeGNlcHRpb24gYXMgZToKICAgICAgICBsb2dnZXIuZXJyb3IoZiJGYWlsZWQgdG8gcmV0cmlldmUgc2VjcmV0IHtTRUNSRVRfSUR9OiB7c3RyKGUpfSIpCiAgICAgICAgcmFpc2UKZGVmIGdldF9jb25uKCk6CiAgICBjID0gZ2V0X2RiX2NyZWRzKCkKICAgIGhvc3QgPSBjWyJob3N0Il0KICAgIHVzZXIgPSBjWyJ1c2VybmFtZSJdCiAgICBwYXNzd29yZCA9IGNbInBhc3N3b3JkIl0KICAgIHBvcnQgPSBpbnQoYy5nZXQoInBvcnQiLCAzMzA2KSkKICAgIGRiID0gYy5nZXQoImRibmFtZSIsICJsYWJkYiIpCiAgICB0cnk6CiAgICAgICAgcmV0dXJuIHB5bXlzcWwuY29ubmVjdChob3N0PWhvc3QsIHVzZXI9dXNlciwgcGFzc3dvcmQ9cGFzc3dvcmQsIHBvcnQ9cG9ydCwgZGF0YWJhc2U9ZGIsIGF1dG9jb21taXQ9VHJ1ZSkKICAgIGV4Y2VwdCBFeGNlcHRpb24gYXMgZToKICAgICAgICBsb2dnZXIuZXJyb3IoZiJEQiBjb25uZWN0aW9uIGZhaWxlZDoge3N0cihlKX0iKQogICAgICAgIHJhaXNlCmFwcCA9IEZsYXNrKF9fbmFtZV9fKQpAYXBwLnJvdXRlKCIvIikKZGVmIGhvbWUoKToKICAgIGxvZ2dlci5pbmZvKCJBY2Nlc3NlZCBob21lIHBhZ2UiKQogICAgcmV0dXJuICIiIgogICAgPGgyPkVDMiAtPiBSRFMgTm90ZXMgQXBwPC9oMj4KICAgIDxwPlBPU1QgL2FkZD9ub3RlPWhlbGxvPC9wPgogICAgPHA+R0VUIC9saXN0PC9wPgogICAgPHA+R0VUIC9hcGkvbGlzdCAoSlNPTiB2ZXJzaW9uKTwvcD4KICAgICIiIgpAYXBwLnJvdXRlKCIvaW5pdCIpCmRlZiBpbml0X2RiKCk6CiAgICBsb2dnZXIuaW5mbygiSW5pdGlhbGl6aW5nIGRhdGFiYXNlIikKICAgIGMgPSBnZXRfZGJfY3JlZHMoKQogICAgaG9zdCA9IGNbImhvc3QiXQogICAgdXNlciA9IGNbInVzZXJuYW1lIl0KICAgIHBhc3N3b3JkID0gY1sicGFzc3dvcmQiXQogICAgcG9ydCA9IGludChjLmdldCgicG9ydCIsIDMzMDYpKQogICAgdHJ5OgogICAgICAgIGNvbm4gPSBweW15c3FsLmNvbm5lY3QoaG9zdD1ob3N0LCB1c2VyPXVzZXIsIHBhc3N3b3JkPXBhc3N3b3JkLCBwb3J0PXBvcnQsIGF1dG9jb21taXQ9VHJ1ZSkKICAgICAgICBjdXIgPSBjb25uLmN1cnNvcigpCiAgICAgICAgY3VyLmV4ZWN1dGUoIkNSRUFURSBEQVRBQkFTRSBJRiBOT1QgRVhJU1RTIGxhYmRiOyIpCiAgICAgICAgY3VyLmV4ZWN1dGUoIlVTRSBsYWJkYjsiKQogICAgICAgIGN1ci5leGVjdXRlKCIiIgogICAgICAgICAgICBDUkVBVEUgVEFCTEUgSUYgTk9UIEVYSVNUUyBub3RlcyAoCiAgICAgICAgICAgICAgICBpZCBJTlQgQVVUT19JTkNSRU1FTlQgUFJJTUFSWSBLRVksCiAgICAgICAgICAgICAgICBub3RlIFZBUkNIQVIoMjU1KSBOT1QgTlVMTAogICAgICAgICAgICApOwogICAgICAgICIiIikKICAgICAgICBjdXIuY2xvc2UoKQogICAgICAgIGNvbm4uY2xvc2UoKQogICAgICAgIGxvZ2dlci5pbmZvKCJEYXRhYmFzZSBhbmQgdGFibGUgaW5pdGlhbGl6ZWQgc3VjY2Vzc2Z1bGx5IikKICAgICAgICByZXR1cm4gIkluaXRpYWxpemVkIGxhYmRiICsgbm90ZXMgdGFibGUuIgogICAgZXhjZXB0IEV4Y2VwdGlvbiBhcyBlOgogICAgICAgIGxvZ2dlci5lcnJvcihmIkRCIGluaXQgZmFpbGVkOiB7c3RyKGUpfSIpCiAgICAgICAgcmV0dXJuIGYiSW5pdGlhbGl6YXRpb24gZmFpbGVkOiB7c3RyKGUpfSIsIDUwMApAYXBwLnJvdXRlKCIvYWRkIiwgbWV0aG9kcz1bIlBPU1QiLCAiR0VUIl0pCmRlZiBhZGRfbm90ZSgpOgogICAgbm90ZSA9IHJlcXVlc3QuYXJncy5nZXQoIm5vdGUiLCAiIikuc3RyaXAoKQogICAgaWYgbm90IG5vdGU6CiAgICAgICAgbG9nZ2VyLndhcm5pbmcoIkFkZCBub3RlIHJlcXVlc3RlZCB3aXRob3V0ICdub3RlJyBwYXJhbWV0ZXIiKQogICAgICAgIHJldHVybiAiTWlzc2luZyBub3RlIHBhcmFtLiBUcnk6IC9hZGQ/bm90ZT1oZWxsbyIsIDQwMAogICAgdHJ5OgogICAgICAgIGNvbm4gPSBnZXRfY29ubigpCiAgICAgICAgY3VyID0gY29ubi5jdXJzb3IoKQogICAgICAgIGN1ci5leGVjdXRlKCJJTlNFUlQgSU5UTyBub3Rlcyhub3RlKSBWQUxVRVMoJXMpOyIsIChub3RlLCkpCiAgICAgICAgY3VyLmNsb3NlKCkKICAgICAgICBjb25uLmNsb3NlKCkKICAgICAgICBsb2dnZXIuaW5mbyhmIkluc2VydGVkIG5vdGU6IHtub3RlfSIpCiAgICAgICAgcmV0dXJuIGYiSW5zZXJ0ZWQgbm90ZToge25vdGV9IgogICAgZXhjZXB0IEV4Y2VwdGlvbiBhcyBlOgogICAgICAgIGxvZ2dlci5lcnJvcihmIkFkZCBub3RlIGZhaWxlZDoge3N0cihlKX0iKQogICAgICAgIHJldHVybiBmIkluc2VydCBmYWlsZWQ6IHtzdHIoZSl9IiwgNTAwCkBhcHAucm91dGUoIi9saXN0IikKZGVmIGxpc3Rfbm90ZXMoKToKICAgIGxvZ2dlci5pbmZvKCJMaXN0aW5nIG5vdGVzIikKICAgIHRyeToKICAgICAgICBjb25uID0gZ2V0X2Nvbm4oKQogICAgICAgIGN1ciA9IGNvbm4uY3Vyc29yKCkKICAgICAgICBjdXIuZXhlY3V0ZSgiU0VMRUNUIGlkLCBub3RlIEZST00gbm90ZXMgT1JERVIgQlkgaWQgREVTQzsiKQogICAgICAgIHJvd3MgPSBjdXIuZmV0Y2hhbGwoKQogICAgICAgIGN1ci5jbG9zZSgpCiAgICAgICAgY29ubi5jbG9zZSgpCiAgICAgICAgb3V0ID0gIjxoMz5Ob3RlczwvaDM+PHVsPiIKICAgICAgICBmb3IgciBpbiByb3dzOgogICAgICAgICAgICBvdXQgKz0gZiI8bGk+e3JbMF19OiB7clsxXX08L2xpPiIKICAgICAgICBvdXQgKz0gIjwvdWw+IgogICAgICAgIGlmIG5vdCByb3dzOgogICAgICAgICAgICBvdXQgPSAiTm8gbm90ZXMgeWV0LiIKICAgICAgICAgICAgbG9nZ2VyLmluZm8oIk5vIG5vdGVzIGZvdW5kIikKICAgICAgICBlbHNlOgogICAgICAgICAgICBsb2dnZXIuaW5mbyhmIlJldHJpZXZlZCB7bGVuKHJvd3MpfSBub3RlcyIpCiAgICAgICAgcmV0dXJuIG91dAogICAgZXhjZXB0IEV4Y2VwdGlvbiBhcyBlOgogICAgICAgIGxvZ2dlci5lcnJvcihmIkxpc3Qgbm90ZXMgZmFpbGVkOiB7c3RyKGUpfSIpCiAgICAgICAgcmV0dXJuIGYiQ2Fubm90IGxpc3Qgbm90ZXM6IHtzdHIoZSl9IiwgNTAwCiMgTmV3IEpTT04gQVBJIGVuZHBvaW50IGZvciAvYXBpL2xpc3QKQGFwcC5yb3V0ZSgiL2FwaS9saXN0IikKZGVmIGFwaV9saXN0KCk6CiAgICBsb2dnZXIuaW5mbygiQVBJIC9hcGkvbGlzdCBhY2Nlc3NlZCIpCiAgICB0cnk6CiAgICAgICAgY29ubiA9IGdldF9jb25uKCkKICAgICAgICBjdXIgPSBjb25uLmN1cnNvcigpCiAgICAgICAgY3VyLmV4ZWN1dGUoIlNFTEVDVCBpZCwgbm90ZSBGUk9NIG5vdGVzIE9SREVSIEJZIGlkIERFU0M7IikKICAgICAgICByb3dzID0gY3VyLmZldGNoYWxsKCkKICAgICAgICBjdXIuY2xvc2UoKQogICAgICAgIGNvbm4uY2xvc2UoKQogICAgICAgIHJldHVybiBqc29uaWZ5KFt7ImlkIjogclswXSwgIm5vdGUiOiByWzFdfSBmb3IgciBpbiByb3dzXSkKICAgIGV4Y2VwdCBFeGNlcHRpb24gYXMgZToKICAgICAgICBsb2dnZXIuZXJyb3IoZiJBUEkgbGlzdCBmYWlsZWQ6IHtzdHIoZSl9IikKICAgICAgICByZXR1cm4ganNvbmlmeSh7ImVycm9yIjogc3RyKGUpfSksIDUwMApAYXBwLnJvdXRlKCcvYXBpL3B1YmxpYy1mZWVkJykKZGVmIHB1YmxpY19mZWVkKCk6CiAgICBub3cgPSBkYXRldGltZS5kYXRldGltZS51dGNub3coKS5pc29mb3JtYXQoKSArICdaJwogICAgbWludXRlID0gZGF0ZXRpbWUuZGF0ZXRpbWUudXRjbm93KCkubWludXRlCiAgICBtZXNzYWdlID0gZiJNZXNzYWdlIG9mIHRoZSBtaW51dGU6IHttaW51dGU6MDJkfSAtIEZyZXNoIGZyb20gb3JpZ2luIGF0IHJlcXVlc3QgdGltZSEiCiAgICBkYXRhID0gewogICAgICAgICJzZXJ2ZXJfdGltZV91dGMiOiBub3csCiAgICAgICAgIm1lc3NhZ2Vfb2ZfdGhlX21pbnV0ZSI6IG1lc3NhZ2UsCiAgICAgICAgIm5vdGUiOiAiVGhpcyBzaG91bGQgYmUgY2FjaGVkIGJ5IENsb3VkRnJvbnQgZm9yIDMwIHNlY29uZHMgKHMtbWF4YWdlPTMwKSIKICAgIH0KICAgIHJlc3BvbnNlID0ganNvbmlmeShkYXRhKQogICAgcmVzcG9uc2UuaGVhZGVyc1snQ2FjaGUtQ29udHJvbCddID0gJ3B1YmxpYywgcy1tYXhhZ2U9MzAsIG1heC1hZ2U9MCcKICAgIGxvZ2dlci5pbmZvKGYiUHVibGljIGZlZWQgc2VydmVkOiB7bm93fSIpCiAgICByZXR1cm4gcmVzcG9uc2UKQGFwcC5yb3V0ZSgnL2FwaS9wcml2YXRlLWZlZWQnKQpkZWYgcHJpdmF0ZV9mZWVkKCk6CiAgICBub3cgPSBkYXRldGltZS5kYXRldGltZS51dGNub3coKS5pc29mb3JtYXQoKSArICdaJwogICAgZGF0YSA9IHsKICAgICAgICAic2VydmVyX3RpbWVfdXRjIjogbm93LAogICAgICAgICJtZXNzYWdlIjogIkFsd2F5cyBmcmVzaCAtIG5ldmVyIGNhY2hlZCIKICAgIH0KICAgIHJlc3BvbnNlID0ganNvbmlmeShkYXRhKQogICAgbG9nZ2VyLmluZm8oZiJQcml2YXRlIGZlZWQgc2VydmVkOiB7bm93fSIpCiAgICByZXR1cm4gcmVzcG9uc2UKIyBEZWZpbmUgcHJpdmF0ZSBwYXRocyB0aGF0IHNob3VsZCBORVZFUiBiZSBjYWNoZWQKUFJJVkFURV9QQVRIUyA9IHsKICAgICcvYXBpL2xpc3QnLAogICAgJy9saXN0JywKICAgICcvYWRkJywKICAgICcvYXBpL3ByaXZhdGUtZmVlZCcsCn0KQGFwcC5hZnRlcl9yZXF1ZXN0CmRlZiBhZGRfbm9fY2FjaGVfaGVhZGVycyhyZXNwb25zZSk6CiAgICBpZiByZXF1ZXN0LnBhdGggaW4gUFJJVkFURV9QQVRIUzoKICAgICAgICByZXNwb25zZS5oZWFkZXJzWydDYWNoZS1Db250cm9sJ10gPSAncHJpdmF0ZSwgbm8tc3RvcmUnCiAgICAgICAgcmVzcG9uc2UuaGVhZGVyc1snUHJhZ21hJ10gPSAnbm8tY2FjaGUnCiAgICAgICAgcmVzcG9uc2UuaGVhZGVyc1snRXhwaXJlcyddID0gJzAnCiAgICByZXR1cm4gcmVzcG9uc2UKaWYgX19uYW1lX18gPT0gIl9fbWFpbl9fIjoKICAgIGxvZ2dlci5pbmZvKCJTdGFydGluZyBGbGFzayBhcHAiKQogICAgYXBwLnJ1bihob3N0PSIwLjAuMC4wIiwgcG9ydD04MCkKUFkKY2F0ID4vZXRjL3N5c3RlbWQvc3lzdGVtL3Jkc2FwcC5zZXJ2aWNlIDw8J1NFUlZJQ0UnCltVbml0XQpEZXNjcmlwdGlvbj1FQzIgdG8gUkRTIE5vdGVzIEFwcApBZnRlcj1uZXR3b3JrLnRhcmdldApbU2VydmljZV0KV29ya2luZ0RpcmVjdG9yeT0vb3B0L3Jkc2FwcApFbnZpcm9ubWVudD1TRUNSRVRfSUQ9amFwYW4vcmRzL215c3FsCkV4ZWNTdGFydD0vdXNyL2Jpbi9weXRob24zIC9vcHQvcmRzYXBwL2FwcC5weQpSZXN0YXJ0PWFsd2F5cwpbSW5zdGFsbF0KV2FudGVkQnk9bXVsdGktdXNlci50YXJnZXQKU0VSVklDRQpzeXN0ZW1jdGwgZGFlbW9uLXJlbG9hZApzeXN0ZW1jdGwgZW5hYmxlIHJkc2FwcApzeXN0ZW1jdGwgc3RhcnQgcmRzYXBwCj09PSBBREQgQ0xPVURXQVRDSCBBR0VOVCBCRUxPVyBUSElTIExJTkUgPT09CiMgSW5zdGFsbCB1bmlmaWVkIENsb3VkV2F0Y2ggQWdlbnQKd2dldCBodHRwczovL3MzLmFtYXpvbmF3cy5jb20vYW1hem9uY2xvdWR3YXRjaC1hZ2VudC11cy1lYXN0LTEvYW1hem9uX2xpbnV4L2FtZDY0L2xhdGVzdC9hbWF6b24tY2xvdWR3YXRjaC1hZ2VudC5ycG0KcnBtIC1VIC4vYW1hem9uLWNsb3Vkd2F0Y2gtYWdlbnQucnBtCiMgQ3JlYXRlIGNvbmZpZyBkaXJlY3RvcnkgaWYgbmVlZGVkCm1rZGlyIC1wIC9vcHQvYXdzL2FtYXpvbi1jbG91ZHdhdGNoLWFnZW50L2JpbgpjYXQgPi9vcHQvYXdzL2FtYXpvbi1jbG91ZHdhdGNoLWFnZW50L2Jpbi9jb25maWcuanNvbiA8PCdFT0YnCnsKICAiYWdlbnQiOiB7CiAgICAicnVuX2FzX3VzZXIiOiAiY3dhZ2VudCIKICB9LAogICJsb2dzIjogewogICAgImxvZ3NfY29sbGVjdGVkIjogewogICAgICAiZmlsZXMiOiB7CiAgICAgICAgImNvbGxlY3RfbGlzdCI6IFsKICAgICAgICAgIHsKICAgICAgICAgICAgImZpbGVfcGF0aCI6ICIvb3B0L3Jkc2FwcC8qLmxvZyIsCiAgICAgICAgICAgICJsb2dfZ3JvdXBfbmFtZSI6ICIvYXdzL2VjMi9qYXBhbi1yZHMtYXBwIiwKICAgICAgICAgICAgImxvZ19zdHJlYW1fbmFtZSI6ICJ7aW5zdGFuY2VfaWR9IgogICAgICAgICAgfQogICAgICAgIF0KICAgICAgfQogICAgfQogIH0KfQpFT0YKIyBTdGFydCB0aGUgYWdlbnQKL29wdC9hd3MvYW1hem9uLWNsb3Vkd2F0Y2gtYWdlbnQvYmluL2FtYXpvbi1jbG91ZHdhdGNoLWFnZW50LWN0bCBcCi1hIGZldGNoLWNvbmZpZyAtbSBlYzIgXAotYyBmaWxlOi9vcHQvYXdzL2FtYXpvbi1jbG91ZHdhdGNoLWFnZW50L2Jpbi9jb25maWcuanNvbiAtcwojIFRlc3QgbG9nCmxvZ2dlciAiUkRTIEFwcCBhbmQgQ2xvdWRXYXRjaCBBZ2VudCBzdGFydGVkIHN1Y2Nlc3NmdWxseSAkKGRhdGUpIg==",
            "vpc_security_group_ids": [
              "sg-098606ea2f4ffa13e"
            ]
          },
          "sensitive_attributes": [],
          "identity_schema_version": 0,
          "private": "eyJzY2hlbWFfdmVyc2lvbiI6IjEifQ==",
          "dependencies": [
            "aws_security_group.edo_ec2_sg01",
            "aws_vpc.edo_vpc01"
          ],
          "create_before_destroy": true
        }
      ]
    },
    {
      "mode": "managed",
      "type": "aws_lb",
      "name": "edo_alb01",
      "provider": "provider[\"registry.terraform.io/hashicorp/aws\"].ap-northeast-1",
      "instances": [
        {
          "schema_version": 0,
          "attributes": {
            "access_logs": [
              {
                "bucket": "edo-alb-logs-lh-891377135193",
                "enabled": true,
                "prefix": "alb-access-logs"
              }
            ],
            "arn": "arn:aws:elasticloadbalancing:ap-northeast-1:891377135193:loadbalancer/app/edo-alb01/1db1477209dd7911",
            "arn_suffix": "app/edo-alb01/1db1477209dd7911",
            "client_keep_alive": 3600,
            "connection_logs": [
              {
                "bucket": "",
                "enabled": false,
                "prefix": ""
              }
            ],
            "customer_owned_ipv4_pool": "",
            "desync_mitigation_mode": "defensive",
            "dns_name": "edo-alb01-64526109.ap-northeast-1.elb.amazonaws.com",
            "dns_record_client_routing_policy": null,
            "drop_invalid_header_fields": false,
            "enable_cross_zone_load_balancing": true,
            "enable_deletion_protection": false,
            "enable_http2": true,
            "enable_tls_version_and_cipher_suite_headers": false,
            "enable_waf_fail_open": false,
            "enable_xff_client_port": false,
            "enable_zonal_shift": false,
            "enforce_security_group_inbound_rules_on_private_link_traffic": "",
            "health_check_logs": [
              {
                "bucket": "",
                "enabled": false,
                "prefix": ""
              }
            ],
            "id": "arn:aws:elasticloadbalancing:ap-northeast-1:891377135193:loadbalancer/app/edo-alb01/1db1477209dd7911",
            "idle_timeout": 60,
            "internal": false,
            "ip_address_type": "ipv4",
            "ipam_pools": [],
            "load_balancer_type": "application",
            "minimum_load_balancer_capacity": [],
            "name": "edo-alb01",
            "name_prefix": "",
            "preserve_host_header": false,
            "region": "ap-northeast-1",
            "secondary_ips_auto_assigned_per_subnet": null,
            "security_groups": [
              "sg-09b185193fa58a716"
            ],
            "subnet_mapping": [
              {
                "allocation_id": "",
                "ipv6_address": "",
                "outpost_id": "",
                "private_ipv4_address": "",
                "subnet_id": "subnet-0048df094497b054e"
              },
              {
                "allocation_id": "",
                "ipv6_address": "",
                "outpost_id": "",
                "private_ipv4_address": "",
                "subnet_id": "subnet-02205f870c70f9288"
              },
              {
                "allocation_id": "",
                "ipv6_address": "",
                "outpost_id": "",
                "private_ipv4_address": "",
                "subnet_id": "subnet-071bb09f495bb2bd6"
              }
            ],
            "subnets": [
              "subnet-0048df094497b054e",
              "subnet-02205f870c70f9288",
              "subnet-071bb09f495bb2bd6"
            ],
            "tags": {
              "Name": "edo-alb01"
            },
            "tags_all": {
              "Name": "edo-alb01"
            },
            "timeouts": null,
            "vpc_id": "vpc-001f81913f53f1175",
            "xff_header_processing_mode": "append",
            "zone_id": "Z14GRHDCWA56QT"
          },
          "sensitive_attributes": [],
          "identity_schema_version": 0,
          "identity": {
            "arn": "arn:aws:elasticloadbalancing:ap-northeast-1:891377135193:loadbalancer/app/edo-alb01/1db1477209dd7911"
          },
          "private": "eyJlMmJmYjczMC1lY2FhLTExZTYtOGY4OC0zNDM2M2JjN2M0YzAiOnsiY3JlYXRlIjo2MDAwMDAwMDAwMDAsImRlbGV0ZSI6NjAwMDAwMDAwMDAwLCJ1cGRhdGUiOjYwMDAwMDAwMDAwMH19",
          "dependencies": [
            "aws_s3_bucket.edo_alb_logs_bucket01",
            "aws_security_group.edo_alb_sg01",
            "aws_subnet.edo_public_subnets",
            "aws_vpc.edo_vpc01"
          ]
        }
      ]
    },
    {
      "mode": "managed",
      "type": "aws_lb_listener",
      "name": "edo_http_listener01",
      "provider": "provider[\"registry.terraform.io/hashicorp/aws\"]",
      "instances": [
        {
          "schema_version": 0,
          "attributes": {
            "alpn_policy": null,
            "arn": "arn:aws:elasticloadbalancing:ap-northeast-1:891377135193:listener/app/edo-alb01/1db1477209dd7911/ba7e1688fc440328",
            "certificate_arn": null,
            "default_action": [
              {
                "authenticate_cognito": [],
                "authenticate_oidc": [],
                "fixed_response": [],
                "forward": [],
                "jwt_validation": [],
                "order": 1,
                "redirect": [
                  {
                    "host": "#{host}",
                    "path": "/#{path}",
                    "port": "443",
                    "protocol": "HTTPS",
                    "query": "#{query}",
                    "status_code": "HTTP_301"
                  }
                ],
                "target_group_arn": "",
                "type": "redirect"
              }
            ],
            "id": "arn:aws:elasticloadbalancing:ap-northeast-1:891377135193:listener/app/edo-alb01/1db1477209dd7911/ba7e1688fc440328",
            "load_balancer_arn": "arn:aws:elasticloadbalancing:ap-northeast-1:891377135193:loadbalancer/app/edo-alb01/1db1477209dd7911",
            "mutual_authentication": [],
            "port": 80,
            "protocol": "HTTP",
            "region": "ap-northeast-1",
            "routing_http_request_x_amzn_mtls_clientcert_header_name": null,
            "routing_http_request_x_amzn_mtls_clientcert_issuer_header_name": null,
            "routing_http_request_x_amzn_mtls_clientcert_leaf_header_name": null,
            "routing_http_request_x_amzn_mtls_clientcert_serial_number_header_name": null,
            "routing_http_request_x_amzn_mtls_clientcert_subject_header_name": null,
            "routing_http_request_x_amzn_mtls_clientcert_validity_header_name": null,
            "routing_http_request_x_amzn_tls_cipher_suite_header_name": null,
            "routing_http_request_x_amzn_tls_version_header_name": null,
            "routing_http_response_access_control_allow_credentials_header_value": "",
            "routing_http_response_access_control_allow_headers_header_value": "",
            "routing_http_response_access_control_allow_methods_header_value": "",
            "routing_http_response_access_control_allow_origin_header_value": "",
            "routing_http_response_access_control_expose_headers_header_value": "",
            "routing_http_response_access_control_max_age_header_value": "",
            "routing_http_response_content_security_policy_header_value": "",
            "routing_http_response_server_enabled": true,
            "routing_http_response_strict_transport_security_header_value": "",
            "routing_http_response_x_content_type_options_header_value": "",
            "routing_http_response_x_frame_options_header_value": "",
            "ssl_policy": "",
            "tags": {},
            "tags_all": {},
            "tcp_idle_timeout_seconds": null,
            "timeouts": null
          },
          "sensitive_attributes": [],
          "identity_schema_version": 0,
          "identity": {
            "arn": "arn:aws:elasticloadbalancing:ap-northeast-1:891377135193:listener/app/edo-alb01/1db1477209dd7911/ba7e1688fc440328"
          },
          "private": "eyJlMmJmYjczMC1lY2FhLTExZTYtOGY4OC0zNDM2M2JjN2M0YzAiOnsiY3JlYXRlIjozMDAwMDAwMDAwMDAsInVwZGF0ZSI6MzAwMDAwMDAwMDAwfX0=",
          "dependencies": [
            "aws_lb.edo_alb01",
            "aws_s3_bucket.edo_alb_logs_bucket01",
            "aws_security_group.edo_alb_sg01",
            "aws_subnet.edo_public_subnets",
            "aws_vpc.edo_vpc01"
          ]
        }
      ]
    },
    {
      "mode": "managed",
      "type": "aws_lb_target_group",
      "name": "edo_tg01",
      "provider": "provider[\"registry.terraform.io/hashicorp/aws\"]",
      "instances": [
        {
          "schema_version": 0,
          "attributes": {
            "arn": "arn:aws:elasticloadbalancing:ap-northeast-1:891377135193:targetgroup/edo-tg01/05f60201a2cc9fc2",
            "arn_suffix": "targetgroup/edo-tg01/05f60201a2cc9fc2",
            "connection_termination": null,
            "deregistration_delay": "300",
            "health_check": [
              {
                "enabled": true,
                "healthy_threshold": 2,
                "interval": 30,
                "matcher": "200-399",
                "path": "/health",
                "port": "traffic-port",
                "protocol": "HTTP",
                "timeout": 5,
                "unhealthy_threshold": 2
              }
            ],
            "id": "arn:aws:elasticloadbalancing:ap-northeast-1:891377135193:targetgroup/edo-tg01/05f60201a2cc9fc2",
            "ip_address_type": "ipv4",
            "lambda_multi_value_headers_enabled": false,
            "load_balancer_arns": [],
            "load_balancing_algorithm_type": "round_robin",
            "load_balancing_anomaly_mitigation": "off",
            "load_balancing_cross_zone_enabled": "use_load_balancer_configuration",
            "name": "edo-tg01",
            "name_prefix": "",
            "port": 80,
            "preserve_client_ip": null,
            "protocol": "HTTP",
            "protocol_version": "HTTP1",
            "proxy_protocol_v2": false,
            "region": "ap-northeast-1",
            "slow_start": 0,
            "stickiness": [
              {
                "cookie_duration": 86400,
                "cookie_name": "",
                "enabled": false,
                "type": "lb_cookie"
              }
            ],
            "tags": {
              "Name": "edo-tg01"
            },
            "tags_all": {
              "Name": "edo-tg01"
            },
            "target_control_port": 0,
            "target_failover": [
              {
                "on_deregistration": null,
                "on_unhealthy": null
              }
            ],
            "target_group_health": [
              {
                "dns_failover": [
                  {
                    "minimum_healthy_targets_count": "1",
                    "minimum_healthy_targets_percentage": "off"
                  }
                ],
                "unhealthy_state_routing": [
                  {
                    "minimum_healthy_targets_count": 1,
                    "minimum_healthy_targets_percentage": "off"
                  }
                ]
              }
            ],
            "target_health_state": [
              {
                "enable_unhealthy_connection_termination": null,
                "unhealthy_draining_interval": null
              }
            ],
            "target_type": "instance",
            "vpc_id": "vpc-001f81913f53f1175"
          },
          "sensitive_attributes": [],
          "identity_schema_version": 0,
          "identity": {
            "arn": "arn:aws:elasticloadbalancing:ap-northeast-1:891377135193:targetgroup/edo-tg01/05f60201a2cc9fc2"
          },
          "private": "bnVsbA==",
          "dependencies": [
            "aws_vpc.edo_vpc01"
          ]
        }
      ]
    },
    {
      "mode": "managed",
      "type": "aws_nat_gateway",
      "name": "edo_nat01",
      "provider": "provider[\"registry.terraform.io/hashicorp/aws\"]",
      "instances": [
        {
          "schema_version": 0,
          "attributes": {
            "allocation_id": "eipalloc-0be1e11f792bd556c",
            "association_id": "eipassoc-0d9bdb07ff6e7438c",
            "auto_provision_zones": null,
            "auto_scaling_ips": null,
            "availability_mode": "zonal",
            "availability_zone_address": [],
            "connectivity_type": "public",
            "id": "nat-0bd6e4663e2ff295b",
            "network_interface_id": "eni-0371dc8b2563ec1e6",
            "private_ip": "10.81.1.124",
            "public_ip": "3.115.197.115",
            "region": "ap-northeast-1",
            "regional_nat_gateway_address": [],
            "regional_nat_gateway_auto_mode": null,
            "route_table_id": null,
            "secondary_allocation_ids": [],
            "secondary_private_ip_address_count": 0,
            "secondary_private_ip_addresses": [],
            "subnet_id": "subnet-0048df094497b054e",
            "tags": {
              "Name": "edo-nat01"
            },
            "tags_all": {
              "Name": "edo-nat01"
            },
            "timeouts": null,
            "vpc_id": "vpc-001f81913f53f1175"
          },
          "sensitive_attributes": [],
          "identity_schema_version": 0,
          "private": "eyJlMmJmYjczMC1lY2FhLTExZTYtOGY4OC0zNDM2M2JjN2M0YzAiOnsiY3JlYXRlIjo2MDAwMDAwMDAwMDAsImRlbGV0ZSI6MTgwMDAwMDAwMDAwMCwidXBkYXRlIjo2MDAwMDAwMDAwMDB9fQ==",
          "dependencies": [
            "aws_eip.edo_nat_eip01",
            "aws_internet_gateway.edo_igw01",
            "aws_subnet.edo_public_subnets",
            "aws_vpc.edo_vpc01"
          ]
        }
      ]
    },
    {
      "mode": "managed",
      "type": "aws_route",
      "name": "edo_private_default_route",
      "provider": "provider[\"registry.terraform.io/hashicorp/aws\"]",
      "instances": [
        {
          "schema_version": 0,
          "attributes": {
            "carrier_gateway_id": "",
            "core_network_arn": "",
            "destination_cidr_block": "0.0.0.0/0",
            "destination_ipv6_cidr_block": "",
            "destination_prefix_list_id": "",
            "egress_only_gateway_id": "",
            "gateway_id": "",
            "id": "r-rtb-0ebe23e31bad8192e1080289494",
            "instance_id": "",
            "instance_owner_id": "",
            "local_gateway_id": "",
            "nat_gateway_id": "nat-0bd6e4663e2ff295b",
            "network_interface_id": "",
            "origin": "CreateRoute",
            "region": "ap-northeast-1",
            "route_table_id": "rtb-0ebe23e31bad8192e",
            "state": "active",
            "timeouts": null,
            "transit_gateway_id": "",
            "vpc_endpoint_id": "",
            "vpc_peering_connection_id": ""
          },
          "sensitive_attributes": [],
          "identity_schema_version": 0,
          "identity": {
            "account_id": "891377135193",
            "destination_cidr_block": "0.0.0.0/0",
            "destination_ipv6_cidr_block": null,
            "destination_prefix_list_id": null,
            "region": "ap-northeast-1",
            "route_table_id": "rtb-0ebe23e31bad8192e"
          },
          "private": "eyJlMmJmYjczMC1lY2FhLTExZTYtOGY4OC0zNDM2M2JjN2M0YzAiOnsiY3JlYXRlIjozMDAwMDAwMDAwMDAsImRlbGV0ZSI6MzAwMDAwMDAwMDAwLCJ1cGRhdGUiOjEyMDAwMDAwMDAwMH19",
          "dependencies": [
            "aws_eip.edo_nat_eip01",
            "aws_internet_gateway.edo_igw01",
            "aws_nat_gateway.edo_nat01",
            "aws_route_table.edo_private_rt01",
            "aws_subnet.edo_public_subnets",
            "aws_vpc.edo_vpc01"
          ]
        }
      ]
    },
    {
      "mode": "managed",
      "type": "aws_route",
      "name": "edo_public_default_route",
      "provider": "provider[\"registry.terraform.io/hashicorp/aws\"]",
      "instances": [
        {
          "schema_version": 0,
          "attributes": {
            "carrier_gateway_id": "",
            "core_network_arn": "",
            "destination_cidr_block": "0.0.0.0/0",
            "destination_ipv6_cidr_block": "",
            "destination_prefix_list_id": "",
            "egress_only_gateway_id": "",
            "gateway_id": "igw-023ecfbde25481eec",
            "id": "r-rtb-01e207de1ea3cc23b1080289494",
            "instance_id": "",
            "instance_owner_id": "",
            "local_gateway_id": "",
            "nat_gateway_id": "",
            "network_interface_id": "",
            "origin": "CreateRoute",
            "region": "ap-northeast-1",
            "route_table_id": "rtb-01e207de1ea3cc23b",
            "state": "active",
            "timeouts": null,
            "transit_gateway_id": "",
            "vpc_endpoint_id": "",
            "vpc_peering_connection_id": ""
          },
          "sensitive_attributes": [],
          "identity_schema_version": 0,
          "identity": {
            "account_id": "891377135193",
            "destination_cidr_block": "0.0.0.0/0",
            "destination_ipv6_cidr_block": null,
            "destination_prefix_list_id": null,
            "region": "ap-northeast-1",
            "route_table_id": "rtb-01e207de1ea3cc23b"
          },
          "private": "eyJlMmJmYjczMC1lY2FhLTExZTYtOGY4OC0zNDM2M2JjN2M0YzAiOnsiY3JlYXRlIjozMDAwMDAwMDAwMDAsImRlbGV0ZSI6MzAwMDAwMDAwMDAwLCJ1cGRhdGUiOjEyMDAwMDAwMDAwMH19",
          "dependencies": [
            "aws_internet_gateway.edo_igw01",
            "aws_route_table.edo_public_rt01",
            "aws_vpc.edo_vpc01"
          ]
        }
      ]
    },
    {
      "mode": "managed",
      "type": "aws_route53_record",
      "name": "edo_acm_validation_records01",
      "provider": "provider[\"registry.terraform.io/hashicorp/aws\"]",
      "instances": [
        {
          "index_key": "*.larrryharrisaws.com",
          "schema_version": 2,
          "attributes": {
            "alias": [],
            "allow_overwrite": true,
            "cidr_routing_policy": [],
            "failover_routing_policy": [],
            "fqdn": "_e68c7bf92882b94911df33d8f80cfe32.larrryharrisaws.com",
            "geolocation_routing_policy": [],
            "geoproximity_routing_policy": [],
            "health_check_id": "",
            "id": "Z0825167K1N04S2RCG6V__e68c7bf92882b94911df33d8f80cfe32.larrryharrisaws.com._CNAME",
            "latency_routing_policy": [],
            "multivalue_answer_routing_policy": false,
            "name": "_e68c7bf92882b94911df33d8f80cfe32.larrryharrisaws.com",
            "records": [
              "_e2aedbfa9bceb029721ca9db378b34a5.jkddzztszm.acm-validations.aws."
            ],
            "set_identifier": "",
            "timeouts": null,
            "ttl": 60,
            "type": "CNAME",
            "weighted_routing_policy": [],
            "zone_id": "Z0825167K1N04S2RCG6V"
          },
          "sensitive_attributes": [],
          "identity_schema_version": 0,
          "identity": {
            "account_id": "891377135193",
            "name": "_e68c7bf92882b94911df33d8f80cfe32.larrryharrisaws.com",
            "set_identifier": null,
            "type": "CNAME",
            "zone_id": "Z0825167K1N04S2RCG6V"
          },
          "private": "eyJlMmJmYjczMC1lY2FhLTExZTYtOGY4OC0zNDM2M2JjN2M0YzAiOnsiY3JlYXRlIjoxODAwMDAwMDAwMDAwLCJkZWxldGUiOjE4MDAwMDAwMDAwMDAsInVwZGF0ZSI6MTgwMDAwMDAwMDAwMH0sInNjaGVtYV92ZXJzaW9uIjoiMiJ9",
          "dependencies": [
            "aws_acm_certificate.edo_acm_cert01"
          ]
        },
        {
          "index_key": "larrryharrisaws.com",
          "schema_version": 2,
          "attributes": {
            "alias": [],
            "allow_overwrite": true,
            "cidr_routing_policy": [],
            "failover_routing_policy": [],
            "fqdn": "_e68c7bf92882b94911df33d8f80cfe32.larrryharrisaws.com",
            "geolocation_routing_policy": [],
            "geoproximity_routing_policy": [],
            "health_check_id": "",
            "id": "Z0825167K1N04S2RCG6V__e68c7bf92882b94911df33d8f80cfe32.larrryharrisaws.com._CNAME",
            "latency_routing_policy": [],
            "multivalue_answer_routing_policy": false,
            "name": "_e68c7bf92882b94911df33d8f80cfe32.larrryharrisaws.com",
            "records": [
              "_e2aedbfa9bceb029721ca9db378b34a5.jkddzztszm.acm-validations.aws."
            ],
            "set_identifier": "",
            "timeouts": null,
            "ttl": 60,
            "type": "CNAME",
            "weighted_routing_policy": [],
            "zone_id": "Z0825167K1N04S2RCG6V"
          },
          "sensitive_attributes": [],
          "identity_schema_version": 0,
          "identity": {
            "account_id": "891377135193",
            "name": "_e68c7bf92882b94911df33d8f80cfe32.larrryharrisaws.com",
            "set_identifier": null,
            "type": "CNAME",
            "zone_id": "Z0825167K1N04S2RCG6V"
          },
          "private": "eyJlMmJmYjczMC1lY2FhLTExZTYtOGY4OC0zNDM2M2JjN2M0YzAiOnsiY3JlYXRlIjoxODAwMDAwMDAwMDAwLCJkZWxldGUiOjE4MDAwMDAwMDAwMDAsInVwZGF0ZSI6MTgwMDAwMDAwMDAwMH0sInNjaGVtYV92ZXJzaW9uIjoiMiJ9",
          "dependencies": [
            "aws_acm_certificate.edo_acm_cert01"
          ]
        }
      ]
    },
    {
      "mode": "managed",
      "type": "aws_route53_record",
      "name": "edo_apex_to_cf01",
      "provider": "provider[\"registry.terraform.io/hashicorp/aws\"]",
      "instances": [
        {
          "schema_version": 2,
          "attributes": {
            "alias": [
              {
                "evaluate_target_health": false,
                "name": "dsyrgqgzizz8o.cloudfront.net",
                "zone_id": "Z2FDTNDATAQYW2"
              }
            ],
            "allow_overwrite": null,
            "cidr_routing_policy": [],
            "failover_routing_policy": [],
            "fqdn": "larrryharrisaws.com",
            "geolocation_routing_policy": [],
            "geoproximity_routing_policy": [],
            "health_check_id": "",
            "id": "Z0825167K1N04S2RCG6V_larrryharrisaws.com_A",
            "latency_routing_policy": [],
            "multivalue_answer_routing_policy": false,
            "name": "larrryharrisaws.com",
            "records": [],
            "set_identifier": "",
            "timeouts": null,
            "ttl": 0,
            "type": "A",
            "weighted_routing_policy": [],
            "zone_id": "Z0825167K1N04S2RCG6V"
          },
          "sensitive_attributes": [],
          "identity_schema_version": 0,
          "identity": {
            "account_id": "891377135193",
            "name": "larrryharrisaws.com",
            "set_identifier": null,
            "type": "A",
            "zone_id": "Z0825167K1N04S2RCG6V"
          },
          "private": "eyJlMmJmYjczMC1lY2FhLTExZTYtOGY4OC0zNDM2M2JjN2M0YzAiOnsiY3JlYXRlIjoxODAwMDAwMDAwMDAwLCJkZWxldGUiOjE4MDAwMDAwMDAwMDAsInVwZGF0ZSI6MTgwMDAwMDAwMDAwMH0sInNjaGVtYV92ZXJzaW9uIjoiMiJ9",
          "dependencies": [
            "aws_acm_certificate.edo_acm_cert01",
            "aws_cloudfront_cache_policy.edo_cache_api_disabled01",
            "aws_cloudfront_cache_policy.edo_cache_static01",
            "aws_cloudfront_distribution.edo_cf01",
            "aws_cloudfront_origin_request_policy.edo_orp_api01",
            "aws_cloudfront_response_headers_policy.edo_rsp_static01",
            "aws_lb.edo_alb01",
            "aws_s3_bucket.edo_alb_logs_bucket01",
            "aws_security_group.edo_alb_sg01",
            "aws_subnet.edo_public_subnets",
            "aws_vpc.edo_vpc01",
            "aws_wafv2_web_acl.edo_cf_waf01",
            "data.aws_cloudfront_cache_policy.edo_use_origin_cache_headers01",
            "data.aws_cloudfront_origin_request_policy.edo_orp_all_viewer01",
            "data.aws_cloudfront_origin_request_policy.edo_orp_all_viewer_except_host01",
            "random_password.edo_origin_header_value01"
          ]
        }
      ]
    },
    {
      "mode": "managed",
      "type": "aws_route53_record",
      "name": "edo_app_to_cf01",
      "provider": "provider[\"registry.terraform.io/hashicorp/aws\"]",
      "instances": [
        {
          "schema_version": 2,
          "attributes": {
            "alias": [
              {
                "evaluate_target_health": false,
                "name": "dsyrgqgzizz8o.cloudfront.net",
                "zone_id": "Z2FDTNDATAQYW2"
              }
            ],
            "allow_overwrite": null,
            "cidr_routing_policy": [],
            "failover_routing_policy": [],
            "fqdn": "app.larrryharrisaws.com",
            "geolocation_routing_policy": [],
            "geoproximity_routing_policy": [],
            "health_check_id": "",
            "id": "Z0825167K1N04S2RCG6V_app.larrryharrisaws.com_A",
            "latency_routing_policy": [],
            "multivalue_answer_routing_policy": false,
            "name": "app.larrryharrisaws.com",
            "records": [],
            "set_identifier": "",
            "timeouts": null,
            "ttl": 0,
            "type": "A",
            "weighted_routing_policy": [],
            "zone_id": "Z0825167K1N04S2RCG6V"
          },
          "sensitive_attributes": [],
          "identity_schema_version": 0,
          "identity": {
            "account_id": "891377135193",
            "name": "app.larrryharrisaws.com",
            "set_identifier": null,
            "type": "A",
            "zone_id": "Z0825167K1N04S2RCG6V"
          },
          "private": "eyJlMmJmYjczMC1lY2FhLTExZTYtOGY4OC0zNDM2M2JjN2M0YzAiOnsiY3JlYXRlIjoxODAwMDAwMDAwMDAwLCJkZWxldGUiOjE4MDAwMDAwMDAwMDAsInVwZGF0ZSI6MTgwMDAwMDAwMDAwMH0sInNjaGVtYV92ZXJzaW9uIjoiMiJ9",
          "dependencies": [
            "aws_acm_certificate.edo_acm_cert01",
            "aws_cloudfront_cache_policy.edo_cache_api_disabled01",
            "aws_cloudfront_cache_policy.edo_cache_static01",
            "aws_cloudfront_distribution.edo_cf01",
            "aws_cloudfront_origin_request_policy.edo_orp_api01",
            "aws_cloudfront_response_headers_policy.edo_rsp_static01",
            "aws_lb.edo_alb01",
            "aws_s3_bucket.edo_alb_logs_bucket01",
            "aws_security_group.edo_alb_sg01",
            "aws_subnet.edo_public_subnets",
            "aws_vpc.edo_vpc01",
            "aws_wafv2_web_acl.edo_cf_waf01",
            "data.aws_cloudfront_cache_policy.edo_use_origin_cache_headers01",
            "data.aws_cloudfront_origin_request_policy.edo_orp_all_viewer01",
            "data.aws_cloudfront_origin_request_policy.edo_orp_all_viewer_except_host01",
            "random_password.edo_origin_header_value01"
          ]
        }
      ]
    },
    {
      "mode": "managed",
      "type": "aws_route_table",
      "name": "edo_private_rt01",
      "provider": "provider[\"registry.terraform.io/hashicorp/aws\"]",
      "instances": [
        {
          "schema_version": 0,
          "attributes": {
            "arn": "arn:aws:ec2:ap-northeast-1:891377135193:route-table/rtb-0ebe23e31bad8192e",
            "id": "rtb-0ebe23e31bad8192e",
            "owner_id": "891377135193",
            "propagating_vgws": [],
            "region": "ap-northeast-1",
            "route": [
              {
                "carrier_gateway_id": "",
                "cidr_block": "0.0.0.0/0",
                "core_network_arn": "",
                "destination_prefix_list_id": "",
                "egress_only_gateway_id": "",
                "gateway_id": "",
                "ipv6_cidr_block": "",
                "local_gateway_id": "",
                "nat_gateway_id": "nat-0bd6e4663e2ff295b",
                "network_interface_id": "",
                "transit_gateway_id": "",
                "vpc_endpoint_id": "",
                "vpc_peering_connection_id": ""
              }
            ],
            "tags": {
              "Name": "edo-private-rt01"
            },
            "tags_all": {
              "Name": "edo-private-rt01"
            },
            "timeouts": null,
            "vpc_id": "vpc-001f81913f53f1175"
          },
          "sensitive_attributes": [],
          "identity_schema_version": 0,
          "identity": {
            "account_id": "891377135193",
            "id": "rtb-0ebe23e31bad8192e",
            "region": "ap-northeast-1"
          },
          "private": "eyJlMmJmYjczMC1lY2FhLTExZTYtOGY4OC0zNDM2M2JjN2M0YzAiOnsiY3JlYXRlIjozMDAwMDAwMDAwMDAsImRlbGV0ZSI6MzAwMDAwMDAwMDAwLCJ1cGRhdGUiOjEyMDAwMDAwMDAwMH19",
          "dependencies": [
            "aws_vpc.edo_vpc01"
          ]
        }
      ]
    },
    {
      "mode": "managed",
      "type": "aws_route_table",
      "name": "edo_public_rt01",
      "provider": "provider[\"registry.terraform.io/hashicorp/aws\"]",
      "instances": [
        {
          "schema_version": 0,
          "attributes": {
            "arn": "arn:aws:ec2:ap-northeast-1:891377135193:route-table/rtb-01e207de1ea3cc23b",
            "id": "rtb-01e207de1ea3cc23b",
            "owner_id": "891377135193",
            "propagating_vgws": [],
            "region": "ap-northeast-1",
            "route": [
              {
                "carrier_gateway_id": "",
                "cidr_block": "0.0.0.0/0",
                "core_network_arn": "",
                "destination_prefix_list_id": "",
                "egress_only_gateway_id": "",
                "gateway_id": "igw-023ecfbde25481eec",
                "ipv6_cidr_block": "",
                "local_gateway_id": "",
                "nat_gateway_id": "",
                "network_interface_id": "",
                "transit_gateway_id": "",
                "vpc_endpoint_id": "",
                "vpc_peering_connection_id": ""
              }
            ],
            "tags": {
              "Name": "edo-public-rt01"
            },
            "tags_all": {
              "Name": "edo-public-rt01"
            },
            "timeouts": null,
            "vpc_id": "vpc-001f81913f53f1175"
          },
          "sensitive_attributes": [],
          "identity_schema_version": 0,
          "identity": {
            "account_id": "891377135193",
            "id": "rtb-01e207de1ea3cc23b",
            "region": "ap-northeast-1"
          },
          "private": "eyJlMmJmYjczMC1lY2FhLTExZTYtOGY4OC0zNDM2M2JjN2M0YzAiOnsiY3JlYXRlIjozMDAwMDAwMDAwMDAsImRlbGV0ZSI6MzAwMDAwMDAwMDAwLCJ1cGRhdGUiOjEyMDAwMDAwMDAwMH19",
          "dependencies": [
            "aws_vpc.edo_vpc01"
          ]
        }
      ]
    },
    {
      "mode": "managed",
      "type": "aws_route_table_association",
      "name": "edo_private_rta",
      "provider": "provider[\"registry.terraform.io/hashicorp/aws\"]",
      "instances": [
        {
          "index_key": 0,
          "schema_version": 0,
          "attributes": {
            "gateway_id": "",
            "id": "rtbassoc-0bfb896755b0ecf21",
            "region": "ap-northeast-1",
            "route_table_id": "rtb-0ebe23e31bad8192e",
            "subnet_id": "subnet-0cfdc7c71090c244d",
            "timeouts": null
          },
          "sensitive_attributes": [],
          "identity_schema_version": 0,
          "private": "eyJlMmJmYjczMC1lY2FhLTExZTYtOGY4OC0zNDM2M2JjN2M0YzAiOnsiY3JlYXRlIjozMDAwMDAwMDAwMDAsImRlbGV0ZSI6MzAwMDAwMDAwMDAwLCJ1cGRhdGUiOjEyMDAwMDAwMDAwMH19",
          "dependencies": [
            "aws_route_table.edo_private_rt01",
            "aws_subnet.edo_private_subnets",
            "aws_vpc.edo_vpc01"
          ]
        },
        {
          "index_key": 1,
          "schema_version": 0,
          "attributes": {
            "gateway_id": "",
            "id": "rtbassoc-01c847a01fc769a45",
            "region": "ap-northeast-1",
            "route_table_id": "rtb-0ebe23e31bad8192e",
            "subnet_id": "subnet-08168d025c22213f5",
            "timeouts": null
          },
          "sensitive_attributes": [],
          "identity_schema_version": 0,
          "private": "eyJlMmJmYjczMC1lY2FhLTExZTYtOGY4OC0zNDM2M2JjN2M0YzAiOnsiY3JlYXRlIjozMDAwMDAwMDAwMDAsImRlbGV0ZSI6MzAwMDAwMDAwMDAwLCJ1cGRhdGUiOjEyMDAwMDAwMDAwMH19",
          "dependencies": [
            "aws_route_table.edo_private_rt01",
            "aws_subnet.edo_private_subnets",
            "aws_vpc.edo_vpc01"
          ]
        },
        {
          "index_key": 2,
          "schema_version": 0,
          "attributes": {
            "gateway_id": "",
            "id": "rtbassoc-06e089012bbc0409e",
            "region": "ap-northeast-1",
            "route_table_id": "rtb-0ebe23e31bad8192e",
            "subnet_id": "subnet-08141a3c624b3dbea",
            "timeouts": null
          },
          "sensitive_attributes": [],
          "identity_schema_version": 0,
          "private": "eyJlMmJmYjczMC1lY2FhLTExZTYtOGY4OC0zNDM2M2JjN2M0YzAiOnsiY3JlYXRlIjozMDAwMDAwMDAwMDAsImRlbGV0ZSI6MzAwMDAwMDAwMDAwLCJ1cGRhdGUiOjEyMDAwMDAwMDAwMH19",
          "dependencies": [
            "aws_route_table.edo_private_rt01",
            "aws_subnet.edo_private_subnets",
            "aws_vpc.edo_vpc01"
          ]
        }
      ]
    },
    {
      "mode": "managed",
      "type": "aws_route_table_association",
      "name": "edo_public_rta",
      "provider": "provider[\"registry.terraform.io/hashicorp/aws\"]",
      "instances": [
        {
          "index_key": 0,
          "schema_version": 0,
          "attributes": {
            "gateway_id": "",
            "id": "rtbassoc-08479ea9afaf99240",
            "region": "ap-northeast-1",
            "route_table_id": "rtb-01e207de1ea3cc23b",
            "subnet_id": "subnet-0048df094497b054e",
            "timeouts": null
          },
          "sensitive_attributes": [],
          "identity_schema_version": 0,
          "private": "eyJlMmJmYjczMC1lY2FhLTExZTYtOGY4OC0zNDM2M2JjN2M0YzAiOnsiY3JlYXRlIjozMDAwMDAwMDAwMDAsImRlbGV0ZSI6MzAwMDAwMDAwMDAwLCJ1cGRhdGUiOjEyMDAwMDAwMDAwMH19",
          "dependencies": [
            "aws_route_table.edo_public_rt01",
            "aws_subnet.edo_public_subnets",
            "aws_vpc.edo_vpc01"
          ]
        },
        {
          "index_key": 1,
          "schema_version": 0,
          "attributes": {
            "gateway_id": "",
            "id": "rtbassoc-08b4d64ccd96be494",
            "region": "ap-northeast-1",
            "route_table_id": "rtb-01e207de1ea3cc23b",
            "subnet_id": "subnet-02205f870c70f9288",
            "timeouts": null
          },
          "sensitive_attributes": [],
          "identity_schema_version": 0,
          "private": "eyJlMmJmYjczMC1lY2FhLTExZTYtOGY4OC0zNDM2M2JjN2M0YzAiOnsiY3JlYXRlIjozMDAwMDAwMDAwMDAsImRlbGV0ZSI6MzAwMDAwMDAwMDAwLCJ1cGRhdGUiOjEyMDAwMDAwMDAwMH19",
          "dependencies": [
            "aws_route_table.edo_public_rt01",
            "aws_subnet.edo_public_subnets",
            "aws_vpc.edo_vpc01"
          ]
        },
        {
          "index_key": 2,
          "schema_version": 0,
          "attributes": {
            "gateway_id": "",
            "id": "rtbassoc-0792d6c40089506a2",
            "region": "ap-northeast-1",
            "route_table_id": "rtb-01e207de1ea3cc23b",
            "subnet_id": "subnet-071bb09f495bb2bd6",
            "timeouts": null
          },
          "sensitive_attributes": [],
          "identity_schema_version": 0,
          "private": "eyJlMmJmYjczMC1lY2FhLTExZTYtOGY4OC0zNDM2M2JjN2M0YzAiOnsiY3JlYXRlIjozMDAwMDAwMDAwMDAsImRlbGV0ZSI6MzAwMDAwMDAwMDAwLCJ1cGRhdGUiOjEyMDAwMDAwMDAwMH19",
          "dependencies": [
            "aws_route_table.edo_public_rt01",
            "aws_subnet.edo_public_subnets",
            "aws_vpc.edo_vpc01"
          ]
        }
      ]
    },
    {
      "mode": "managed",
      "type": "aws_s3_bucket",
      "name": "edo_alb_logs_bucket01",
      "provider": "provider[\"registry.terraform.io/hashicorp/aws\"]",
      "instances": [
        {
          "index_key": 0,
          "schema_version": 0,
          "attributes": {
            "acceleration_status": "",
            "acl": null,
            "arn": "arn:aws:s3:::edo-alb-logs-lh-891377135193",
            "bucket": "edo-alb-logs-lh-891377135193",
            "bucket_domain_name": "edo-alb-logs-lh-891377135193.s3.amazonaws.com",
            "bucket_prefix": "",
            "bucket_region": "ap-northeast-1",
            "bucket_regional_domain_name": "edo-alb-logs-lh-891377135193.s3.ap-northeast-1.amazonaws.com",
            "cors_rule": [],
            "force_destroy": true,
            "grant": [
              {
                "id": "903b1c250754076520a57e879a3113da4cbe0f2c8efdadb3b5dd954edd18db9b",
                "permissions": [
                  "FULL_CONTROL"
                ],
                "type": "CanonicalUser",
                "uri": ""
              }
            ],
            "hosted_zone_id": "Z2M4EHUR26P7ZW",
            "id": "edo-alb-logs-lh-891377135193",
            "lifecycle_rule": [],
            "logging": [],
            "object_lock_configuration": [],
            "object_lock_enabled": false,
            "policy": "{\"Statement\":[{\"Action\":\"s3:*\",\"Condition\":{\"Bool\":{\"aws:SecureTransport\":\"false\"}},\"Effect\":\"Deny\",\"Principal\":\"*\",\"Resource\":[\"arn:aws:s3:::edo-alb-logs-lh-891377135193\",\"arn:aws:s3:::edo-alb-logs-lh-891377135193/*\"],\"Sid\":\"DenyInsecureTransport\"},{\"Action\":\"s3:PutObject\",\"Effect\":\"Allow\",\"Principal\":{\"Service\":\"logdelivery.elasticloadbalancing.amazonaws.com\"},\"Resource\":\"arn:aws:s3:::edo-alb-logs-lh-891377135193/alb-access-logs/AWSLogs/891377135193/*\",\"Sid\":\"AllowELBPutObject\"}],\"Version\":\"2012-10-17\"}",
            "region": "ap-northeast-1",
            "replication_configuration": [],
            "request_payer": "BucketOwner",
            "server_side_encryption_configuration": [
              {
                "rule": [
                  {
                    "apply_server_side_encryption_by_default": [
                      {
                        "kms_master_key_id": "",
                        "sse_algorithm": "AES256"
                      }
                    ],
                    "bucket_key_enabled": false
                  }
                ]
              }
            ],
            "tags": {
              "Name": "edo-alb-logs-bucket01"
            },
            "tags_all": {
              "Name": "edo-alb-logs-bucket01"
            },
            "timeouts": null,
            "versioning": [
              {
                "enabled": false,
                "mfa_delete": false
              }
            ],
            "website": [],
            "website_domain": null,
            "website_endpoint": null
          },
          "sensitive_attributes": [],
          "identity_schema_version": 0,
          "identity": {
            "account_id": "891377135193",
            "bucket": "edo-alb-logs-lh-891377135193",
            "region": "ap-northeast-1"
          },
          "private": "eyJlMmJmYjczMC1lY2FhLTExZTYtOGY4OC0zNDM2M2JjN2M0YzAiOnsiY3JlYXRlIjoxMjAwMDAwMDAwMDAwLCJkZWxldGUiOjM2MDAwMDAwMDAwMDAsInJlYWQiOjEyMDAwMDAwMDAwMDAsInVwZGF0ZSI6MTIwMDAwMDAwMDAwMH19"
        }
      ]
    },
    {
      "mode": "managed",
      "type": "aws_s3_bucket_ownership_controls",
      "name": "edo_alb_logs_owner01",
      "provider": "provider[\"registry.terraform.io/hashicorp/aws\"]",
      "instances": [
        {
          "index_key": 0,
          "schema_version": 0,
          "attributes": {
            "bucket": "edo-alb-logs-lh-891377135193",
            "id": "edo-alb-logs-lh-891377135193",
            "region": "ap-northeast-1",
            "rule": [
              {
                "object_ownership": "BucketOwnerPreferred"
              }
            ]
          },
          "sensitive_attributes": [],
          "identity_schema_version": 0,
          "identity": {
            "account_id": "891377135193",
            "bucket": "edo-alb-logs-lh-891377135193",
            "region": "ap-northeast-1"
          },
          "private": "bnVsbA==",
          "dependencies": [
            "aws_s3_bucket.edo_alb_logs_bucket01"
          ]
        }
      ]
    },
    {
      "mode": "managed",
      "type": "aws_s3_bucket_policy",
      "name": "edo_alb_logs_policy01",
      "provider": "provider[\"registry.terraform.io/hashicorp/aws\"]",
      "instances": [
        {
          "index_key": 0,
          "schema_version": 0,
          "attributes": {
            "bucket": "edo-alb-logs-lh-891377135193",
            "id": "edo-alb-logs-lh-891377135193",
            "policy": "{\"Statement\":[{\"Action\":\"s3:*\",\"Condition\":{\"Bool\":{\"aws:SecureTransport\":\"false\"}},\"Effect\":\"Deny\",\"Principal\":\"*\",\"Resource\":[\"arn:aws:s3:::edo-alb-logs-lh-891377135193\",\"arn:aws:s3:::edo-alb-logs-lh-891377135193/*\"],\"Sid\":\"DenyInsecureTransport\"},{\"Action\":\"s3:PutObject\",\"Effect\":\"Allow\",\"Principal\":{\"Service\":\"logdelivery.elasticloadbalancing.amazonaws.com\"},\"Resource\":\"arn:aws:s3:::edo-alb-logs-lh-891377135193/alb-access-logs/AWSLogs/891377135193/*\",\"Sid\":\"AllowELBPutObject\"}],\"Version\":\"2012-10-17\"}",
            "region": "ap-northeast-1"
          },
          "sensitive_attributes": [],
          "identity_schema_version": 0,
          "identity": {
            "account_id": "891377135193",
            "bucket": "edo-alb-logs-lh-891377135193",
            "region": "ap-northeast-1"
          },
          "private": "bnVsbA==",
          "dependencies": [
            "aws_s3_bucket.edo_alb_logs_bucket01",
            "data.aws_caller_identity.edo_self01"
          ]
        }
      ]
    },
    {
      "mode": "managed",
      "type": "aws_s3_bucket_public_access_block",
      "name": "edo_alb_logs_pab01",
      "provider": "provider[\"registry.terraform.io/hashicorp/aws\"]",
      "instances": [
        {
          "index_key": 0,
          "schema_version": 0,
          "attributes": {
            "block_public_acls": true,
            "block_public_policy": true,
            "bucket": "edo-alb-logs-lh-891377135193",
            "id": "edo-alb-logs-lh-891377135193",
            "ignore_public_acls": true,
            "region": "ap-northeast-1",
            "restrict_public_buckets": true,
            "skip_destroy": null
          },
          "sensitive_attributes": [],
          "identity_schema_version": 0,
          "identity": {
            "account_id": "891377135193",
            "bucket": "edo-alb-logs-lh-891377135193",
            "region": "ap-northeast-1"
          },
          "private": "bnVsbA==",
          "dependencies": [
            "aws_s3_bucket.edo_alb_logs_bucket01"
          ]
        }
      ]
    },
    {
      "mode": "managed",
      "type": "aws_secretsmanager_secret",
      "name": "edo_db_secret01",
      "provider": "provider[\"registry.terraform.io/hashicorp/aws\"]",
      "instances": [
        {
          "schema_version": 0,
          "attributes": {
            "arn": "arn:aws:secretsmanager:ap-northeast-1:891377135193:secret:edo/rds/mysql-NFFPfN",
            "description": "",
            "force_overwrite_replica_secret": false,
            "id": "arn:aws:secretsmanager:ap-northeast-1:891377135193:secret:edo/rds/mysql-NFFPfN",
            "kms_key_id": "",
            "name": "edo/rds/mysql",
            "name_prefix": "",
            "policy": "",
            "recovery_window_in_days": 0,
            "region": "ap-northeast-1",
            "replica": [],
            "tags": {},
            "tags_all": {}
          },
          "sensitive_attributes": [],
          "identity_schema_version": 0,
          "identity": {
            "arn": "arn:aws:secretsmanager:ap-northeast-1:891377135193:secret:edo/rds/mysql-NFFPfN"
          },
          "private": "bnVsbA=="
        }
      ]
    },
    {
      "mode": "managed",
      "type": "aws_secretsmanager_secret_version",
      "name": "edo_db_secret_version01",
      "provider": "provider[\"registry.terraform.io/hashicorp/aws\"]",
      "instances": [
        {
          "schema_version": 0,
          "attributes": {
            "arn": "arn:aws:secretsmanager:ap-northeast-1:891377135193:secret:edo/rds/mysql-NFFPfN",
            "has_secret_string_wo": null,
            "id": "arn:aws:secretsmanager:ap-northeast-1:891377135193:secret:edo/rds/mysql-NFFPfN|terraform-2026012713204598190000000f",
            "region": "ap-northeast-1",
            "secret_binary": "",
            "secret_id": "arn:aws:secretsmanager:ap-northeast-1:891377135193:secret:edo/rds/mysql-NFFPfN",
            "secret_string": "{\"dbname\":\"labdb\",\"host\":\"edo-rds01.c9akgwocs3g5.ap-northeast-1.rds.amazonaws.com\",\"password\":\"Broth3rH00d\",\"port\":3306,\"username\":\"admiral\"}",
            "secret_string_wo": null,
            "secret_string_wo_version": null,
            "version_id": "terraform-2026012713204598190000000f",
            "version_stages": [
              "AWSCURRENT"
            ]
          },
          "sensitive_attributes": [
            [
              {
                "type": "get_attr",
                "value": "secret_binary"
              }
            ],
            [
              {
                "type": "get_attr",
                "value": "secret_string"
              }
            ],
            [
              {
                "type": "get_attr",
                "value": "secret_string_wo"
              }
            ]
          ],
          "identity_schema_version": 0,
          "identity": {
            "account_id": "891377135193",
            "region": "ap-northeast-1",
            "secret_id": "arn:aws:secretsmanager:ap-northeast-1:891377135193:secret:edo/rds/mysql-NFFPfN",
            "version_id": "terraform-2026012713204598190000000f"
          },
          "private": "bnVsbA==",
          "dependencies": [
            "aws_db_instance.edo_rds01",
            "aws_db_subnet_group.edo_rds_subnet_group01",
            "aws_secretsmanager_secret.edo_db_secret01",
            "aws_security_group.edo_rds_sg01",
            "aws_subnet.edo_private_subnets",
            "aws_vpc.edo_vpc01"
          ]
        }
      ]
    },
    {
      "mode": "managed",
      "type": "aws_security_group",
      "name": "edo_alb_sg01",
      "provider": "provider[\"registry.terraform.io/hashicorp/aws\"]",
      "instances": [
        {
          "schema_version": 1,
          "attributes": {
            "arn": "arn:aws:ec2:ap-northeast-1:891377135193:security-group/sg-09b185193fa58a716",
            "description": "ALB security group",
            "egress": [
              {
                "cidr_blocks": [
                  "0.0.0.0/0"
                ],
                "description": "",
                "from_port": 0,
                "ipv6_cidr_blocks": [],
                "prefix_list_ids": [],
                "protocol": "-1",
                "security_groups": [],
                "self": false,
                "to_port": 0
              }
            ],
            "id": "sg-09b185193fa58a716",
            "ingress": [
              {
                "cidr_blocks": [
                  "0.0.0.0/0"
                ],
                "description": "",
                "from_port": 80,
                "ipv6_cidr_blocks": [],
                "prefix_list_ids": [],
                "protocol": "tcp",
                "security_groups": [],
                "self": false,
                "to_port": 80
              },
              {
                "cidr_blocks": [],
                "description": "",
                "from_port": 443,
                "ipv6_cidr_blocks": [],
                "prefix_list_ids": [
                  "pl-58a04531"
                ],
                "protocol": "tcp",
                "security_groups": [],
                "self": false,
                "to_port": 443
              }
            ],
            "name": "edo-alb-sg01",
            "name_prefix": "",
            "owner_id": "891377135193",
            "region": "ap-northeast-1",
            "revoke_rules_on_delete": false,
            "tags": {
              "Name": "edo-alb-sg01"
            },
            "tags_all": {
              "Name": "edo-alb-sg01"
            },
            "timeouts": null,
            "vpc_id": "vpc-001f81913f53f1175"
          },
          "sensitive_attributes": [],
          "identity_schema_version": 0,
          "identity": {
            "account_id": "891377135193",
            "id": "sg-09b185193fa58a716",
            "region": "ap-northeast-1"
          },
          "private": "eyJlMmJmYjczMC1lY2FhLTExZTYtOGY4OC0zNDM2M2JjN2M0YzAiOnsiY3JlYXRlIjo2MDAwMDAwMDAwMDAsImRlbGV0ZSI6OTAwMDAwMDAwMDAwfSwic2NoZW1hX3ZlcnNpb24iOiIxIn0=",
          "dependencies": [
            "aws_vpc.edo_vpc01"
          ]
        }
      ]
    },
    {
      "mode": "managed",
      "type": "aws_security_group",
      "name": "edo_ec2_sg01",
      "provider": "provider[\"registry.terraform.io/hashicorp/aws\"]",
      "instances": [
        {
          "schema_version": 1,
          "attributes": {
            "arn": "arn:aws:ec2:ap-northeast-1:891377135193:security-group/sg-098606ea2f4ffa13e",
            "description": "EC2 app security group",
            "egress": [
              {
                "cidr_blocks": [
                  "0.0.0.0/0"
                ],
                "description": "",
                "from_port": 0,
                "ipv6_cidr_blocks": [],
                "prefix_list_ids": [],
                "protocol": "-1",
                "security_groups": [],
                "self": false,
                "to_port": 0
              }
            ],
            "id": "sg-098606ea2f4ffa13e",
            "ingress": [
              {
                "cidr_blocks": [],
                "description": "",
                "from_port": 80,
                "ipv6_cidr_blocks": [],
                "prefix_list_ids": [],
                "protocol": "tcp",
                "security_groups": [
                  "sg-09b185193fa58a716"
                ],
                "self": false,
                "to_port": 80
              }
            ],
            "name": "edo-ec2-sg01",
            "name_prefix": "",
            "owner_id": "891377135193",
            "region": "ap-northeast-1",
            "revoke_rules_on_delete": false,
            "tags": {
              "Name": "edo-ec2-sg01"
            },
            "tags_all": {
              "Name": "edo-ec2-sg01"
            },
            "timeouts": null,
            "vpc_id": "vpc-001f81913f53f1175"
          },
          "sensitive_attributes": [],
          "identity_schema_version": 0,
          "identity": {
            "account_id": "891377135193",
            "id": "sg-098606ea2f4ffa13e",
            "region": "ap-northeast-1"
          },
          "private": "eyJlMmJmYjczMC1lY2FhLTExZTYtOGY4OC0zNDM2M2JjN2M0YzAiOnsiY3JlYXRlIjo2MDAwMDAwMDAwMDAsImRlbGV0ZSI6OTAwMDAwMDAwMDAwfSwic2NoZW1hX3ZlcnNpb24iOiIxIn0=",
          "dependencies": [
            "aws_vpc.edo_vpc01"
          ],
          "create_before_destroy": true
        }
      ]
    },
    {
      "mode": "managed",
      "type": "aws_security_group",
      "name": "edo_rds_sg01",
      "provider": "provider[\"registry.terraform.io/hashicorp/aws\"]",
      "instances": [
        {
          "schema_version": 1,
          "attributes": {
            "arn": "arn:aws:ec2:ap-northeast-1:891377135193:security-group/sg-0a25e40dada084eeb",
            "description": "RDS security group",
            "egress": [
              {
                "cidr_blocks": [
                  "0.0.0.0/0"
                ],
                "description": "Allow all outbound traffic",
                "from_port": 0,
                "ipv6_cidr_blocks": [],
                "prefix_list_ids": [],
                "protocol": "-1",
                "security_groups": [],
                "self": false,
                "to_port": 0
              }
            ],
            "id": "sg-0a25e40dada084eeb",
            "ingress": [
              {
                "cidr_blocks": [],
                "description": "Allow MySQL access only from app tier EC2 instances",
                "from_port": 3306,
                "ipv6_cidr_blocks": [],
                "prefix_list_ids": [],
                "protocol": "tcp",
                "security_groups": [
                  "sg-098606ea2f4ffa13e"
                ],
                "self": false,
                "to_port": 3306
              }
            ],
            "name": "edo-rds-sg01",
            "name_prefix": "",
            "owner_id": "891377135193",
            "region": "ap-northeast-1",
            "revoke_rules_on_delete": false,
            "tags": {
              "Name": "edo-rds-sg01"
            },
            "tags_all": {
              "Name": "edo-rds-sg01"
            },
            "timeouts": null,
            "vpc_id": "vpc-001f81913f53f1175"
          },
          "sensitive_attributes": [],
          "identity_schema_version": 0,
          "identity": {
            "account_id": "891377135193",
            "id": "sg-0a25e40dada084eeb",
            "region": "ap-northeast-1"
          },
          "private": "eyJlMmJmYjczMC1lY2FhLTExZTYtOGY4OC0zNDM2M2JjN2M0YzAiOnsiY3JlYXRlIjo2MDAwMDAwMDAwMDAsImRlbGV0ZSI6OTAwMDAwMDAwMDAwfSwic2NoZW1hX3ZlcnNpb24iOiIxIn0=",
          "dependencies": [
            "aws_vpc.edo_vpc01"
          ]
        }
      ]
    },
    {
      "mode": "managed",
      "type": "aws_security_group",
      "name": "edo_vpce_sg01",
      "provider": "provider[\"registry.terraform.io/hashicorp/aws\"]",
      "instances": [
        {
          "schema_version": 1,
          "attributes": {
            "arn": "arn:aws:ec2:ap-northeast-1:891377135193:security-group/sg-08663df0278f368c8",
            "description": "SG for VPC Interface Endpoints",
            "egress": [
              {
                "cidr_blocks": [
                  "0.0.0.0/0"
                ],
                "description": "Allow all outbound traffic",
                "from_port": 0,
                "ipv6_cidr_blocks": [],
                "prefix_list_ids": [],
                "protocol": "-1",
                "security_groups": [],
                "self": false,
                "to_port": 0
              }
            ],
            "id": "sg-08663df0278f368c8",
            "ingress": [
              {
                "cidr_blocks": [],
                "description": "Allow EC2 SG access only for 443",
                "from_port": 443,
                "ipv6_cidr_blocks": [],
                "prefix_list_ids": [],
                "protocol": "tcp",
                "security_groups": [
                  "sg-098606ea2f4ffa13e"
                ],
                "self": false,
                "to_port": 443
              }
            ],
            "name": "edo-vpce-sg01",
            "name_prefix": "",
            "owner_id": "891377135193",
            "region": "ap-northeast-1",
            "revoke_rules_on_delete": false,
            "tags": {
              "Name": "edo-vpce-sg01"
            },
            "tags_all": {
              "Name": "edo-vpce-sg01"
            },
            "timeouts": null,
            "vpc_id": "vpc-001f81913f53f1175"
          },
          "sensitive_attributes": [],
          "identity_schema_version": 0,
          "identity": {
            "account_id": "891377135193",
            "id": "sg-08663df0278f368c8",
            "region": "ap-northeast-1"
          },
          "private": "eyJlMmJmYjczMC1lY2FhLTExZTYtOGY4OC0zNDM2M2JjN2M0YzAiOnsiY3JlYXRlIjo2MDAwMDAwMDAwMDAsImRlbGV0ZSI6OTAwMDAwMDAwMDAwfSwic2NoZW1hX3ZlcnNpb24iOiIxIn0=",
          "dependencies": [
            "aws_vpc.edo_vpc01"
          ]
        }
      ]
    },
    {
      "mode": "managed",
      "type": "aws_sns_topic",
      "name": "edo_sns_topic01",
      "provider": "provider[\"registry.terraform.io/hashicorp/aws\"]",
      "instances": [
        {
          "schema_version": 0,
          "attributes": {
            "application_failure_feedback_role_arn": "",
            "application_success_feedback_role_arn": "",
            "application_success_feedback_sample_rate": 0,
            "archive_policy": "",
            "arn": "arn:aws:sns:ap-northeast-1:891377135193:edo-db-incidents",
            "beginning_archive_time": "",
            "content_based_deduplication": false,
            "delivery_policy": "",
            "display_name": "",
            "fifo_throughput_scope": "",
            "fifo_topic": false,
            "firehose_failure_feedback_role_arn": "",
            "firehose_success_feedback_role_arn": "",
            "firehose_success_feedback_sample_rate": 0,
            "http_failure_feedback_role_arn": "",
            "http_success_feedback_role_arn": "",
            "http_success_feedback_sample_rate": 0,
            "id": "arn:aws:sns:ap-northeast-1:891377135193:edo-db-incidents",
            "kms_master_key_id": "",
            "lambda_failure_feedback_role_arn": "",
            "lambda_success_feedback_role_arn": "",
            "lambda_success_feedback_sample_rate": 0,
            "name": "edo-db-incidents",
            "name_prefix": "",
            "owner": "891377135193",
            "policy": "{\"Id\":\"__default_policy_ID\",\"Statement\":[{\"Action\":[\"SNS:GetTopicAttributes\",\"SNS:SetTopicAttributes\",\"SNS:AddPermission\",\"SNS:RemovePermission\",\"SNS:DeleteTopic\",\"SNS:Subscribe\",\"SNS:ListSubscriptionsByTopic\",\"SNS:Publish\"],\"Condition\":{\"StringEquals\":{\"AWS:SourceOwner\":\"891377135193\"}},\"Effect\":\"Allow\",\"Principal\":{\"AWS\":\"*\"},\"Resource\":\"arn:aws:sns:ap-northeast-1:891377135193:edo-db-incidents\",\"Sid\":\"__default_statement_ID\"}],\"Version\":\"2008-10-17\"}",
            "region": "ap-northeast-1",
            "signature_version": 0,
            "sqs_failure_feedback_role_arn": "",
            "sqs_success_feedback_role_arn": "",
            "sqs_success_feedback_sample_rate": 0,
            "tags": {},
            "tags_all": {},
            "tracing_config": ""
          },
          "sensitive_attributes": [],
          "identity_schema_version": 0,
          "identity": {
            "arn": "arn:aws:sns:ap-northeast-1:891377135193:edo-db-incidents"
          },
          "private": "bnVsbA=="
        }
      ]
    },
    {
      "mode": "managed",
      "type": "aws_sns_topic_subscription",
      "name": "edo_sns_sub01",
      "provider": "provider[\"registry.terraform.io/hashicorp/aws\"]",
      "instances": [
        {
          "schema_version": 0,
          "attributes": {
            "arn": "arn:aws:sns:ap-northeast-1:891377135193:edo-db-incidents:98efac50-4506-4ad1-836e-f570583771f5",
            "confirmation_timeout_in_minutes": 1,
            "confirmation_was_authenticated": false,
            "delivery_policy": "",
            "endpoint": "larrygharris76@gmail.com",
            "endpoint_auto_confirms": false,
            "filter_policy": "",
            "filter_policy_scope": "",
            "id": "arn:aws:sns:ap-northeast-1:891377135193:edo-db-incidents:98efac50-4506-4ad1-836e-f570583771f5",
            "owner_id": "891377135193",
            "pending_confirmation": true,
            "protocol": "email",
            "raw_message_delivery": false,
            "redrive_policy": "",
            "region": "ap-northeast-1",
            "replay_policy": "",
            "subscription_role_arn": "",
            "topic_arn": "arn:aws:sns:ap-northeast-1:891377135193:edo-db-incidents"
          },
          "sensitive_attributes": [],
          "identity_schema_version": 0,
          "identity": {
            "arn": "arn:aws:sns:ap-northeast-1:891377135193:edo-db-incidents:98efac50-4506-4ad1-836e-f570583771f5"
          },
          "private": "bnVsbA==",
          "dependencies": [
            "aws_sns_topic.edo_sns_topic01"
          ]
        }
      ]
    },
    {
      "mode": "managed",
      "type": "aws_ssm_parameter",
      "name": "edo_db_endpoint_param",
      "provider": "provider[\"registry.terraform.io/hashicorp/aws\"]",
      "instances": [
        {
          "schema_version": 0,
          "attributes": {
            "allowed_pattern": "",
            "arn": "arn:aws:ssm:ap-northeast-1:891377135193:parameter/edo/db/endpoint",
            "data_type": "text",
            "description": "",
            "has_value_wo": false,
            "id": "/edo/db/endpoint",
            "insecure_value": null,
            "key_id": "",
            "name": "/edo/db/endpoint",
            "overwrite": null,
            "region": "ap-northeast-1",
            "tags": {
              "Name": "edo-param-db-endpoint"
            },
            "tags_all": {
              "Name": "edo-param-db-endpoint"
            },
            "tier": "Standard",
            "type": "String",
            "value": "edo-rds01.c9akgwocs3g5.ap-northeast-1.rds.amazonaws.com",
            "value_wo": null,
            "value_wo_version": null,
            "version": 1
          },
          "sensitive_attributes": [
            [
              {
                "type": "get_attr",
                "value": "value"
              }
            ],
            [
              {
                "type": "get_attr",
                "value": "value_wo"
              }
            ]
          ],
          "identity_schema_version": 0,
          "identity": {
            "account_id": "891377135193",
            "name": "/edo/db/endpoint",
            "region": "ap-northeast-1"
          },
          "private": "bnVsbA==",
          "dependencies": [
            "aws_db_instance.edo_rds01",
            "aws_db_subnet_group.edo_rds_subnet_group01",
            "aws_security_group.edo_rds_sg01",
            "aws_subnet.edo_private_subnets",
            "aws_vpc.edo_vpc01"
          ]
        }
      ]
    },
    {
      "mode": "managed",
      "type": "aws_ssm_parameter",
      "name": "edo_db_name_param",
      "provider": "provider[\"registry.terraform.io/hashicorp/aws\"]",
      "instances": [
        {
          "schema_version": 0,
          "attributes": {
            "allowed_pattern": "",
            "arn": "arn:aws:ssm:ap-northeast-1:891377135193:parameter/edo/db/name",
            "data_type": "text",
            "description": "",
            "has_value_wo": false,
            "id": "/edo/db/name",
            "insecure_value": null,
            "key_id": "",
            "name": "/edo/db/name",
            "overwrite": null,
            "region": "ap-northeast-1",
            "tags": {
              "Name": "edo-param-db-name"
            },
            "tags_all": {
              "Name": "edo-param-db-name"
            },
            "tier": "Standard",
            "type": "String",
            "value": "labdb",
            "value_wo": null,
            "value_wo_version": null,
            "version": 1
          },
          "sensitive_attributes": [
            [
              {
                "type": "get_attr",
                "value": "value"
              }
            ],
            [
              {
                "type": "get_attr",
                "value": "value_wo"
              }
            ]
          ],
          "identity_schema_version": 0,
          "identity": {
            "account_id": "891377135193",
            "name": "/edo/db/name",
            "region": "ap-northeast-1"
          },
          "private": "bnVsbA=="
        }
      ]
    },
    {
      "mode": "managed",
      "type": "aws_ssm_parameter",
      "name": "edo_db_port_param",
      "provider": "provider[\"registry.terraform.io/hashicorp/aws\"]",
      "instances": [
        {
          "schema_version": 0,
          "attributes": {
            "allowed_pattern": "",
            "arn": "arn:aws:ssm:ap-northeast-1:891377135193:parameter/edo/db/port",
            "data_type": "text",
            "description": "",
            "has_value_wo": false,
            "id": "/edo/db/port",
            "insecure_value": null,
            "key_id": "",
            "name": "/edo/db/port",
            "overwrite": null,
            "region": "ap-northeast-1",
            "tags": {
              "Name": "edo-param-db-port"
            },
            "tags_all": {
              "Name": "edo-param-db-port"
            },
            "tier": "Standard",
            "type": "String",
            "value": "3306",
            "value_wo": null,
            "value_wo_version": null,
            "version": 1
          },
          "sensitive_attributes": [
            [
              {
                "type": "get_attr",
                "value": "value"
              }
            ],
            [
              {
                "type": "get_attr",
                "value": "value_wo"
              }
            ]
          ],
          "identity_schema_version": 0,
          "identity": {
            "account_id": "891377135193",
            "name": "/edo/db/port",
            "region": "ap-northeast-1"
          },
          "private": "bnVsbA==",
          "dependencies": [
            "aws_db_instance.edo_rds01",
            "aws_db_subnet_group.edo_rds_subnet_group01",
            "aws_security_group.edo_rds_sg01",
            "aws_subnet.edo_private_subnets",
            "aws_vpc.edo_vpc01"
          ]
        }
      ]
    },
    {
      "mode": "managed",
      "type": "aws_subnet",
      "name": "edo_private_subnets",
      "provider": "provider[\"registry.terraform.io/hashicorp/aws\"]",
      "instances": [
        {
          "index_key": 0,
          "schema_version": 1,
          "attributes": {
            "arn": "arn:aws:ec2:ap-northeast-1:891377135193:subnet/subnet-0cfdc7c71090c244d",
            "assign_ipv6_address_on_creation": false,
            "availability_zone": "ap-northeast-1a",
            "availability_zone_id": "apne1-az4",
            "cidr_block": "10.81.101.0/24",
            "customer_owned_ipv4_pool": "",
            "enable_dns64": false,
            "enable_lni_at_device_index": 0,
            "enable_resource_name_dns_a_record_on_launch": false,
            "enable_resource_name_dns_aaaa_record_on_launch": false,
            "id": "subnet-0cfdc7c71090c244d",
            "ipv6_cidr_block": "",
            "ipv6_cidr_block_association_id": "",
            "ipv6_native": false,
            "map_customer_owned_ip_on_launch": false,
            "map_public_ip_on_launch": false,
            "outpost_arn": "",
            "owner_id": "891377135193",
            "private_dns_hostname_type_on_launch": "ip-name",
            "region": "ap-northeast-1",
            "tags": {
              "Name": "edo-private-subnet01"
            },
            "tags_all": {
              "Name": "edo-private-subnet01"
            },
            "timeouts": null,
            "vpc_id": "vpc-001f81913f53f1175"
          },
          "sensitive_attributes": [],
          "identity_schema_version": 0,
          "identity": {
            "account_id": "891377135193",
            "id": "subnet-0cfdc7c71090c244d",
            "region": "ap-northeast-1"
          },
          "private": "eyJlMmJmYjczMC1lY2FhLTExZTYtOGY4OC0zNDM2M2JjN2M0YzAiOnsiY3JlYXRlIjo2MDAwMDAwMDAwMDAsImRlbGV0ZSI6MTIwMDAwMDAwMDAwMH0sInNjaGVtYV92ZXJzaW9uIjoiMSJ9",
          "dependencies": [
            "aws_vpc.edo_vpc01"
          ]
        },
        {
          "index_key": 1,
          "schema_version": 1,
          "attributes": {
            "arn": "arn:aws:ec2:ap-northeast-1:891377135193:subnet/subnet-08168d025c22213f5",
            "assign_ipv6_address_on_creation": false,
            "availability_zone": "ap-northeast-1c",
            "availability_zone_id": "apne1-az1",
            "cidr_block": "10.81.102.0/24",
            "customer_owned_ipv4_pool": "",
            "enable_dns64": false,
            "enable_lni_at_device_index": 0,
            "enable_resource_name_dns_a_record_on_launch": false,
            "enable_resource_name_dns_aaaa_record_on_launch": false,
            "id": "subnet-08168d025c22213f5",
            "ipv6_cidr_block": "",
            "ipv6_cidr_block_association_id": "",
            "ipv6_native": false,
            "map_customer_owned_ip_on_launch": false,
            "map_public_ip_on_launch": false,
            "outpost_arn": "",
            "owner_id": "891377135193",
            "private_dns_hostname_type_on_launch": "ip-name",
            "region": "ap-northeast-1",
            "tags": {
              "Name": "edo-private-subnet02"
            },
            "tags_all": {
              "Name": "edo-private-subnet02"
            },
            "timeouts": null,
            "vpc_id": "vpc-001f81913f53f1175"
          },
          "sensitive_attributes": [],
          "identity_schema_version": 0,
          "identity": {
            "account_id": "891377135193",
            "id": "subnet-08168d025c22213f5",
            "region": "ap-northeast-1"
          },
          "private": "eyJlMmJmYjczMC1lY2FhLTExZTYtOGY4OC0zNDM2M2JjN2M0YzAiOnsiY3JlYXRlIjo2MDAwMDAwMDAwMDAsImRlbGV0ZSI6MTIwMDAwMDAwMDAwMH0sInNjaGVtYV92ZXJzaW9uIjoiMSJ9",
          "dependencies": [
            "aws_vpc.edo_vpc01"
          ]
        },
        {
          "index_key": 2,
          "schema_version": 1,
          "attributes": {
            "arn": "arn:aws:ec2:ap-northeast-1:891377135193:subnet/subnet-08141a3c624b3dbea",
            "assign_ipv6_address_on_creation": false,
            "availability_zone": "ap-northeast-1d",
            "availability_zone_id": "apne1-az2",
            "cidr_block": "10.81.103.0/24",
            "customer_owned_ipv4_pool": "",
            "enable_dns64": false,
            "enable_lni_at_device_index": 0,
            "enable_resource_name_dns_a_record_on_launch": false,
            "enable_resource_name_dns_aaaa_record_on_launch": false,
            "id": "subnet-08141a3c624b3dbea",
            "ipv6_cidr_block": "",
            "ipv6_cidr_block_association_id": "",
            "ipv6_native": false,
            "map_customer_owned_ip_on_launch": false,
            "map_public_ip_on_launch": false,
            "outpost_arn": "",
            "owner_id": "891377135193",
            "private_dns_hostname_type_on_launch": "ip-name",
            "region": "ap-northeast-1",
            "tags": {
              "Name": "edo-private-subnet03"
            },
            "tags_all": {
              "Name": "edo-private-subnet03"
            },
            "timeouts": null,
            "vpc_id": "vpc-001f81913f53f1175"
          },
          "sensitive_attributes": [],
          "identity_schema_version": 0,
          "identity": {
            "account_id": "891377135193",
            "id": "subnet-08141a3c624b3dbea",
            "region": "ap-northeast-1"
          },
          "private": "eyJlMmJmYjczMC1lY2FhLTExZTYtOGY4OC0zNDM2M2JjN2M0YzAiOnsiY3JlYXRlIjo2MDAwMDAwMDAwMDAsImRlbGV0ZSI6MTIwMDAwMDAwMDAwMH0sInNjaGVtYV92ZXJzaW9uIjoiMSJ9",
          "dependencies": [
            "aws_vpc.edo_vpc01"
          ]
        }
      ]
    },
    {
      "mode": "managed",
      "type": "aws_subnet",
      "name": "edo_public_subnets",
      "provider": "provider[\"registry.terraform.io/hashicorp/aws\"]",
      "instances": [
        {
          "index_key": 0,
          "schema_version": 1,
          "attributes": {
            "arn": "arn:aws:ec2:ap-northeast-1:891377135193:subnet/subnet-0048df094497b054e",
            "assign_ipv6_address_on_creation": false,
            "availability_zone": "ap-northeast-1a",
            "availability_zone_id": "apne1-az4",
            "cidr_block": "10.81.1.0/24",
            "customer_owned_ipv4_pool": "",
            "enable_dns64": false,
            "enable_lni_at_device_index": 0,
            "enable_resource_name_dns_a_record_on_launch": false,
            "enable_resource_name_dns_aaaa_record_on_launch": false,
            "id": "subnet-0048df094497b054e",
            "ipv6_cidr_block": "",
            "ipv6_cidr_block_association_id": "",
            "ipv6_native": false,
            "map_customer_owned_ip_on_launch": false,
            "map_public_ip_on_launch": true,
            "outpost_arn": "",
            "owner_id": "891377135193",
            "private_dns_hostname_type_on_launch": "ip-name",
            "region": "ap-northeast-1",
            "tags": {
              "Name": "edo-public-subnet01"
            },
            "tags_all": {
              "Name": "edo-public-subnet01"
            },
            "timeouts": null,
            "vpc_id": "vpc-001f81913f53f1175"
          },
          "sensitive_attributes": [],
          "identity_schema_version": 0,
          "identity": {
            "account_id": "891377135193",
            "id": "subnet-0048df094497b054e",
            "region": "ap-northeast-1"
          },
          "private": "eyJlMmJmYjczMC1lY2FhLTExZTYtOGY4OC0zNDM2M2JjN2M0YzAiOnsiY3JlYXRlIjo2MDAwMDAwMDAwMDAsImRlbGV0ZSI6MTIwMDAwMDAwMDAwMH0sInNjaGVtYV92ZXJzaW9uIjoiMSJ9",
          "dependencies": [
            "aws_vpc.edo_vpc01"
          ]
        },
        {
          "index_key": 1,
          "schema_version": 1,
          "attributes": {
            "arn": "arn:aws:ec2:ap-northeast-1:891377135193:subnet/subnet-02205f870c70f9288",
            "assign_ipv6_address_on_creation": false,
            "availability_zone": "ap-northeast-1c",
            "availability_zone_id": "apne1-az1",
            "cidr_block": "10.81.2.0/24",
            "customer_owned_ipv4_pool": "",
            "enable_dns64": false,
            "enable_lni_at_device_index": 0,
            "enable_resource_name_dns_a_record_on_launch": false,
            "enable_resource_name_dns_aaaa_record_on_launch": false,
            "id": "subnet-02205f870c70f9288",
            "ipv6_cidr_block": "",
            "ipv6_cidr_block_association_id": "",
            "ipv6_native": false,
            "map_customer_owned_ip_on_launch": false,
            "map_public_ip_on_launch": true,
            "outpost_arn": "",
            "owner_id": "891377135193",
            "private_dns_hostname_type_on_launch": "ip-name",
            "region": "ap-northeast-1",
            "tags": {
              "Name": "edo-public-subnet02"
            },
            "tags_all": {
              "Name": "edo-public-subnet02"
            },
            "timeouts": null,
            "vpc_id": "vpc-001f81913f53f1175"
          },
          "sensitive_attributes": [],
          "identity_schema_version": 0,
          "identity": {
            "account_id": "891377135193",
            "id": "subnet-02205f870c70f9288",
            "region": "ap-northeast-1"
          },
          "private": "eyJlMmJmYjczMC1lY2FhLTExZTYtOGY4OC0zNDM2M2JjN2M0YzAiOnsiY3JlYXRlIjo2MDAwMDAwMDAwMDAsImRlbGV0ZSI6MTIwMDAwMDAwMDAwMH0sInNjaGVtYV92ZXJzaW9uIjoiMSJ9",
          "dependencies": [
            "aws_vpc.edo_vpc01"
          ]
        },
        {
          "index_key": 2,
          "schema_version": 1,
          "attributes": {
            "arn": "arn:aws:ec2:ap-northeast-1:891377135193:subnet/subnet-071bb09f495bb2bd6",
            "assign_ipv6_address_on_creation": false,
            "availability_zone": "ap-northeast-1d",
            "availability_zone_id": "apne1-az2",
            "cidr_block": "10.81.3.0/24",
            "customer_owned_ipv4_pool": "",
            "enable_dns64": false,
            "enable_lni_at_device_index": 0,
            "enable_resource_name_dns_a_record_on_launch": false,
            "enable_resource_name_dns_aaaa_record_on_launch": false,
            "id": "subnet-071bb09f495bb2bd6",
            "ipv6_cidr_block": "",
            "ipv6_cidr_block_association_id": "",
            "ipv6_native": false,
            "map_customer_owned_ip_on_launch": false,
            "map_public_ip_on_launch": true,
            "outpost_arn": "",
            "owner_id": "891377135193",
            "private_dns_hostname_type_on_launch": "ip-name",
            "region": "ap-northeast-1",
            "tags": {
              "Name": "edo-public-subnet03"
            },
            "tags_all": {
              "Name": "edo-public-subnet03"
            },
            "timeouts": null,
            "vpc_id": "vpc-001f81913f53f1175"
          },
          "sensitive_attributes": [],
          "identity_schema_version": 0,
          "identity": {
            "account_id": "891377135193",
            "id": "subnet-071bb09f495bb2bd6",
            "region": "ap-northeast-1"
          },
          "private": "eyJlMmJmYjczMC1lY2FhLTExZTYtOGY4OC0zNDM2M2JjN2M0YzAiOnsiY3JlYXRlIjo2MDAwMDAwMDAwMDAsImRlbGV0ZSI6MTIwMDAwMDAwMDAwMH0sInNjaGVtYV92ZXJzaW9uIjoiMSJ9",
          "dependencies": [
            "aws_vpc.edo_vpc01"
          ]
        }
      ]
    },
    {
      "mode": "managed",
      "type": "aws_vpc",
      "name": "edo_vpc01",
      "provider": "provider[\"registry.terraform.io/hashicorp/aws\"]",
      "instances": [
        {
          "schema_version": 1,
          "attributes": {
            "arn": "arn:aws:ec2:ap-northeast-1:891377135193:vpc/vpc-001f81913f53f1175",
            "assign_generated_ipv6_cidr_block": false,
            "cidr_block": "10.81.0.0/16",
            "default_network_acl_id": "acl-0010e997bcd836e9c",
            "default_route_table_id": "rtb-08667dcf2954a597f",
            "default_security_group_id": "sg-051eced64cbe9f476",
            "dhcp_options_id": "dopt-06001cad9a135c512",
            "enable_dns_hostnames": true,
            "enable_dns_support": true,
            "enable_network_address_usage_metrics": false,
            "id": "vpc-001f81913f53f1175",
            "instance_tenancy": "default",
            "ipv4_ipam_pool_id": null,
            "ipv4_netmask_length": null,
            "ipv6_association_id": "",
            "ipv6_cidr_block": "",
            "ipv6_cidr_block_network_border_group": "",
            "ipv6_ipam_pool_id": "",
            "ipv6_netmask_length": 0,
            "main_route_table_id": "rtb-08667dcf2954a597f",
            "owner_id": "891377135193",
            "region": "ap-northeast-1",
            "tags": {
              "Name": "edo-vpc01"
            },
            "tags_all": {
              "Name": "edo-vpc01"
            }
          },
          "sensitive_attributes": [],
          "identity_schema_version": 0,
          "identity": {
            "account_id": "891377135193",
            "id": "vpc-001f81913f53f1175",
            "region": "ap-northeast-1"
          },
          "private": "eyJzY2hlbWFfdmVyc2lvbiI6IjEifQ==",
          "create_before_destroy": true
        }
      ]
    },
    {
      "mode": "managed",
      "type": "aws_vpc_endpoint",
      "name": "edo_vpce_ec2messages01",
      "provider": "provider[\"registry.terraform.io/hashicorp/aws\"]",
      "instances": [
        {
          "schema_version": 0,
          "attributes": {
            "arn": "arn:aws:ec2:ap-northeast-1:891377135193:vpc-endpoint/vpce-0d575581ac1d4bf9c",
            "auto_accept": null,
            "cidr_blocks": [],
            "dns_entry": [
              {
                "dns_name": "vpce-0d575581ac1d4bf9c-jmuekadu.ec2messages.ap-northeast-1.vpce.amazonaws.com",
                "hosted_zone_id": "Z2E726K9Y6RL4W"
              },
              {
                "dns_name": "vpce-0d575581ac1d4bf9c-jmuekadu-ap-northeast-1d.ec2messages.ap-northeast-1.vpce.amazonaws.com",
                "hosted_zone_id": "Z2E726K9Y6RL4W"
              },
              {
                "dns_name": "vpce-0d575581ac1d4bf9c-jmuekadu-ap-northeast-1a.ec2messages.ap-northeast-1.vpce.amazonaws.com",
                "hosted_zone_id": "Z2E726K9Y6RL4W"
              },
              {
                "dns_name": "vpce-0d575581ac1d4bf9c-jmuekadu-ap-northeast-1c.ec2messages.ap-northeast-1.vpce.amazonaws.com",
                "hosted_zone_id": "Z2E726K9Y6RL4W"
              },
              {
                "dns_name": "ec2messages.ap-northeast-1.amazonaws.com",
                "hosted_zone_id": "Z05078082X0XX09SNVA5H"
              }
            ],
            "dns_options": [
              {
                "dns_record_ip_type": "ipv4",
                "private_dns_only_for_inbound_resolver_endpoint": false,
                "private_dns_preference": "",
                "private_dns_specified_domains": []
              }
            ],
            "id": "vpce-0d575581ac1d4bf9c",
            "ip_address_type": "ipv4",
            "network_interface_ids": [
              "eni-010baef7cac33cfab",
              "eni-05c7113aaa2949058",
              "eni-0f96154b0378718ca"
            ],
            "owner_id": "891377135193",
            "policy": "{\"Statement\":[{\"Action\":\"*\",\"Effect\":\"Allow\",\"Principal\":\"*\",\"Resource\":\"*\"}]}",
            "prefix_list_id": null,
            "private_dns_enabled": true,
            "region": "ap-northeast-1",
            "requester_managed": false,
            "resource_configuration_arn": "",
            "route_table_ids": [],
            "security_group_ids": [
              "sg-08663df0278f368c8"
            ],
            "service_name": "com.amazonaws.ap-northeast-1.ec2messages",
            "service_network_arn": "",
            "service_region": "ap-northeast-1",
            "state": "available",
            "subnet_configuration": [
              {
                "ipv4": "10.81.101.206",
                "ipv6": "",
                "subnet_id": "subnet-0cfdc7c71090c244d"
              },
              {
                "ipv4": "10.81.102.204",
                "ipv6": "",
                "subnet_id": "subnet-08168d025c22213f5"
              },
              {
                "ipv4": "10.81.103.87",
                "ipv6": "",
                "subnet_id": "subnet-08141a3c624b3dbea"
              }
            ],
            "subnet_ids": [
              "subnet-08141a3c624b3dbea",
              "subnet-08168d025c22213f5",
              "subnet-0cfdc7c71090c244d"
            ],
            "tags": {
              "Name": "edo-vpce-ec2messages01"
            },
            "tags_all": {
              "Name": "edo-vpce-ec2messages01"
            },
            "timeouts": null,
            "vpc_endpoint_type": "Interface",
            "vpc_id": "vpc-001f81913f53f1175"
          },
          "sensitive_attributes": [],
          "identity_schema_version": 0,
          "identity": {
            "account_id": "891377135193",
            "id": "vpce-0d575581ac1d4bf9c",
            "region": "ap-northeast-1"
          },
          "private": "eyJlMmJmYjczMC1lY2FhLTExZTYtOGY4OC0zNDM2M2JjN2M0YzAiOnsiY3JlYXRlIjo2MDAwMDAwMDAwMDAsImRlbGV0ZSI6NjAwMDAwMDAwMDAwLCJ1cGRhdGUiOjYwMDAwMDAwMDAwMH19",
          "dependencies": [
            "aws_security_group.edo_vpce_sg01",
            "aws_subnet.edo_private_subnets",
            "aws_vpc.edo_vpc01",
            "data.aws_region.edo_region01"
          ]
        }
      ]
    },
    {
      "mode": "managed",
      "type": "aws_vpc_endpoint",
      "name": "edo_vpce_kms01",
      "provider": "provider[\"registry.terraform.io/hashicorp/aws\"]",
      "instances": [
        {
          "schema_version": 0,
          "attributes": {
            "arn": "arn:aws:ec2:ap-northeast-1:891377135193:vpc-endpoint/vpce-0e6e8e30c2cf1e9b1",
            "auto_accept": null,
            "cidr_blocks": [],
            "dns_entry": [
              {
                "dns_name": "vpce-0e6e8e30c2cf1e9b1-vakmcqi6.kms.ap-northeast-1.vpce.amazonaws.com",
                "hosted_zone_id": "Z2E726K9Y6RL4W"
              },
              {
                "dns_name": "vpce-0e6e8e30c2cf1e9b1-vakmcqi6-ap-northeast-1a.kms.ap-northeast-1.vpce.amazonaws.com",
                "hosted_zone_id": "Z2E726K9Y6RL4W"
              },
              {
                "dns_name": "vpce-0e6e8e30c2cf1e9b1-vakmcqi6-ap-northeast-1c.kms.ap-northeast-1.vpce.amazonaws.com",
                "hosted_zone_id": "Z2E726K9Y6RL4W"
              },
              {
                "dns_name": "vpce-0e6e8e30c2cf1e9b1-vakmcqi6-ap-northeast-1d.kms.ap-northeast-1.vpce.amazonaws.com",
                "hosted_zone_id": "Z2E726K9Y6RL4W"
              },
              {
                "dns_name": "kms.ap-northeast-1.amazonaws.com",
                "hosted_zone_id": "Z05121962W067LQ7KBVVN"
              },
              {
                "dns_name": "kms.ap-northeast-1.api.aws",
                "hosted_zone_id": "Z02187713Q9SN9XK3V2NB"
              }
            ],
            "dns_options": [
              {
                "dns_record_ip_type": "ipv4",
                "private_dns_only_for_inbound_resolver_endpoint": false,
                "private_dns_preference": "",
                "private_dns_specified_domains": []
              }
            ],
            "id": "vpce-0e6e8e30c2cf1e9b1",
            "ip_address_type": "ipv4",
            "network_interface_ids": [
              "eni-047c7b2a9d8322ae0",
              "eni-053c6c1684265508f",
              "eni-09fef38e248ddd971"
            ],
            "owner_id": "891377135193",
            "policy": "{\"Statement\":[{\"Action\":\"*\",\"Effect\":\"Allow\",\"Principal\":\"*\",\"Resource\":\"*\"}]}",
            "prefix_list_id": null,
            "private_dns_enabled": true,
            "region": "ap-northeast-1",
            "requester_managed": false,
            "resource_configuration_arn": "",
            "route_table_ids": [],
            "security_group_ids": [
              "sg-08663df0278f368c8"
            ],
            "service_name": "com.amazonaws.ap-northeast-1.kms",
            "service_network_arn": "",
            "service_region": "ap-northeast-1",
            "state": "available",
            "subnet_configuration": [
              {
                "ipv4": "10.81.101.249",
                "ipv6": "",
                "subnet_id": "subnet-0cfdc7c71090c244d"
              },
              {
                "ipv4": "10.81.102.182",
                "ipv6": "",
                "subnet_id": "subnet-08168d025c22213f5"
              },
              {
                "ipv4": "10.81.103.207",
                "ipv6": "",
                "subnet_id": "subnet-08141a3c624b3dbea"
              }
            ],
            "subnet_ids": [
              "subnet-08141a3c624b3dbea",
              "subnet-08168d025c22213f5",
              "subnet-0cfdc7c71090c244d"
            ],
            "tags": {
              "Name": "edo-vpce-kms01"
            },
            "tags_all": {
              "Name": "edo-vpce-kms01"
            },
            "timeouts": null,
            "vpc_endpoint_type": "Interface",
            "vpc_id": "vpc-001f81913f53f1175"
          },
          "sensitive_attributes": [],
          "identity_schema_version": 0,
          "identity": {
            "account_id": "891377135193",
            "id": "vpce-0e6e8e30c2cf1e9b1",
            "region": "ap-northeast-1"
          },
          "private": "eyJlMmJmYjczMC1lY2FhLTExZTYtOGY4OC0zNDM2M2JjN2M0YzAiOnsiY3JlYXRlIjo2MDAwMDAwMDAwMDAsImRlbGV0ZSI6NjAwMDAwMDAwMDAwLCJ1cGRhdGUiOjYwMDAwMDAwMDAwMH19",
          "dependencies": [
            "aws_security_group.edo_vpce_sg01",
            "aws_subnet.edo_private_subnets",
            "aws_vpc.edo_vpc01",
            "data.aws_region.edo_region01"
          ]
        }
      ]
    },
    {
      "mode": "managed",
      "type": "aws_vpc_endpoint",
      "name": "edo_vpce_logs01",
      "provider": "provider[\"registry.terraform.io/hashicorp/aws\"]",
      "instances": [
        {
          "schema_version": 0,
          "attributes": {
            "arn": "arn:aws:ec2:ap-northeast-1:891377135193:vpc-endpoint/vpce-043b55bcf1b0d8a0d",
            "auto_accept": null,
            "cidr_blocks": [],
            "dns_entry": [
              {
                "dns_name": "vpce-043b55bcf1b0d8a0d-uy7h6m6f.logs.ap-northeast-1.vpce.amazonaws.com",
                "hosted_zone_id": "Z2E726K9Y6RL4W"
              },
              {
                "dns_name": "vpce-043b55bcf1b0d8a0d-uy7h6m6f-ap-northeast-1c.logs.ap-northeast-1.vpce.amazonaws.com",
                "hosted_zone_id": "Z2E726K9Y6RL4W"
              },
              {
                "dns_name": "vpce-043b55bcf1b0d8a0d-uy7h6m6f-ap-northeast-1d.logs.ap-northeast-1.vpce.amazonaws.com",
                "hosted_zone_id": "Z2E726K9Y6RL4W"
              },
              {
                "dns_name": "vpce-043b55bcf1b0d8a0d-uy7h6m6f-ap-northeast-1a.logs.ap-northeast-1.vpce.amazonaws.com",
                "hosted_zone_id": "Z2E726K9Y6RL4W"
              },
              {
                "dns_name": "logs.ap-northeast-1.amazonaws.com",
                "hosted_zone_id": "Z05134163K8BXNHLQA0U1"
              },
              {
                "dns_name": "logs.ap-northeast-1.api.aws",
                "hosted_zone_id": "Z051263818GMOZ2BH0N0X"
              },
              {
                "dns_name": "streaming-logs.ap-northeast-1.amazonaws.com",
                "hosted_zone_id": "Z04186397S8HYGO16L2P"
              },
              {
                "dns_name": "streaming-logs.ap-northeast-1.api.aws",
                "hosted_zone_id": "Z0513423TU7838VPXDQT"
              }
            ],
            "dns_options": [
              {
                "dns_record_ip_type": "ipv4",
                "private_dns_only_for_inbound_resolver_endpoint": false,
                "private_dns_preference": "",
                "private_dns_specified_domains": []
              }
            ],
            "id": "vpce-043b55bcf1b0d8a0d",
            "ip_address_type": "ipv4",
            "network_interface_ids": [
              "eni-095e219919de2ef65",
              "eni-0ab7b766e90d8b200",
              "eni-0d3421ea39dac419a"
            ],
            "owner_id": "891377135193",
            "policy": "{\"Statement\":[{\"Action\":\"*\",\"Effect\":\"Allow\",\"Principal\":\"*\",\"Resource\":\"*\"}]}",
            "prefix_list_id": null,
            "private_dns_enabled": true,
            "region": "ap-northeast-1",
            "requester_managed": false,
            "resource_configuration_arn": "",
            "route_table_ids": [],
            "security_group_ids": [
              "sg-08663df0278f368c8"
            ],
            "service_name": "com.amazonaws.ap-northeast-1.logs",
            "service_network_arn": "",
            "service_region": "ap-northeast-1",
            "state": "available",
            "subnet_configuration": [
              {
                "ipv4": "10.81.101.215",
                "ipv6": "",
                "subnet_id": "subnet-0cfdc7c71090c244d"
              },
              {
                "ipv4": "10.81.102.238",
                "ipv6": "",
                "subnet_id": "subnet-08168d025c22213f5"
              },
              {
                "ipv4": "10.81.103.236",
                "ipv6": "",
                "subnet_id": "subnet-08141a3c624b3dbea"
              }
            ],
            "subnet_ids": [
              "subnet-08141a3c624b3dbea",
              "subnet-08168d025c22213f5",
              "subnet-0cfdc7c71090c244d"
            ],
            "tags": {
              "Name": "edo-vpce-logs01"
            },
            "tags_all": {
              "Name": "edo-vpce-logs01"
            },
            "timeouts": null,
            "vpc_endpoint_type": "Interface",
            "vpc_id": "vpc-001f81913f53f1175"
          },
          "sensitive_attributes": [],
          "identity_schema_version": 0,
          "identity": {
            "account_id": "891377135193",
            "id": "vpce-043b55bcf1b0d8a0d",
            "region": "ap-northeast-1"
          },
          "private": "eyJlMmJmYjczMC1lY2FhLTExZTYtOGY4OC0zNDM2M2JjN2M0YzAiOnsiY3JlYXRlIjo2MDAwMDAwMDAwMDAsImRlbGV0ZSI6NjAwMDAwMDAwMDAwLCJ1cGRhdGUiOjYwMDAwMDAwMDAwMH19",
          "dependencies": [
            "aws_security_group.edo_vpce_sg01",
            "aws_subnet.edo_private_subnets",
            "aws_vpc.edo_vpc01",
            "data.aws_region.edo_region01"
          ]
        }
      ]
    },
    {
      "mode": "managed",
      "type": "aws_vpc_endpoint",
      "name": "edo_vpce_s3_gw01",
      "provider": "provider[\"registry.terraform.io/hashicorp/aws\"]",
      "instances": [
        {
          "schema_version": 0,
          "attributes": {
            "arn": "arn:aws:ec2:ap-northeast-1:891377135193:vpc-endpoint/vpce-072ea78f74c4f1054",
            "auto_accept": null,
            "cidr_blocks": [
              "3.5.152.0/21",
              "52.219.162.0/23",
              "52.219.0.0/20",
              "52.219.16.0/22",
              "52.219.196.0/22",
              "52.219.172.0/22",
              "52.219.20.0/23",
              "52.219.195.0/24",
              "52.219.200.0/23",
              "52.219.150.0/23",
              "52.219.152.0/22",
              "52.219.136.0/22",
              "52.219.68.0/22"
            ],
            "dns_entry": [],
            "dns_options": [
              {
                "dns_record_ip_type": "service-defined",
                "private_dns_only_for_inbound_resolver_endpoint": false,
                "private_dns_preference": "",
                "private_dns_specified_domains": []
              }
            ],
            "id": "vpce-072ea78f74c4f1054",
            "ip_address_type": "ipv4",
            "network_interface_ids": [],
            "owner_id": "891377135193",
            "policy": "{\"Statement\":[{\"Action\":\"*\",\"Effect\":\"Allow\",\"Principal\":\"*\",\"Resource\":\"*\"}],\"Version\":\"2008-10-17\"}",
            "prefix_list_id": "pl-61a54008",
            "private_dns_enabled": false,
            "region": "ap-northeast-1",
            "requester_managed": false,
            "resource_configuration_arn": "",
            "route_table_ids": [
              "rtb-0ebe23e31bad8192e"
            ],
            "security_group_ids": [],
            "service_name": "com.amazonaws.ap-northeast-1.s3",
            "service_network_arn": "",
            "service_region": "ap-northeast-1",
            "state": "available",
            "subnet_configuration": [],
            "subnet_ids": [],
            "tags": {
              "Name": "edo-vpce-s3-gw01"
            },
            "tags_all": {
              "Name": "edo-vpce-s3-gw01"
            },
            "timeouts": null,
            "vpc_endpoint_type": "Gateway",
            "vpc_id": "vpc-001f81913f53f1175"
          },
          "sensitive_attributes": [],
          "identity_schema_version": 0,
          "identity": {
            "account_id": "891377135193",
            "id": "vpce-072ea78f74c4f1054",
            "region": "ap-northeast-1"
          },
          "private": "eyJlMmJmYjczMC1lY2FhLTExZTYtOGY4OC0zNDM2M2JjN2M0YzAiOnsiY3JlYXRlIjo2MDAwMDAwMDAwMDAsImRlbGV0ZSI6NjAwMDAwMDAwMDAwLCJ1cGRhdGUiOjYwMDAwMDAwMDAwMH19",
          "dependencies": [
            "aws_route_table.edo_private_rt01",
            "aws_vpc.edo_vpc01",
            "data.aws_region.edo_region01"
          ]
        }
      ]
    },
    {
      "mode": "managed",
      "type": "aws_vpc_endpoint",
      "name": "edo_vpce_secrets01",
      "provider": "provider[\"registry.terraform.io/hashicorp/aws\"]",
      "instances": [
        {
          "schema_version": 0,
          "attributes": {
            "arn": "arn:aws:ec2:ap-northeast-1:891377135193:vpc-endpoint/vpce-0767db4a1196792e2",
            "auto_accept": null,
            "cidr_blocks": [],
            "dns_entry": [
              {
                "dns_name": "vpce-0767db4a1196792e2-lict8k4h.secretsmanager.ap-northeast-1.vpce.amazonaws.com",
                "hosted_zone_id": "Z2E726K9Y6RL4W"
              },
              {
                "dns_name": "vpce-0767db4a1196792e2-lict8k4h-ap-northeast-1d.secretsmanager.ap-northeast-1.vpce.amazonaws.com",
                "hosted_zone_id": "Z2E726K9Y6RL4W"
              },
              {
                "dns_name": "vpce-0767db4a1196792e2-lict8k4h-ap-northeast-1a.secretsmanager.ap-northeast-1.vpce.amazonaws.com",
                "hosted_zone_id": "Z2E726K9Y6RL4W"
              },
              {
                "dns_name": "vpce-0767db4a1196792e2-lict8k4h-ap-northeast-1c.secretsmanager.ap-northeast-1.vpce.amazonaws.com",
                "hosted_zone_id": "Z2E726K9Y6RL4W"
              },
              {
                "dns_name": "secretsmanager.ap-northeast-1.amazonaws.com",
                "hosted_zone_id": "Z05065371NU5TRYH1ZHMF"
              }
            ],
            "dns_options": [
              {
                "dns_record_ip_type": "ipv4",
                "private_dns_only_for_inbound_resolver_endpoint": false,
                "private_dns_preference": "",
                "private_dns_specified_domains": []
              }
            ],
            "id": "vpce-0767db4a1196792e2",
            "ip_address_type": "ipv4",
            "network_interface_ids": [
              "eni-07550bd3131d07c42",
              "eni-0bb80b521b69eda64",
              "eni-0c50fd35ac91fedaa"
            ],
            "owner_id": "891377135193",
            "policy": "{\"Statement\":[{\"Action\":\"*\",\"Effect\":\"Allow\",\"Principal\":\"*\",\"Resource\":\"*\"}]}",
            "prefix_list_id": null,
            "private_dns_enabled": true,
            "region": "ap-northeast-1",
            "requester_managed": false,
            "resource_configuration_arn": "",
            "route_table_ids": [],
            "security_group_ids": [
              "sg-08663df0278f368c8"
            ],
            "service_name": "com.amazonaws.ap-northeast-1.secretsmanager",
            "service_network_arn": "",
            "service_region": "ap-northeast-1",
            "state": "available",
            "subnet_configuration": [
              {
                "ipv4": "10.81.101.115",
                "ipv6": "",
                "subnet_id": "subnet-0cfdc7c71090c244d"
              },
              {
                "ipv4": "10.81.102.191",
                "ipv6": "",
                "subnet_id": "subnet-08168d025c22213f5"
              },
              {
                "ipv4": "10.81.103.118",
                "ipv6": "",
                "subnet_id": "subnet-08141a3c624b3dbea"
              }
            ],
            "subnet_ids": [
              "subnet-08141a3c624b3dbea",
              "subnet-08168d025c22213f5",
              "subnet-0cfdc7c71090c244d"
            ],
            "tags": {
              "Name": "edo-vpce-secrets01"
            },
            "tags_all": {
              "Name": "edo-vpce-secrets01"
            },
            "timeouts": null,
            "vpc_endpoint_type": "Interface",
            "vpc_id": "vpc-001f81913f53f1175"
          },
          "sensitive_attributes": [],
          "identity_schema_version": 0,
          "identity": {
            "account_id": "891377135193",
            "id": "vpce-0767db4a1196792e2",
            "region": "ap-northeast-1"
          },
          "private": "eyJlMmJmYjczMC1lY2FhLTExZTYtOGY4OC0zNDM2M2JjN2M0YzAiOnsiY3JlYXRlIjo2MDAwMDAwMDAwMDAsImRlbGV0ZSI6NjAwMDAwMDAwMDAwLCJ1cGRhdGUiOjYwMDAwMDAwMDAwMH19",
          "dependencies": [
            "aws_security_group.edo_vpce_sg01",
            "aws_subnet.edo_private_subnets",
            "aws_vpc.edo_vpc01",
            "data.aws_region.edo_region01"
          ]
        }
      ]
    },
    {
      "mode": "managed",
      "type": "aws_vpc_endpoint",
      "name": "edo_vpce_ssm01",
      "provider": "provider[\"registry.terraform.io/hashicorp/aws\"]",
      "instances": [
        {
          "schema_version": 0,
          "attributes": {
            "arn": "arn:aws:ec2:ap-northeast-1:891377135193:vpc-endpoint/vpce-09b36b8dc7303fd96",
            "auto_accept": null,
            "cidr_blocks": [],
            "dns_entry": [
              {
                "dns_name": "vpce-09b36b8dc7303fd96-blkfwyp2.ssm.ap-northeast-1.vpce.amazonaws.com",
                "hosted_zone_id": "Z2E726K9Y6RL4W"
              },
              {
                "dns_name": "vpce-09b36b8dc7303fd96-blkfwyp2-ap-northeast-1a.ssm.ap-northeast-1.vpce.amazonaws.com",
                "hosted_zone_id": "Z2E726K9Y6RL4W"
              },
              {
                "dns_name": "vpce-09b36b8dc7303fd96-blkfwyp2-ap-northeast-1c.ssm.ap-northeast-1.vpce.amazonaws.com",
                "hosted_zone_id": "Z2E726K9Y6RL4W"
              },
              {
                "dns_name": "vpce-09b36b8dc7303fd96-blkfwyp2-ap-northeast-1d.ssm.ap-northeast-1.vpce.amazonaws.com",
                "hosted_zone_id": "Z2E726K9Y6RL4W"
              },
              {
                "dns_name": "ssm.ap-northeast-1.amazonaws.com",
                "hosted_zone_id": "Z04179183V10A14XPXFC8"
              },
              {
                "dns_name": "ssm.ap-northeast-1.api.aws",
                "hosted_zone_id": "Z021965518BF4PUUN3BRY"
              }
            ],
            "dns_options": [
              {
                "dns_record_ip_type": "ipv4",
                "private_dns_only_for_inbound_resolver_endpoint": false,
                "private_dns_preference": "",
                "private_dns_specified_domains": []
              }
            ],
            "id": "vpce-09b36b8dc7303fd96",
            "ip_address_type": "ipv4",
            "network_interface_ids": [
              "eni-0ac8bbebb5c3a329a",
              "eni-0ad0360180734164c",
              "eni-0d798ae4d12cd377f"
            ],
            "owner_id": "891377135193",
            "policy": "{\"Statement\":[{\"Action\":\"*\",\"Effect\":\"Allow\",\"Principal\":\"*\",\"Resource\":\"*\"}]}",
            "prefix_list_id": null,
            "private_dns_enabled": true,
            "region": "ap-northeast-1",
            "requester_managed": false,
            "resource_configuration_arn": "",
            "route_table_ids": [],
            "security_group_ids": [
              "sg-08663df0278f368c8"
            ],
            "service_name": "com.amazonaws.ap-northeast-1.ssm",
            "service_network_arn": "",
            "service_region": "ap-northeast-1",
            "state": "available",
            "subnet_configuration": [
              {
                "ipv4": "10.81.101.8",
                "ipv6": "",
                "subnet_id": "subnet-0cfdc7c71090c244d"
              },
              {
                "ipv4": "10.81.102.59",
                "ipv6": "",
                "subnet_id": "subnet-08168d025c22213f5"
              },
              {
                "ipv4": "10.81.103.182",
                "ipv6": "",
                "subnet_id": "subnet-08141a3c624b3dbea"
              }
            ],
            "subnet_ids": [
              "subnet-08141a3c624b3dbea",
              "subnet-08168d025c22213f5",
              "subnet-0cfdc7c71090c244d"
            ],
            "tags": {
              "Name": "edo-vpce-ssm01"
            },
            "tags_all": {
              "Name": "edo-vpce-ssm01"
            },
            "timeouts": null,
            "vpc_endpoint_type": "Interface",
            "vpc_id": "vpc-001f81913f53f1175"
          },
          "sensitive_attributes": [],
          "identity_schema_version": 0,
          "identity": {
            "account_id": "891377135193",
            "id": "vpce-09b36b8dc7303fd96",
            "region": "ap-northeast-1"
          },
          "private": "eyJlMmJmYjczMC1lY2FhLTExZTYtOGY4OC0zNDM2M2JjN2M0YzAiOnsiY3JlYXRlIjo2MDAwMDAwMDAwMDAsImRlbGV0ZSI6NjAwMDAwMDAwMDAwLCJ1cGRhdGUiOjYwMDAwMDAwMDAwMH19",
          "dependencies": [
            "aws_security_group.edo_vpce_sg01",
            "aws_subnet.edo_private_subnets",
            "aws_vpc.edo_vpc01",
            "data.aws_region.edo_region01"
          ]
        }
      ]
    },
    {
      "mode": "managed",
      "type": "aws_vpc_endpoint",
      "name": "edo_vpce_ssmmessages01",
      "provider": "provider[\"registry.terraform.io/hashicorp/aws\"]",
      "instances": [
        {
          "schema_version": 0,
          "attributes": {
            "arn": "arn:aws:ec2:ap-northeast-1:891377135193:vpc-endpoint/vpce-05a36136621a3d990",
            "auto_accept": null,
            "cidr_blocks": [],
            "dns_entry": [
              {
                "dns_name": "vpce-05a36136621a3d990-siaky48j.ssmmessages.ap-northeast-1.vpce.amazonaws.com",
                "hosted_zone_id": "Z2E726K9Y6RL4W"
              },
              {
                "dns_name": "vpce-05a36136621a3d990-siaky48j-ap-northeast-1a.ssmmessages.ap-northeast-1.vpce.amazonaws.com",
                "hosted_zone_id": "Z2E726K9Y6RL4W"
              },
              {
                "dns_name": "vpce-05a36136621a3d990-siaky48j-ap-northeast-1d.ssmmessages.ap-northeast-1.vpce.amazonaws.com",
                "hosted_zone_id": "Z2E726K9Y6RL4W"
              },
              {
                "dns_name": "vpce-05a36136621a3d990-siaky48j-ap-northeast-1c.ssmmessages.ap-northeast-1.vpce.amazonaws.com",
                "hosted_zone_id": "Z2E726K9Y6RL4W"
              },
              {
                "dns_name": "ssmmessages.ap-northeast-1.amazonaws.com",
                "hosted_zone_id": "Z04195371DGU5ZU6RT7TC"
              },
              {
                "dns_name": "ssmmessages.ap-northeast-1.api.aws",
                "hosted_zone_id": "Z05075986540VTK82YWD"
              }
            ],
            "dns_options": [
              {
                "dns_record_ip_type": "ipv4",
                "private_dns_only_for_inbound_resolver_endpoint": false,
                "private_dns_preference": "",
                "private_dns_specified_domains": []
              }
            ],
            "id": "vpce-05a36136621a3d990",
            "ip_address_type": "ipv4",
            "network_interface_ids": [
              "eni-089bc70e9088b1178",
              "eni-0b6333e396537393c",
              "eni-0c212dc1a119bdaed"
            ],
            "owner_id": "891377135193",
            "policy": "{\"Statement\":[{\"Action\":\"*\",\"Effect\":\"Allow\",\"Principal\":\"*\",\"Resource\":\"*\"}]}",
            "prefix_list_id": null,
            "private_dns_enabled": true,
            "region": "ap-northeast-1",
            "requester_managed": false,
            "resource_configuration_arn": "",
            "route_table_ids": [],
            "security_group_ids": [
              "sg-08663df0278f368c8"
            ],
            "service_name": "com.amazonaws.ap-northeast-1.ssmmessages",
            "service_network_arn": "",
            "service_region": "ap-northeast-1",
            "state": "available",
            "subnet_configuration": [
              {
                "ipv4": "10.81.101.233",
                "ipv6": "",
                "subnet_id": "subnet-0cfdc7c71090c244d"
              },
              {
                "ipv4": "10.81.102.136",
                "ipv6": "",
                "subnet_id": "subnet-08168d025c22213f5"
              },
              {
                "ipv4": "10.81.103.101",
                "ipv6": "",
                "subnet_id": "subnet-08141a3c624b3dbea"
              }
            ],
            "subnet_ids": [
              "subnet-08141a3c624b3dbea",
              "subnet-08168d025c22213f5",
              "subnet-0cfdc7c71090c244d"
            ],
            "tags": {
              "Name": "edo-vpce-ssmmessages01"
            },
            "tags_all": {
              "Name": "edo-vpce-ssmmessages01"
            },
            "timeouts": null,
            "vpc_endpoint_type": "Interface",
            "vpc_id": "vpc-001f81913f53f1175"
          },
          "sensitive_attributes": [],
          "identity_schema_version": 0,
          "identity": {
            "account_id": "891377135193",
            "id": "vpce-05a36136621a3d990",
            "region": "ap-northeast-1"
          },
          "private": "eyJlMmJmYjczMC1lY2FhLTExZTYtOGY4OC0zNDM2M2JjN2M0YzAiOnsiY3JlYXRlIjo2MDAwMDAwMDAwMDAsImRlbGV0ZSI6NjAwMDAwMDAwMDAwLCJ1cGRhdGUiOjYwMDAwMDAwMDAwMH19",
          "dependencies": [
            "aws_security_group.edo_vpce_sg01",
            "aws_subnet.edo_private_subnets",
            "aws_vpc.edo_vpc01",
            "data.aws_region.edo_region01"
          ]
        }
      ]
    },
    {
      "mode": "managed",
      "type": "aws_vpc_security_group_egress_rule",
      "name": "ec2_all_traffic_ipv4",
      "provider": "provider[\"registry.terraform.io/hashicorp/aws\"]",
      "instances": [
        {
          "schema_version": 0,
          "attributes": {
            "arn": "arn:aws:ec2:ap-northeast-1:891377135193:security-group-rule/sgr-0bfd8ee2a063d5834",
            "cidr_ipv4": "0.0.0.0/0",
            "cidr_ipv6": null,
            "description": null,
            "from_port": null,
            "id": "sgr-0bfd8ee2a063d5834",
            "ip_protocol": "-1",
            "prefix_list_id": null,
            "referenced_security_group_id": null,
            "region": "ap-northeast-1",
            "security_group_id": "sg-098606ea2f4ffa13e",
            "security_group_rule_id": "sgr-0bfd8ee2a063d5834",
            "tags": null,
            "tags_all": {},
            "to_port": null
          },
          "sensitive_attributes": [],
          "identity_schema_version": 0,
          "identity": {
            "account_id": "891377135193",
            "id": "sgr-0bfd8ee2a063d5834",
            "region": "ap-northeast-1"
          },
          "dependencies": [
            "aws_security_group.edo_ec2_sg01",
            "aws_vpc.edo_vpc01"
          ]
        }
      ]
    },
    {
      "mode": "managed",
      "type": "aws_vpc_security_group_egress_rule",
      "name": "edo_alb_egress",
      "provider": "provider[\"registry.terraform.io/hashicorp/aws\"]",
      "instances": [
        {
          "schema_version": 0,
          "attributes": {
            "arn": "arn:aws:ec2:ap-northeast-1:891377135193:security-group-rule/sgr-05186a614aaaccb48",
            "cidr_ipv4": "0.0.0.0/0",
            "cidr_ipv6": null,
            "description": null,
            "from_port": null,
            "id": "sgr-05186a614aaaccb48",
            "ip_protocol": "-1",
            "prefix_list_id": null,
            "referenced_security_group_id": null,
            "region": "ap-northeast-1",
            "security_group_id": "sg-09b185193fa58a716",
            "security_group_rule_id": "sgr-05186a614aaaccb48",
            "tags": null,
            "tags_all": {},
            "to_port": null
          },
          "sensitive_attributes": [],
          "identity_schema_version": 0,
          "identity": {
            "account_id": "891377135193",
            "id": "sgr-05186a614aaaccb48",
            "region": "ap-northeast-1"
          },
          "dependencies": [
            "aws_security_group.edo_alb_sg01",
            "aws_vpc.edo_vpc01"
          ]
        }
      ]
    },
    {
      "mode": "managed",
      "type": "aws_vpc_security_group_egress_rule",
      "name": "rds_all_traffic_ipv4",
      "provider": "provider[\"registry.terraform.io/hashicorp/aws\"]",
      "instances": [
        {
          "schema_version": 0,
          "attributes": {
            "arn": "arn:aws:ec2:ap-northeast-1:891377135193:security-group-rule/sgr-082d31a686cb7a21b",
            "cidr_ipv4": "0.0.0.0/0",
            "cidr_ipv6": null,
            "description": "Allow all outbound traffic",
            "from_port": null,
            "id": "sgr-082d31a686cb7a21b",
            "ip_protocol": "-1",
            "prefix_list_id": null,
            "referenced_security_group_id": null,
            "region": "ap-northeast-1",
            "security_group_id": "sg-0a25e40dada084eeb",
            "security_group_rule_id": "sgr-082d31a686cb7a21b",
            "tags": null,
            "tags_all": {},
            "to_port": null
          },
          "sensitive_attributes": [],
          "identity_schema_version": 0,
          "identity": {
            "account_id": "891377135193",
            "id": "sgr-082d31a686cb7a21b",
            "region": "ap-northeast-1"
          },
          "dependencies": [
            "aws_security_group.edo_rds_sg01",
            "aws_vpc.edo_vpc01"
          ]
        }
      ]
    },
    {
      "mode": "managed",
      "type": "aws_vpc_security_group_egress_rule",
      "name": "vpce_all_traffic_ipv4",
      "provider": "provider[\"registry.terraform.io/hashicorp/aws\"]",
      "instances": [
        {
          "schema_version": 0,
          "attributes": {
            "arn": "arn:aws:ec2:ap-northeast-1:891377135193:security-group-rule/sgr-01c25dc2e5e690590",
            "cidr_ipv4": "0.0.0.0/0",
            "cidr_ipv6": null,
            "description": "Allow all outbound traffic",
            "from_port": null,
            "id": "sgr-01c25dc2e5e690590",
            "ip_protocol": "-1",
            "prefix_list_id": null,
            "referenced_security_group_id": null,
            "region": "ap-northeast-1",
            "security_group_id": "sg-08663df0278f368c8",
            "security_group_rule_id": "sgr-01c25dc2e5e690590",
            "tags": null,
            "tags_all": {},
            "to_port": null
          },
          "sensitive_attributes": [],
          "identity_schema_version": 0,
          "identity": {
            "account_id": "891377135193",
            "id": "sgr-01c25dc2e5e690590",
            "region": "ap-northeast-1"
          },
          "dependencies": [
            "aws_security_group.edo_vpce_sg01",
            "aws_vpc.edo_vpc01"
          ]
        }
      ]
    },
    {
      "mode": "managed",
      "type": "aws_vpc_security_group_ingress_rule",
      "name": "edo_alb_ingres_443",
      "provider": "provider[\"registry.terraform.io/hashicorp/aws\"]",
      "instances": [
        {
          "schema_version": 0,
          "attributes": {
            "arn": "arn:aws:ec2:ap-northeast-1:891377135193:security-group-rule/sgr-08409bc11bd1b9fb6",
            "cidr_ipv4": null,
            "cidr_ipv6": null,
            "description": null,
            "from_port": 443,
            "id": "sgr-08409bc11bd1b9fb6",
            "ip_protocol": "tcp",
            "prefix_list_id": "pl-58a04531",
            "referenced_security_group_id": null,
            "region": "ap-northeast-1",
            "security_group_id": "sg-09b185193fa58a716",
            "security_group_rule_id": "sgr-08409bc11bd1b9fb6",
            "tags": null,
            "tags_all": {},
            "to_port": 443
          },
          "sensitive_attributes": [],
          "identity_schema_version": 0,
          "identity": {
            "account_id": "891377135193",
            "id": "sgr-08409bc11bd1b9fb6",
            "region": "ap-northeast-1"
          },
          "dependencies": [
            "aws_security_group.edo_alb_sg01",
            "aws_vpc.edo_vpc01",
            "data.aws_ec2_managed_prefix_list.edo_cf_origin_facing01"
          ]
        }
      ]
    },
    {
      "mode": "managed",
      "type": "aws_vpc_security_group_ingress_rule",
      "name": "edo_alb_ingres_80",
      "provider": "provider[\"registry.terraform.io/hashicorp/aws\"]",
      "instances": [
        {
          "schema_version": 0,
          "attributes": {
            "arn": "arn:aws:ec2:ap-northeast-1:891377135193:security-group-rule/sgr-0e9400d8565506e64",
            "cidr_ipv4": "0.0.0.0/0",
            "cidr_ipv6": null,
            "description": null,
            "from_port": 80,
            "id": "sgr-0e9400d8565506e64",
            "ip_protocol": "tcp",
            "prefix_list_id": null,
            "referenced_security_group_id": null,
            "region": "ap-northeast-1",
            "security_group_id": "sg-09b185193fa58a716",
            "security_group_rule_id": "sgr-0e9400d8565506e64",
            "tags": null,
            "tags_all": {},
            "to_port": 80
          },
          "sensitive_attributes": [],
          "identity_schema_version": 0,
          "identity": {
            "account_id": "891377135193",
            "id": "sgr-0e9400d8565506e64",
            "region": "ap-northeast-1"
          },
          "dependencies": [
            "aws_security_group.edo_alb_sg01",
            "aws_vpc.edo_vpc01"
          ]
        }
      ]
    },
    {
      "mode": "managed",
      "type": "aws_vpc_security_group_ingress_rule",
      "name": "edo_ec2_ingress_from_alb01",
      "provider": "provider[\"registry.terraform.io/hashicorp/aws\"]",
      "instances": [
        {
          "schema_version": 0,
          "attributes": {
            "arn": "arn:aws:ec2:ap-northeast-1:891377135193:security-group-rule/sgr-0338e1ee88d5c6bb9",
            "cidr_ipv4": null,
            "cidr_ipv6": null,
            "description": null,
            "from_port": 80,
            "id": "sgr-0338e1ee88d5c6bb9",
            "ip_protocol": "tcp",
            "prefix_list_id": null,
            "referenced_security_group_id": "sg-09b185193fa58a716",
            "region": "ap-northeast-1",
            "security_group_id": "sg-098606ea2f4ffa13e",
            "security_group_rule_id": "sgr-0338e1ee88d5c6bb9",
            "tags": null,
            "tags_all": {},
            "to_port": 80
          },
          "sensitive_attributes": [],
          "identity_schema_version": 0,
          "identity": {
            "account_id": "891377135193",
            "id": "sgr-0338e1ee88d5c6bb9",
            "region": "ap-northeast-1"
          },
          "dependencies": [
            "aws_security_group.edo_alb_sg01",
            "aws_security_group.edo_ec2_sg01",
            "aws_vpc.edo_vpc01"
          ]
        }
      ]
    },
    {
      "mode": "managed",
      "type": "aws_vpc_security_group_ingress_rule",
      "name": "edo_rds_mysql",
      "provider": "provider[\"registry.terraform.io/hashicorp/aws\"]",
      "instances": [
        {
          "schema_version": 0,
          "attributes": {
            "arn": "arn:aws:ec2:ap-northeast-1:891377135193:security-group-rule/sgr-08bd999c794824e00",
            "cidr_ipv4": null,
            "cidr_ipv6": null,
            "description": "Allow MySQL access only from app tier EC2 instances",
            "from_port": 3306,
            "id": "sgr-08bd999c794824e00",
            "ip_protocol": "tcp",
            "prefix_list_id": null,
            "referenced_security_group_id": "sg-098606ea2f4ffa13e",
            "region": "ap-northeast-1",
            "security_group_id": "sg-0a25e40dada084eeb",
            "security_group_rule_id": "sgr-08bd999c794824e00",
            "tags": null,
            "tags_all": {},
            "to_port": 3306
          },
          "sensitive_attributes": [],
          "identity_schema_version": 0,
          "identity": {
            "account_id": "891377135193",
            "id": "sgr-08bd999c794824e00",
            "region": "ap-northeast-1"
          },
          "dependencies": [
            "aws_security_group.edo_ec2_sg01",
            "aws_security_group.edo_rds_sg01",
            "aws_vpc.edo_vpc01"
          ]
        }
      ]
    },
    {
      "mode": "managed",
      "type": "aws_vpc_security_group_ingress_rule",
      "name": "edo_vpce_ingress",
      "provider": "provider[\"registry.terraform.io/hashicorp/aws\"]",
      "instances": [
        {
          "schema_version": 0,
          "attributes": {
            "arn": "arn:aws:ec2:ap-northeast-1:891377135193:security-group-rule/sgr-02a3bb7e8d28a7bec",
            "cidr_ipv4": null,
            "cidr_ipv6": null,
            "description": "Allow EC2 SG access only for 443",
            "from_port": 443,
            "id": "sgr-02a3bb7e8d28a7bec",
            "ip_protocol": "tcp",
            "prefix_list_id": null,
            "referenced_security_group_id": "sg-098606ea2f4ffa13e",
            "region": "ap-northeast-1",
            "security_group_id": "sg-08663df0278f368c8",
            "security_group_rule_id": "sgr-02a3bb7e8d28a7bec",
            "tags": null,
            "tags_all": {},
            "to_port": 443
          },
          "sensitive_attributes": [],
          "identity_schema_version": 0,
          "identity": {
            "account_id": "891377135193",
            "id": "sgr-02a3bb7e8d28a7bec",
            "region": "ap-northeast-1"
          },
          "dependencies": [
            "aws_security_group.edo_ec2_sg01",
            "aws_security_group.edo_vpce_sg01",
            "aws_vpc.edo_vpc01"
          ]
        }
      ]
    },
    {
      "mode": "managed",
      "type": "aws_wafv2_web_acl",
      "name": "edo_cf_waf01",
      "provider": "provider[\"registry.terraform.io/hashicorp/aws\"].use1",
      "instances": [
        {
          "schema_version": 0,
          "attributes": {
            "application_integration_url": "",
            "arn": "arn:aws:wafv2:us-east-1:891377135193:global/webacl/edo-cf-waf01/b647d228-d007-455c-ad56-03ecfe8fbfdd",
            "association_config": [],
            "capacity": 700,
            "captcha_config": [],
            "challenge_config": [],
            "custom_response_body": [],
            "data_protection_config": [],
            "default_action": [
              {
                "allow": [
                  {
                    "custom_request_handling": []
                  }
                ],
                "block": []
              }
            ],
            "description": "",
            "id": "b647d228-d007-455c-ad56-03ecfe8fbfdd",
            "lock_token": "d18f95e4-558e-41bf-a496-b2143d019f2a",
            "name": "edo-cf-waf01",
            "name_prefix": "",
            "region": "us-east-1",
            "rule": [
              {
                "action": [],
                "captcha_config": [],
                "challenge_config": [],
                "name": "AWSManagedRulesCommonRuleSet",
                "override_action": [
                  {
                    "count": [],
                    "none": [
                      {}
                    ]
                  }
                ],
                "priority": 1,
                "rule_label": [],
                "statement": [
                  {
                    "and_statement": [],
                    "asn_match_statement": [],
                    "byte_match_statement": [],
                    "geo_match_statement": [],
                    "ip_set_reference_statement": [],
                    "label_match_statement": [],
                    "managed_rule_group_statement": [
                      {
                        "managed_rule_group_configs": [],
                        "name": "AWSManagedRulesCommonRuleSet",
                        "rule_action_override": [],
                        "scope_down_statement": [],
                        "vendor_name": "AWS",
                        "version": ""
                      }
                    ],
                    "not_statement": [],
                    "or_statement": [],
                    "rate_based_statement": [],
                    "regex_match_statement": [],
                    "regex_pattern_set_reference_statement": [],
                    "rule_group_reference_statement": [],
                    "size_constraint_statement": [],
                    "sqli_match_statement": [],
                    "xss_match_statement": []
                  }
                ],
                "visibility_config": [
                  {
                    "cloudwatch_metrics_enabled": true,
                    "metric_name": "edo-cf-waf-common",
                    "sampled_requests_enabled": true
                  }
                ]
              }
            ],
            "rule_json": null,
            "scope": "CLOUDFRONT",
            "tags": {},
            "tags_all": {},
            "token_domains": [],
            "visibility_config": [
              {
                "cloudwatch_metrics_enabled": true,
                "metric_name": "edo-cf-waf01",
                "sampled_requests_enabled": true
              }
            ]
          },
          "sensitive_attributes": [],
          "identity_schema_version": 0,
          "private": "bnVsbA=="
        }
      ]
    },
    {
      "mode": "managed",
      "type": "null_resource",
      "name": "edo_invalidate_index01",
      "provider": "provider[\"registry.terraform.io/hashicorp/null\"]",
      "instances": [
        {
          "schema_version": 0,
          "attributes": {
            "id": "5349440643959213539",
            "triggers": {
              "always_run": "2026-01-27T20:59:47Z"
            }
          },
          "sensitive_attributes": [],
          "identity_schema_version": 0,
          "dependencies": [
            "aws_acm_certificate.edo_acm_cert01",
            "aws_cloudfront_cache_policy.edo_cache_api_disabled01",
            "aws_cloudfront_cache_policy.edo_cache_static01",
            "aws_cloudfront_distribution.edo_cf01",
            "aws_cloudfront_origin_request_policy.edo_orp_api01",
            "aws_cloudfront_response_headers_policy.edo_rsp_static01",
            "aws_lb.edo_alb01",
            "aws_s3_bucket.edo_alb_logs_bucket01",
            "aws_security_group.edo_alb_sg01",
            "aws_subnet.edo_public_subnets",
            "aws_vpc.edo_vpc01",
            "aws_wafv2_web_acl.edo_cf_waf01",
            "data.aws_cloudfront_cache_policy.edo_use_origin_cache_headers01",
            "data.aws_cloudfront_origin_request_policy.edo_orp_all_viewer01",
            "data.aws_cloudfront_origin_request_policy.edo_orp_all_viewer_except_host01",
            "random_password.edo_origin_header_value01"
          ]
        }
      ]
    },
    {
      "mode": "managed",
      "type": "random_password",
      "name": "edo_origin_header_value01",
      "provider": "provider[\"registry.terraform.io/hashicorp/random\"]",
      "instances": [
        {
          "schema_version": 3,
          "attributes": {
            "bcrypt_hash": "$2a$10$syzv6YNjR500GTJgHCfYqOmdrXwc2.IJcTmmrje2WcBiIiI0KNsY.",
            "id": "none",
            "keepers": null,
            "length": 32,
            "lower": true,
            "min_lower": 0,
            "min_numeric": 0,
            "min_special": 0,
            "min_upper": 0,
            "number": true,
            "numeric": true,
            "override_special": null,
            "result": "yx4fIvGVIWHvxSx9oaJESS9QB3EvkazV",
            "special": false,
            "upper": true
          },
          "sensitive_attributes": [
            [
              {
                "type": "get_attr",
                "value": "bcrypt_hash"
              }
            ],
            [
              {
                "type": "get_attr",
                "value": "result"
              }
            ]
          ],
          "identity_schema_version": 0
        }
      ]
    }
  ],
  "check_results": [
    {
      "object_kind": "var",
      "config_addr": "var.route53_hosted_zone_id",
      "status": "pass",
      "objects": [
        {
          "object_addr": "var.route53_hosted_zone_id",
          "status": "pass"
        }
      ]
    },
    {
      "object_kind": "var",
      "config_addr": "var.waf_log_destination",
      "status": "pass",
      "objects": [
        {
          "object_addr": "var.waf_log_destination",
          "status": "pass"
        }
      ]
    },
    {
      "object_kind": "var",
      "config_addr": "var.alb_access_logs_prefix",
      "status": "pass",
      "objects": [
        {
          "object_addr": "var.alb_access_logs_prefix",
          "status": "pass"
        }
      ]
    }
  ]
}
