{
  "version": 4,
  "terraform_version": "1.14.3",
  "serial": 1069,
  "lineage": "3847de77-2454-19e8-fadf-80602cd0fd39",
  "outputs": {},
  "resources": [
    {
      "mode": "managed",
      "type": "aws_autoscaling_group",
      "name": "edo_asg",
      "provider": "provider[\"registry.terraform.io/hashicorp/aws\"]",
      "instances": [
        {
          "schema_version": 1,
          "attributes": {
            "arn": "arn:aws:autoscaling:ap-northeast-1:891377135193:autoScalingGroup:40db75de-8974-47a7-9df7-73bddad9c762:autoScalingGroupName/edo-asg-20260127205955073400000003",
            "availability_zone_distribution": [
              {
                "capacity_distribution_strategy": "balanced-best-effort"
              }
            ],
            "availability_zones": [
              "ap-northeast-1a",
              "ap-northeast-1c",
              "ap-northeast-1d"
            ],
            "capacity_rebalance": false,
            "capacity_reservation_specification": [
              {
                "capacity_reservation_preference": "default",
                "capacity_reservation_target": []
              }
            ],
            "context": "",
            "default_cooldown": 300,
            "default_instance_warmup": 0,
            "desired_capacity": 6,
            "desired_capacity_type": "",
            "enabled_metrics": [
              "GroupDesiredCapacity",
              "GroupInServiceInstances",
              "GroupMaxSize",
              "GroupMinSize",
              "GroupTotalInstances"
            ],
            "force_delete": true,
            "force_delete_warm_pool": false,
            "health_check_grace_period": 300,
            "health_check_type": "ELB",
            "id": "edo-asg-20260127205955073400000003",
            "ignore_failed_scaling_activities": false,
            "initial_lifecycle_hook": [
              {
                "default_result": "CONTINUE",
                "heartbeat_timeout": 300,
                "lifecycle_transition": "autoscaling:EC2_INSTANCE_LAUNCHING",
                "name": "instance-protection-launch",
                "notification_metadata": "",
                "notification_target_arn": "",
                "role_arn": ""
              },
              {
                "default_result": "CONTINUE",
                "heartbeat_timeout": 300,
                "lifecycle_transition": "autoscaling:EC2_INSTANCE_TERMINATING",
                "name": "scale-in-protection",
                "notification_metadata": "",
                "notification_target_arn": "",
                "role_arn": ""
              }
            ],
            "instance_maintenance_policy": [],
            "instance_refresh": [],
            "launch_configuration": "",
            "launch_template": [
              {
                "id": "lt-06e17a2e5e4c86294",
                "name": "edo-LT-20260127205947273000000001",
                "version": "$Latest"
              }
            ],
            "load_balancers": [],
            "max_instance_lifetime": 0,
            "max_size": 9,
            "metrics_granularity": "1Minute",
            "min_elb_capacity": null,
            "min_size": 3,
            "mixed_instances_policy": [],
            "name": "edo-asg-20260127205955073400000003",
            "name_prefix": "edo-asg-",
            "placement_group": "",
            "predicted_capacity": 0,
            "protect_from_scale_in": false,
            "region": "ap-northeast-1",
            "service_linked_role_arn": "arn:aws:iam::891377135193:role/aws-service-role/autoscaling.amazonaws.com/AWSServiceRoleForAutoScaling",
            "suspended_processes": null,
            "tag": [
              {
                "key": "Environment",
                "propagate_at_launch": true,
                "value": "Production"
              },
              {
                "key": "Name",
                "propagate_at_launch": true,
                "value": "edo-app-instance"
              },
              {
                "key": "Project",
                "propagate_at_launch": true,
                "value": "edo"
              }
            ],
            "target_group_arns": [
              "arn:aws:elasticloadbalancing:ap-northeast-1:891377135193:targetgroup/edo-tg01/05f60201a2cc9fc2"
            ],
            "termination_policies": null,
            "timeouts": null,
            "traffic_source": [
              {
                "identifier": "arn:aws:elasticloadbalancing:ap-northeast-1:891377135193:targetgroup/edo-tg01/05f60201a2cc9fc2",
                "type": "elbv2"
              }
            ],
            "vpc_zone_identifier": [
              "subnet-08141a3c624b3dbea",
              "subnet-08168d025c22213f5",
              "subnet-0cfdc7c71090c244d"
            ],
            "wait_for_capacity_timeout": "10m",
            "wait_for_elb_capacity": null,
            "warm_pool": [],
            "warm_pool_size": 0
          },
          "sensitive_attributes": [],
          "identity_schema_version": 0,
          "private": "eyJlMmJmYjczMC1lY2FhLTExZTYtOGY4OC0zNDM2M2JjN2M0YzAiOnsiZGVsZXRlIjo2MDAwMDAwMDAwMDAsInVwZGF0ZSI6NjAwMDAwMDAwMDAwfSwic2NoZW1hX3ZlcnNpb24iOiIxIn0=",
          "dependencies": [
            "aws_launch_template.edo_LT",
            "aws_lb_target_group.edo_tg01",
            "aws_security_group.edo_ec2_sg01",
            "aws_subnet.edo_private_subnets",
            "aws_vpc.edo_vpc01"
          ]
        }
      ]
    },
    {
      "mode": "managed",
      "type": "aws_launch_template",
      "name": "edo_LT",
      "provider": "provider[\"registry.terraform.io/hashicorp/aws\"]",
      "instances": [
        {
          "schema_version": 1,
          "attributes": {
            "arn": "arn:aws:ec2:ap-northeast-1:891377135193:launch-template/lt-06e17a2e5e4c86294",
            "block_device_mappings": [],
            "capacity_reservation_specification": [],
            "cpu_options": [],
            "credit_specification": [],
            "default_version": 1,
            "description": "",
            "disable_api_stop": false,
            "disable_api_termination": false,
            "ebs_optimized": "",
            "enclave_options": [],
            "hibernation_options": [],
            "iam_instance_profile": [],
            "id": "lt-06e17a2e5e4c86294",
            "image_id": "ami-06cce67a5893f85f9",
            "instance_initiated_shutdown_behavior": "",
            "instance_market_options": [],
            "instance_requirements": [],
            "instance_type": "t3.micro",
            "kernel_id": "",
            "key_name": "",
            "latest_version": 1,
            "license_specification": [],
            "maintenance_options": [],
            "metadata_options": [],
            "monitoring": [],
            "name": "edo-LT-20260127205947273000000001",
            "name_prefix": "edo-LT-",
            "network_interfaces": [],
            "placement": [],
            "private_dns_name_options": [],
            "ram_disk_id": "",
            "region": "ap-northeast-1",
            "security_group_names": null,
            "tag_specifications": [
              {
                "resource_type": "instance",
                "tags": {
                  "Name": "edo-instance",
                  "Owner": "Terraform",
                  "Project": "edo",
                  "Service": "web-app"
                }
              }
            ],
            "tags": null,
            "tags_all": {},
            "update_default_version": null,
            "user_data": "IyEvYmluL2Jhc2gKY2xvdWQtaW5pdCBjbGVhbgpkbmYgdXBkYXRlIC15CmRuZiBpbnN0YWxsIC15IHB5dGhvbjMtcGlwCmRuZiBpbnN0YWxsIC15IG1hcmlhZGIxMDUKcGlwMyBpbnN0YWxsIGZsYXNrIHB5bXlzcWwgYm90bzMKIyBDcmVhdGUgcHJvamVjdCBkaXJlY3RvcmllcyBhbmQgc3RhdGljIHRlc3QgZmlsZSBlYXJseQpta2RpciAtcCAvb3B0L3Jkc2FwcC9zdGF0aWMKZWNobyAiVGhpcyBpcyBhIHRlc3Qgc3RhdGljIGZpbGUgZm9yIGNhY2hpbmcgcHJvb2YuIiA+IC9vcHQvcmRzYXBwL3N0YXRpYy9leGFtcGxlLnR4dApjaG1vZCA2NDQgL29wdC9yZHNhcHAvc3RhdGljL2V4YW1wbGUudHh0CmNob3duIC1SIGVjMi11c2VyOmVjMi11c2VyIC9vcHQvcmRzYXBwICMgTWFrZSBzdXJlIEZsYXNrIGNhbiByZWFkL3dyaXRlIGxvZ3Mvc3RhdGljCm1rZGlyIC1wIC9vcHQvcmRzYXBwCmNhdCA+L29wdC9yZHNhcHAvYXBwLnB5IDw8J1BZJwppbXBvcnQganNvbgppbXBvcnQgb3MKaW1wb3J0IGJvdG8zCmltcG9ydCBweW15c3FsCmltcG9ydCBsb2dnaW5nCmltcG9ydCBkYXRldGltZQpmcm9tIGZsYXNrIGltcG9ydCBGbGFzaywgcmVxdWVzdCwganNvbmlmeQojIFNldHVwIGxvZ2dpbmcKbG9nZ2luZy5iYXNpY0NvbmZpZygKICAgIGZpbGVuYW1lPScvb3B0L3Jkc2FwcC9hcHAubG9nJywKICAgIGxldmVsPWxvZ2dpbmcuSU5GTywKICAgIGZvcm1hdD0nJShhc2N0aW1lKXMgJShsZXZlbG5hbWUpcyAlKG5hbWUpcyAlKHRocmVhZE5hbWUpcyA6ICUobWVzc2FnZSlzJwopCmxvZ2dlciA9IGxvZ2dpbmcuZ2V0TG9nZ2VyKF9fbmFtZV9fKQpSRUdJT04gPSBvcy5lbnZpcm9uLmdldCgiQVdTX1JFR0lPTiIsICJ1cy1lYXN0LTEiKQpTRUNSRVRfSUQgPSBvcy5lbnZpcm9uLmdldCgiU0VDUkVUX0lEIiwgImphcGFuL3Jkcy9teXNxbCIpCnNlY3JldHMgPSBib3RvMy5jbGllbnQoInNlY3JldHNtYW5hZ2VyIiwgcmVnaW9uX25hbWU9UkVHSU9OKQpkZWYgZ2V0X2RiX2NyZWRzKCk6CiAgICB0cnk6CiAgICAgICAgcmVzcCA9IHNlY3JldHMuZ2V0X3NlY3JldF92YWx1ZShTZWNyZXRJZD1TRUNSRVRfSUQpCiAgICAgICAgcyA9IGpzb24ubG9hZHMocmVzcFsiU2VjcmV0U3RyaW5nIl0pCiAgICAgICAgcmV0dXJuIHMKICAgIGV4Y2VwdCBFeGNlcHRpb24gYXMgZToKICAgICAgICBsb2dnZXIuZXJyb3IoZiJGYWlsZWQgdG8gcmV0cmlldmUgc2VjcmV0IHtTRUNSRVRfSUR9OiB7c3RyKGUpfSIpCiAgICAgICAgcmFpc2UKZGVmIGdldF9jb25uKCk6CiAgICBjID0gZ2V0X2RiX2NyZWRzKCkKICAgIGhvc3QgPSBjWyJob3N0Il0KICAgIHVzZXIgPSBjWyJ1c2VybmFtZSJdCiAgICBwYXNzd29yZCA9IGNbInBhc3N3b3JkIl0KICAgIHBvcnQgPSBpbnQoYy5nZXQoInBvcnQiLCAzMzA2KSkKICAgIGRiID0gYy5nZXQoImRibmFtZSIsICJsYWJkYiIpCiAgICB0cnk6CiAgICAgICAgcmV0dXJuIHB5bXlzcWwuY29ubmVjdChob3N0PWhvc3QsIHVzZXI9dXNlciwgcGFzc3dvcmQ9cGFzc3dvcmQsIHBvcnQ9cG9ydCwgZGF0YWJhc2U9ZGIsIGF1dG9jb21taXQ9VHJ1ZSkKICAgIGV4Y2VwdCBFeGNlcHRpb24gYXMgZToKICAgICAgICBsb2dnZXIuZXJyb3IoZiJEQiBjb25uZWN0aW9uIGZhaWxlZDoge3N0cihlKX0iKQogICAgICAgIHJhaXNlCmFwcCA9IEZsYXNrKF9fbmFtZV9fKQpAYXBwLnJvdXRlKCIvIikKZGVmIGhvbWUoKToKICAgIGxvZ2dlci5pbmZvKCJBY2Nlc3NlZCBob21lIHBhZ2UiKQogICAgcmV0dXJuICIiIgogICAgPGgyPkVDMiAtPiBSRFMgTm90ZXMgQXBwPC9oMj4KICAgIDxwPlBPU1QgL2FkZD9ub3RlPWhlbGxvPC9wPgogICAgPHA+R0VUIC9saXN0PC9wPgogICAgPHA+R0VUIC9hcGkvbGlzdCAoSlNPTiB2ZXJzaW9uKTwvcD4KICAgICIiIgpAYXBwLnJvdXRlKCIvaW5pdCIpCmRlZiBpbml0X2RiKCk6CiAgICBsb2dnZXIuaW5mbygiSW5pdGlhbGl6aW5nIGRhdGFiYXNlIikKICAgIGMgPSBnZXRfZGJfY3JlZHMoKQogICAgaG9zdCA9IGNbImhvc3QiXQogICAgdXNlciA9IGNbInVzZXJuYW1lIl0KICAgIHBhc3N3b3JkID0gY1sicGFzc3dvcmQiXQogICAgcG9ydCA9IGludChjLmdldCgicG9ydCIsIDMzMDYpKQogICAgdHJ5OgogICAgICAgIGNvbm4gPSBweW15c3FsLmNvbm5lY3QoaG9zdD1ob3N0LCB1c2VyPXVzZXIsIHBhc3N3b3JkPXBhc3N3b3JkLCBwb3J0PXBvcnQsIGF1dG9jb21taXQ9VHJ1ZSkKICAgICAgICBjdXIgPSBjb25uLmN1cnNvcigpCiAgICAgICAgY3VyLmV4ZWN1dGUoIkNSRUFURSBEQVRBQkFTRSBJRiBOT1QgRVhJU1RTIGxhYmRiOyIpCiAgICAgICAgY3VyLmV4ZWN1dGUoIlVTRSBsYWJkYjsiKQogICAgICAgIGN1ci5leGVjdXRlKCIiIgogICAgICAgICAgICBDUkVBVEUgVEFCTEUgSUYgTk9UIEVYSVNUUyBub3RlcyAoCiAgICAgICAgICAgICAgICBpZCBJTlQgQVVUT19JTkNSRU1FTlQgUFJJTUFSWSBLRVksCiAgICAgICAgICAgICAgICBub3RlIFZBUkNIQVIoMjU1KSBOT1QgTlVMTAogICAgICAgICAgICApOwogICAgICAgICIiIikKICAgICAgICBjdXIuY2xvc2UoKQogICAgICAgIGNvbm4uY2xvc2UoKQogICAgICAgIGxvZ2dlci5pbmZvKCJEYXRhYmFzZSBhbmQgdGFibGUgaW5pdGlhbGl6ZWQgc3VjY2Vzc2Z1bGx5IikKICAgICAgICByZXR1cm4gIkluaXRpYWxpemVkIGxhYmRiICsgbm90ZXMgdGFibGUuIgogICAgZXhjZXB0IEV4Y2VwdGlvbiBhcyBlOgogICAgICAgIGxvZ2dlci5lcnJvcihmIkRCIGluaXQgZmFpbGVkOiB7c3RyKGUpfSIpCiAgICAgICAgcmV0dXJuIGYiSW5pdGlhbGl6YXRpb24gZmFpbGVkOiB7c3RyKGUpfSIsIDUwMApAYXBwLnJvdXRlKCIvYWRkIiwgbWV0aG9kcz1bIlBPU1QiLCAiR0VUIl0pCmRlZiBhZGRfbm90ZSgpOgogICAgbm90ZSA9IHJlcXVlc3QuYXJncy5nZXQoIm5vdGUiLCAiIikuc3RyaXAoKQogICAgaWYgbm90IG5vdGU6CiAgICAgICAgbG9nZ2VyLndhcm5pbmcoIkFkZCBub3RlIHJlcXVlc3RlZCB3aXRob3V0ICdub3RlJyBwYXJhbWV0ZXIiKQogICAgICAgIHJldHVybiAiTWlzc2luZyBub3RlIHBhcmFtLiBUcnk6IC9hZGQ/bm90ZT1oZWxsbyIsIDQwMAogICAgdHJ5OgogICAgICAgIGNvbm4gPSBnZXRfY29ubigpCiAgICAgICAgY3VyID0gY29ubi5jdXJzb3IoKQogICAgICAgIGN1ci5leGVjdXRlKCJJTlNFUlQgSU5UTyBub3Rlcyhub3RlKSBWQUxVRVMoJXMpOyIsIChub3RlLCkpCiAgICAgICAgY3VyLmNsb3NlKCkKICAgICAgICBjb25uLmNsb3NlKCkKICAgICAgICBsb2dnZXIuaW5mbyhmIkluc2VydGVkIG5vdGU6IHtub3RlfSIpCiAgICAgICAgcmV0dXJuIGYiSW5zZXJ0ZWQgbm90ZToge25vdGV9IgogICAgZXhjZXB0IEV4Y2VwdGlvbiBhcyBlOgogICAgICAgIGxvZ2dlci5lcnJvcihmIkFkZCBub3RlIGZhaWxlZDoge3N0cihlKX0iKQogICAgICAgIHJldHVybiBmIkluc2VydCBmYWlsZWQ6IHtzdHIoZSl9IiwgNTAwCkBhcHAucm91dGUoIi9saXN0IikKZGVmIGxpc3Rfbm90ZXMoKToKICAgIGxvZ2dlci5pbmZvKCJMaXN0aW5nIG5vdGVzIikKICAgIHRyeToKICAgICAgICBjb25uID0gZ2V0X2Nvbm4oKQogICAgICAgIGN1ciA9IGNvbm4uY3Vyc29yKCkKICAgICAgICBjdXIuZXhlY3V0ZSgiU0VMRUNUIGlkLCBub3RlIEZST00gbm90ZXMgT1JERVIgQlkgaWQgREVTQzsiKQogICAgICAgIHJvd3MgPSBjdXIuZmV0Y2hhbGwoKQogICAgICAgIGN1ci5jbG9zZSgpCiAgICAgICAgY29ubi5jbG9zZSgpCiAgICAgICAgb3V0ID0gIjxoMz5Ob3RlczwvaDM+PHVsPiIKICAgICAgICBmb3IgciBpbiByb3dzOgogICAgICAgICAgICBvdXQgKz0gZiI8bGk+e3JbMF19OiB7clsxXX08L2xpPiIKICAgICAgICBvdXQgKz0gIjwvdWw+IgogICAgICAgIGlmIG5vdCByb3dzOgogICAgICAgICAgICBvdXQgPSAiTm8gbm90ZXMgeWV0LiIKICAgICAgICAgICAgbG9nZ2VyLmluZm8oIk5vIG5vdGVzIGZvdW5kIikKICAgICAgICBlbHNlOgogICAgICAgICAgICBsb2dnZXIuaW5mbyhmIlJldHJpZXZlZCB7bGVuKHJvd3MpfSBub3RlcyIpCiAgICAgICAgcmV0dXJuIG91dAogICAgZXhjZXB0IEV4Y2VwdGlvbiBhcyBlOgogICAgICAgIGxvZ2dlci5lcnJvcihmIkxpc3Qgbm90ZXMgZmFpbGVkOiB7c3RyKGUpfSIpCiAgICAgICAgcmV0dXJuIGYiQ2Fubm90IGxpc3Qgbm90ZXM6IHtzdHIoZSl9IiwgNTAwCiMgTmV3IEpTT04gQVBJIGVuZHBvaW50IGZvciAvYXBpL2xpc3QKQGFwcC5yb3V0ZSgiL2FwaS9saXN0IikKZGVmIGFwaV9saXN0KCk6CiAgICBsb2dnZXIuaW5mbygiQVBJIC9hcGkvbGlzdCBhY2Nlc3NlZCIpCiAgICB0cnk6CiAgICAgICAgY29ubiA9IGdldF9jb25uKCkKICAgICAgICBjdXIgPSBjb25uLmN1cnNvcigpCiAgICAgICAgY3VyLmV4ZWN1dGUoIlNFTEVDVCBpZCwgbm90ZSBGUk9NIG5vdGVzIE9SREVSIEJZIGlkIERFU0M7IikKICAgICAgICByb3dzID0gY3VyLmZldGNoYWxsKCkKICAgICAgICBjdXIuY2xvc2UoKQogICAgICAgIGNvbm4uY2xvc2UoKQogICAgICAgIHJldHVybiBqc29uaWZ5KFt7ImlkIjogclswXSwgIm5vdGUiOiByWzFdfSBmb3IgciBpbiByb3dzXSkKICAgIGV4Y2VwdCBFeGNlcHRpb24gYXMgZToKICAgICAgICBsb2dnZXIuZXJyb3IoZiJBUEkgbGlzdCBmYWlsZWQ6IHtzdHIoZSl9IikKICAgICAgICByZXR1cm4ganNvbmlmeSh7ImVycm9yIjogc3RyKGUpfSksIDUwMApAYXBwLnJvdXRlKCcvYXBpL3B1YmxpYy1mZWVkJykKZGVmIHB1YmxpY19mZWVkKCk6CiAgICBub3cgPSBkYXRldGltZS5kYXRldGltZS51dGNub3coKS5pc29mb3JtYXQoKSArICdaJwogICAgbWludXRlID0gZGF0ZXRpbWUuZGF0ZXRpbWUudXRjbm93KCkubWludXRlCiAgICBtZXNzYWdlID0gZiJNZXNzYWdlIG9mIHRoZSBtaW51dGU6IHttaW51dGU6MDJkfSAtIEZyZXNoIGZyb20gb3JpZ2luIGF0IHJlcXVlc3QgdGltZSEiCiAgICBkYXRhID0gewogICAgICAgICJzZXJ2ZXJfdGltZV91dGMiOiBub3csCiAgICAgICAgIm1lc3NhZ2Vfb2ZfdGhlX21pbnV0ZSI6IG1lc3NhZ2UsCiAgICAgICAgIm5vdGUiOiAiVGhpcyBzaG91bGQgYmUgY2FjaGVkIGJ5IENsb3VkRnJvbnQgZm9yIDMwIHNlY29uZHMgKHMtbWF4YWdlPTMwKSIKICAgIH0KICAgIHJlc3BvbnNlID0ganNvbmlmeShkYXRhKQogICAgcmVzcG9uc2UuaGVhZGVyc1snQ2FjaGUtQ29udHJvbCddID0gJ3B1YmxpYywgcy1tYXhhZ2U9MzAsIG1heC1hZ2U9MCcKICAgIGxvZ2dlci5pbmZvKGYiUHVibGljIGZlZWQgc2VydmVkOiB7bm93fSIpCiAgICByZXR1cm4gcmVzcG9uc2UKQGFwcC5yb3V0ZSgnL2FwaS9wcml2YXRlLWZlZWQnKQpkZWYgcHJpdmF0ZV9mZWVkKCk6CiAgICBub3cgPSBkYXRldGltZS5kYXRldGltZS51dGNub3coKS5pc29mb3JtYXQoKSArICdaJwogICAgZGF0YSA9IHsKICAgICAgICAic2VydmVyX3RpbWVfdXRjIjogbm93LAogICAgICAgICJtZXNzYWdlIjogIkFsd2F5cyBmcmVzaCAtIG5ldmVyIGNhY2hlZCIKICAgIH0KICAgIHJlc3BvbnNlID0ganNvbmlmeShkYXRhKQogICAgbG9nZ2VyLmluZm8oZiJQcml2YXRlIGZlZWQgc2VydmVkOiB7bm93fSIpCiAgICByZXR1cm4gcmVzcG9uc2UKIyBEZWZpbmUgcHJpdmF0ZSBwYXRocyB0aGF0IHNob3VsZCBORVZFUiBiZSBjYWNoZWQKUFJJVkFURV9QQVRIUyA9IHsKICAgICcvYXBpL2xpc3QnLAogICAgJy9saXN0JywKICAgICcvYWRkJywKICAgICcvYXBpL3ByaXZhdGUtZmVlZCcsCn0KQGFwcC5hZnRlcl9yZXF1ZXN0CmRlZiBhZGRfbm9fY2FjaGVfaGVhZGVycyhyZXNwb25zZSk6CiAgICBpZiByZXF1ZXN0LnBhdGggaW4gUFJJVkFURV9QQVRIUzoKICAgICAgICByZXNwb25zZS5oZWFkZXJzWydDYWNoZS1Db250cm9sJ10gPSAncHJpdmF0ZSwgbm8tc3RvcmUnCiAgICAgICAgcmVzcG9uc2UuaGVhZGVyc1snUHJhZ21hJ10gPSAnbm8tY2FjaGUnCiAgICAgICAgcmVzcG9uc2UuaGVhZGVyc1snRXhwaXJlcyddID0gJzAnCiAgICByZXR1cm4gcmVzcG9uc2UKaWYgX19uYW1lX18gPT0gIl9fbWFpbl9fIjoKICAgIGxvZ2dlci5pbmZvKCJTdGFydGluZyBGbGFzayBhcHAiKQogICAgYXBwLnJ1bihob3N0PSIwLjAuMC4wIiwgcG9ydD04MCkKUFkKY2F0ID4vZXRjL3N5c3RlbWQvc3lzdGVtL3Jkc2FwcC5zZXJ2aWNlIDw8J1NFUlZJQ0UnCltVbml0XQpEZXNjcmlwdGlvbj1FQzIgdG8gUkRTIE5vdGVzIEFwcApBZnRlcj1uZXR3b3JrLnRhcmdldApbU2VydmljZV0KV29ya2luZ0RpcmVjdG9yeT0vb3B0L3Jkc2FwcApFbnZpcm9ubWVudD1TRUNSRVRfSUQ9amFwYW4vcmRzL215c3FsCkV4ZWNTdGFydD0vdXNyL2Jpbi9weXRob24zIC9vcHQvcmRzYXBwL2FwcC5weQpSZXN0YXJ0PWFsd2F5cwpbSW5zdGFsbF0KV2FudGVkQnk9bXVsdGktdXNlci50YXJnZXQKU0VSVklDRQpzeXN0ZW1jdGwgZGFlbW9uLXJlbG9hZApzeXN0ZW1jdGwgZW5hYmxlIHJkc2FwcApzeXN0ZW1jdGwgc3RhcnQgcmRzYXBwCj09PSBBREQgQ0xPVURXQVRDSCBBR0VOVCBCRUxPVyBUSElTIExJTkUgPT09CiMgSW5zdGFsbCB1bmlmaWVkIENsb3VkV2F0Y2ggQWdlbnQKd2dldCBodHRwczovL3MzLmFtYXpvbmF3cy5jb20vYW1hem9uY2xvdWR3YXRjaC1hZ2VudC11cy1lYXN0LTEvYW1hem9uX2xpbnV4L2FtZDY0L2xhdGVzdC9hbWF6b24tY2xvdWR3YXRjaC1hZ2VudC5ycG0KcnBtIC1VIC4vYW1hem9uLWNsb3Vkd2F0Y2gtYWdlbnQucnBtCiMgQ3JlYXRlIGNvbmZpZyBkaXJlY3RvcnkgaWYgbmVlZGVkCm1rZGlyIC1wIC9vcHQvYXdzL2FtYXpvbi1jbG91ZHdhdGNoLWFnZW50L2JpbgpjYXQgPi9vcHQvYXdzL2FtYXpvbi1jbG91ZHdhdGNoLWFnZW50L2Jpbi9jb25maWcuanNvbiA8PCdFT0YnCnsKICAiYWdlbnQiOiB7CiAgICAicnVuX2FzX3VzZXIiOiAiY3dhZ2VudCIKICB9LAogICJsb2dzIjogewogICAgImxvZ3NfY29sbGVjdGVkIjogewogICAgICAiZmlsZXMiOiB7CiAgICAgICAgImNvbGxlY3RfbGlzdCI6IFsKICAgICAgICAgIHsKICAgICAgICAgICAgImZpbGVfcGF0aCI6ICIvb3B0L3Jkc2FwcC8qLmxvZyIsCiAgICAgICAgICAgICJsb2dfZ3JvdXBfbmFtZSI6ICIvYXdzL2VjMi9qYXBhbi1yZHMtYXBwIiwKICAgICAgICAgICAgImxvZ19zdHJlYW1fbmFtZSI6ICJ7aW5zdGFuY2VfaWR9IgogICAgICAgICAgfQogICAgICAgIF0KICAgICAgfQogICAgfQogIH0KfQpFT0YKIyBTdGFydCB0aGUgYWdlbnQKL29wdC9hd3MvYW1hem9uLWNsb3Vkd2F0Y2gtYWdlbnQvYmluL2FtYXpvbi1jbG91ZHdhdGNoLWFnZW50LWN0bCBcCi1hIGZldGNoLWNvbmZpZyAtbSBlYzIgXAotYyBmaWxlOi9vcHQvYXdzL2FtYXpvbi1jbG91ZHdhdGNoLWFnZW50L2Jpbi9jb25maWcuanNvbiAtcwojIFRlc3QgbG9nCmxvZ2dlciAiUkRTIEFwcCBhbmQgQ2xvdWRXYXRjaCBBZ2VudCBzdGFydGVkIHN1Y2Nlc3NmdWxseSAkKGRhdGUpIg==",
            "vpc_security_group_ids": [
              "sg-098606ea2f4ffa13e"
            ]
          },
          "sensitive_attributes": [],
          "identity_schema_version": 0,
          "private": "eyJzY2hlbWFfdmVyc2lvbiI6IjEifQ==",
          "dependencies": [
            "aws_security_group.edo_ec2_sg01",
            "aws_vpc.edo_vpc01"
          ],
          "create_before_destroy": true
        }
      ]
    },
    {
      "mode": "managed",
      "type": "aws_lb_target_group",
      "name": "edo_tg01",
      "provider": "provider[\"registry.terraform.io/hashicorp/aws\"]",
      "instances": [
        {
          "schema_version": 0,
          "attributes": {
            "arn": "arn:aws:elasticloadbalancing:ap-northeast-1:891377135193:targetgroup/edo-tg01/05f60201a2cc9fc2",
            "arn_suffix": "targetgroup/edo-tg01/05f60201a2cc9fc2",
            "connection_termination": null,
            "deregistration_delay": "300",
            "health_check": [
              {
                "enabled": true,
                "healthy_threshold": 2,
                "interval": 30,
                "matcher": "200-399",
                "path": "/health",
                "port": "traffic-port",
                "protocol": "HTTP",
                "timeout": 5,
                "unhealthy_threshold": 2
              }
            ],
            "id": "arn:aws:elasticloadbalancing:ap-northeast-1:891377135193:targetgroup/edo-tg01/05f60201a2cc9fc2",
            "ip_address_type": "ipv4",
            "lambda_multi_value_headers_enabled": false,
            "load_balancer_arns": [],
            "load_balancing_algorithm_type": "round_robin",
            "load_balancing_anomaly_mitigation": "off",
            "load_balancing_cross_zone_enabled": "use_load_balancer_configuration",
            "name": "edo-tg01",
            "name_prefix": "",
            "port": 80,
            "preserve_client_ip": null,
            "protocol": "HTTP",
            "protocol_version": "HTTP1",
            "proxy_protocol_v2": false,
            "region": "ap-northeast-1",
            "slow_start": 0,
            "stickiness": [
              {
                "cookie_duration": 86400,
                "cookie_name": "",
                "enabled": false,
                "type": "lb_cookie"
              }
            ],
            "tags": {
              "Name": "edo-tg01"
            },
            "tags_all": {
              "Name": "edo-tg01"
            },
            "target_control_port": 0,
            "target_failover": [
              {
                "on_deregistration": null,
                "on_unhealthy": null
              }
            ],
            "target_group_health": [
              {
                "dns_failover": [
                  {
                    "minimum_healthy_targets_count": "1",
                    "minimum_healthy_targets_percentage": "off"
                  }
                ],
                "unhealthy_state_routing": [
                  {
                    "minimum_healthy_targets_count": 1,
                    "minimum_healthy_targets_percentage": "off"
                  }
                ]
              }
            ],
            "target_health_state": [
              {
                "enable_unhealthy_connection_termination": null,
                "unhealthy_draining_interval": null
              }
            ],
            "target_type": "instance",
            "vpc_id": "vpc-001f81913f53f1175"
          },
          "sensitive_attributes": [],
          "identity_schema_version": 0,
          "identity": {
            "arn": "arn:aws:elasticloadbalancing:ap-northeast-1:891377135193:targetgroup/edo-tg01/05f60201a2cc9fc2"
          },
          "private": "bnVsbA==",
          "dependencies": [
            "aws_vpc.edo_vpc01"
          ]
        }
      ]
    },
    {
      "mode": "managed",
      "type": "aws_security_group",
      "name": "edo_ec2_sg01",
      "provider": "provider[\"registry.terraform.io/hashicorp/aws\"]",
      "instances": [
        {
          "schema_version": 1,
          "attributes": {
            "arn": "arn:aws:ec2:ap-northeast-1:891377135193:security-group/sg-098606ea2f4ffa13e",
            "description": "EC2 app security group",
            "egress": [
              {
                "cidr_blocks": [
                  "0.0.0.0/0"
                ],
                "description": "",
                "from_port": 0,
                "ipv6_cidr_blocks": [],
                "prefix_list_ids": [],
                "protocol": "-1",
                "security_groups": [],
                "self": false,
                "to_port": 0
              }
            ],
            "id": "sg-098606ea2f4ffa13e",
            "ingress": [
              {
                "cidr_blocks": [],
                "description": "",
                "from_port": 80,
                "ipv6_cidr_blocks": [],
                "prefix_list_ids": [],
                "protocol": "tcp",
                "security_groups": [
                  "sg-09b185193fa58a716"
                ],
                "self": false,
                "to_port": 80
              }
            ],
            "name": "edo-ec2-sg01",
            "name_prefix": "",
            "owner_id": "891377135193",
            "region": "ap-northeast-1",
            "revoke_rules_on_delete": false,
            "tags": {
              "Name": "edo-ec2-sg01"
            },
            "tags_all": {
              "Name": "edo-ec2-sg01"
            },
            "timeouts": null,
            "vpc_id": "vpc-001f81913f53f1175"
          },
          "sensitive_attributes": [],
          "identity_schema_version": 0,
          "identity": {
            "account_id": "891377135193",
            "id": "sg-098606ea2f4ffa13e",
            "region": "ap-northeast-1"
          },
          "private": "eyJlMmJmYjczMC1lY2FhLTExZTYtOGY4OC0zNDM2M2JjN2M0YzAiOnsiY3JlYXRlIjo2MDAwMDAwMDAwMDAsImRlbGV0ZSI6OTAwMDAwMDAwMDAwfSwic2NoZW1hX3ZlcnNpb24iOiIxIn0=",
          "dependencies": [
            "aws_vpc.edo_vpc01"
          ],
          "create_before_destroy": true
        }
      ]
    },
    {
      "mode": "managed",
      "type": "aws_subnet",
      "name": "edo_private_subnets",
      "provider": "provider[\"registry.terraform.io/hashicorp/aws\"]",
      "instances": [
        {
          "index_key": 0,
          "schema_version": 1,
          "attributes": {
            "arn": "arn:aws:ec2:ap-northeast-1:891377135193:subnet/subnet-0cfdc7c71090c244d",
            "assign_ipv6_address_on_creation": false,
            "availability_zone": "ap-northeast-1a",
            "availability_zone_id": "apne1-az4",
            "cidr_block": "10.81.101.0/24",
            "customer_owned_ipv4_pool": "",
            "enable_dns64": false,
            "enable_lni_at_device_index": 0,
            "enable_resource_name_dns_a_record_on_launch": false,
            "enable_resource_name_dns_aaaa_record_on_launch": false,
            "id": "subnet-0cfdc7c71090c244d",
            "ipv6_cidr_block": "",
            "ipv6_cidr_block_association_id": "",
            "ipv6_native": false,
            "map_customer_owned_ip_on_launch": false,
            "map_public_ip_on_launch": false,
            "outpost_arn": "",
            "owner_id": "891377135193",
            "private_dns_hostname_type_on_launch": "ip-name",
            "region": "ap-northeast-1",
            "tags": {
              "Name": "edo-private-subnet01"
            },
            "tags_all": {
              "Name": "edo-private-subnet01"
            },
            "timeouts": null,
            "vpc_id": "vpc-001f81913f53f1175"
          },
          "sensitive_attributes": [],
          "identity_schema_version": 0,
          "identity": {
            "account_id": "891377135193",
            "id": "subnet-0cfdc7c71090c244d",
            "region": "ap-northeast-1"
          },
          "private": "eyJlMmJmYjczMC1lY2FhLTExZTYtOGY4OC0zNDM2M2JjN2M0YzAiOnsiY3JlYXRlIjo2MDAwMDAwMDAwMDAsImRlbGV0ZSI6MTIwMDAwMDAwMDAwMH0sInNjaGVtYV92ZXJzaW9uIjoiMSJ9",
          "dependencies": [
            "aws_vpc.edo_vpc01"
          ]
        },
        {
          "index_key": 1,
          "schema_version": 1,
          "attributes": {
            "arn": "arn:aws:ec2:ap-northeast-1:891377135193:subnet/subnet-08168d025c22213f5",
            "assign_ipv6_address_on_creation": false,
            "availability_zone": "ap-northeast-1c",
            "availability_zone_id": "apne1-az1",
            "cidr_block": "10.81.102.0/24",
            "customer_owned_ipv4_pool": "",
            "enable_dns64": false,
            "enable_lni_at_device_index": 0,
            "enable_resource_name_dns_a_record_on_launch": false,
            "enable_resource_name_dns_aaaa_record_on_launch": false,
            "id": "subnet-08168d025c22213f5",
            "ipv6_cidr_block": "",
            "ipv6_cidr_block_association_id": "",
            "ipv6_native": false,
            "map_customer_owned_ip_on_launch": false,
            "map_public_ip_on_launch": false,
            "outpost_arn": "",
            "owner_id": "891377135193",
            "private_dns_hostname_type_on_launch": "ip-name",
            "region": "ap-northeast-1",
            "tags": {
              "Name": "edo-private-subnet02"
            },
            "tags_all": {
              "Name": "edo-private-subnet02"
            },
            "timeouts": null,
            "vpc_id": "vpc-001f81913f53f1175"
          },
          "sensitive_attributes": [],
          "identity_schema_version": 0,
          "identity": {
            "account_id": "891377135193",
            "id": "subnet-08168d025c22213f5",
            "region": "ap-northeast-1"
          },
          "private": "eyJlMmJmYjczMC1lY2FhLTExZTYtOGY4OC0zNDM2M2JjN2M0YzAiOnsiY3JlYXRlIjo2MDAwMDAwMDAwMDAsImRlbGV0ZSI6MTIwMDAwMDAwMDAwMH0sInNjaGVtYV92ZXJzaW9uIjoiMSJ9",
          "dependencies": [
            "aws_vpc.edo_vpc01"
          ]
        },
        {
          "index_key": 2,
          "schema_version": 1,
          "attributes": {
            "arn": "arn:aws:ec2:ap-northeast-1:891377135193:subnet/subnet-08141a3c624b3dbea",
            "assign_ipv6_address_on_creation": false,
            "availability_zone": "ap-northeast-1d",
            "availability_zone_id": "apne1-az2",
            "cidr_block": "10.81.103.0/24",
            "customer_owned_ipv4_pool": "",
            "enable_dns64": false,
            "enable_lni_at_device_index": 0,
            "enable_resource_name_dns_a_record_on_launch": false,
            "enable_resource_name_dns_aaaa_record_on_launch": false,
            "id": "subnet-08141a3c624b3dbea",
            "ipv6_cidr_block": "",
            "ipv6_cidr_block_association_id": "",
            "ipv6_native": false,
            "map_customer_owned_ip_on_launch": false,
            "map_public_ip_on_launch": false,
            "outpost_arn": "",
            "owner_id": "891377135193",
            "private_dns_hostname_type_on_launch": "ip-name",
            "region": "ap-northeast-1",
            "tags": {
              "Name": "edo-private-subnet03"
            },
            "tags_all": {
              "Name": "edo-private-subnet03"
            },
            "timeouts": null,
            "vpc_id": "vpc-001f81913f53f1175"
          },
          "sensitive_attributes": [],
          "identity_schema_version": 0,
          "identity": {
            "account_id": "891377135193",
            "id": "subnet-08141a3c624b3dbea",
            "region": "ap-northeast-1"
          },
          "private": "eyJlMmJmYjczMC1lY2FhLTExZTYtOGY4OC0zNDM2M2JjN2M0YzAiOnsiY3JlYXRlIjo2MDAwMDAwMDAwMDAsImRlbGV0ZSI6MTIwMDAwMDAwMDAwMH0sInNjaGVtYV92ZXJzaW9uIjoiMSJ9",
          "dependencies": [
            "aws_vpc.edo_vpc01"
          ]
        }
      ]
    },
    {
      "mode": "managed",
      "type": "aws_vpc",
      "name": "edo_vpc01",
      "provider": "provider[\"registry.terraform.io/hashicorp/aws\"]",
      "instances": [
        {
          "schema_version": 1,
          "attributes": {
            "arn": "arn:aws:ec2:ap-northeast-1:891377135193:vpc/vpc-001f81913f53f1175",
            "assign_generated_ipv6_cidr_block": false,
            "cidr_block": "10.81.0.0/16",
            "default_network_acl_id": "acl-0010e997bcd836e9c",
            "default_route_table_id": "rtb-08667dcf2954a597f",
            "default_security_group_id": "sg-051eced64cbe9f476",
            "dhcp_options_id": "dopt-06001cad9a135c512",
            "enable_dns_hostnames": true,
            "enable_dns_support": true,
            "enable_network_address_usage_metrics": false,
            "id": "vpc-001f81913f53f1175",
            "instance_tenancy": "default",
            "ipv4_ipam_pool_id": null,
            "ipv4_netmask_length": null,
            "ipv6_association_id": "",
            "ipv6_cidr_block": "",
            "ipv6_cidr_block_network_border_group": "",
            "ipv6_ipam_pool_id": "",
            "ipv6_netmask_length": 0,
            "main_route_table_id": "rtb-08667dcf2954a597f",
            "owner_id": "891377135193",
            "region": "ap-northeast-1",
            "tags": {
              "Name": "edo-vpc01"
            },
            "tags_all": {
              "Name": "edo-vpc01"
            }
          },
          "sensitive_attributes": [],
          "identity_schema_version": 0,
          "identity": {
            "account_id": "891377135193",
            "id": "vpc-001f81913f53f1175",
            "region": "ap-northeast-1"
          },
          "private": "eyJzY2hlbWFfdmVyc2lvbiI6IjEifQ==",
          "create_before_destroy": true
        }
      ]
    }
  ],
  "check_results": [
    {
      "object_kind": "var",
      "config_addr": "var.waf_log_destination",
      "status": "unknown",
      "objects": null
    },
    {
      "object_kind": "var",
      "config_addr": "var.route53_hosted_zone_id",
      "status": "unknown",
      "objects": null
    },
    {
      "object_kind": "var",
      "config_addr": "var.alb_access_logs_prefix",
      "status": "unknown",
      "objects": null
    }
  ]
}
